
Microsoft Visual Studio Solution File, Format Version 12.00
# Visual Studio 14
VisualStudioVersion = 14.0.25420.1
MinimumVisualStudioVersion = 10.0.40219.1
Project("{2150E333-8FDC-42A3-9474-1A3956D46DE8}") = ".nuget", ".nuget", "{D95F6CB4-0027-4889-BD00-B0AE971F2DF0}"
	ProjectSection(SolutionItems) = preProject
		.nuget\NuGet.Config = .nuget\NuGet.Config
		.nuget\NuGet.exe = .nuget\NuGet.exe
		.nuget\NuGet.targets = .nuget\NuGet.targets
	EndProjectSection
EndProject
Project("{2150E333-8FDC-42A3-9474-1A3956D46DE8}") = "Framework", "Framework", "{4A3572ED-6BC7-4283-BDB5-0CDFC8BA1DA2}"
EndProject
Project("{2150E333-8FDC-42A3-9474-1A3956D46DE8}") = "Doc", "Doc", "{B530E4C9-AAE2-4CD7-9B6F-758FF210DADF}"
	ProjectSection(SolutionItems) = preProject
		..\..\documentacion base de projectos\08 Customize the Code Analysis Dictionary .txt = ..\..\documentacion base de projectos\08 Customize the Code Analysis Dictionary .txt
		..\03-GeneratedProjects\Atento.Suite.Shared.Application.WcfService\GlobalSuppressions.cs = ..\03-GeneratedProjects\Atento.Suite.Shared.Application.WcfService\GlobalSuppressions.cs
	EndProjectSection
EndProject
Project("{2150E333-8FDC-42A3-9474-1A3956D46DE8}") = "05. Testing", "05. Testing", "{8B442E2A-A04D-4F30-9DB9-BEEA855C8BAD}"
EndProject
Project("{2150E333-8FDC-42A3-9474-1A3956D46DE8}") = "01. FrontEnd", "01. FrontEnd", "{CC135585-A8F5-45EB-A180-8D510921542A}"
EndProject
Project("{2150E333-8FDC-42A3-9474-1A3956D46DE8}") = "WPF", "WPF", "{10F01D46-6598-48A1-9C3D-5DB36436B047}"
EndProject
Project("{2150E333-8FDC-42A3-9474-1A3956D46DE8}") = "01. Security", "01. Security", "{75F1104B-6A07-4C65-B605-DA361E0409E1}"
EndProject
Project("{2150E333-8FDC-42A3-9474-1A3956D46DE8}") = "03. Domain", "03. Domain", "{25EAD5F5-4710-4E1F-B9C4-31A78DCA445A}"
EndProject
Project("{2150E333-8FDC-42A3-9474-1A3956D46DE8}") = "02. Application", "02. Application", "{72883EE2-E1E2-4945-A093-20F23366CA2B}"
EndProject
Project("{2150E333-8FDC-42A3-9474-1A3956D46DE8}") = "Vertical Layers", "Vertical Layers", "{580FE726-B445-4C10-B515-1E5895D245CE}"
EndProject
Project("{2150E333-8FDC-42A3-9474-1A3956D46DE8}") = "04. Infrastructure", "04. Infrastructure", "{604EAF0F-A7A8-4108-92E7-A005A76F2D32}"
EndProject
Project("{2150E333-8FDC-42A3-9474-1A3956D46DE8}") = "ModelDriver", "ModelDriver", "{53C6755D-B20E-4604-B425-543E48352DC6}"
EndProject
Project("{2150E333-8FDC-42A3-9474-1A3956D46DE8}") = "Solution Items", "Solution Items", "{B9ECD59B-2EDE-4259-9582-39E403FED02F}"
	ProjectSection(SolutionItems) = preProject
		Atento.vsmdi = Atento.vsmdi
		CustomDictionary.xml = CustomDictionary.xml
		Local.testsettings = Local.testsettings
		TraceAndTestImpact.testsettings = TraceAndTestImpact.testsettings
	EndProjectSection
EndProject
Project("{FAE04EC0-301F-11D3-BF4B-00C04F79EFBC}") = "Inflexion2", "..\01-Projects\Inflexion2\Inflexion2.csproj", "{BF5456D4-B276-459B-98D4-853FCEF99ADE}"
EndProject
Project("{FAE04EC0-301F-11D3-BF4B-00C04F79EFBC}") = "Inflexion2.EF", "..\01-Projects\Inflexion2.EF\Inflexion2.EF.csproj", "{0FB2C801-BD90-400A-8D2B-817481985499}"
EndProject
Project("{FAE04EC0-301F-11D3-BF4B-00C04F79EFBC}") = "Inflexion2.NHibernate", "..\01-Projects\Inflexion2.NHibernate\Inflexion2.NHibernate.csproj", "{C9564FD7-8C03-4EEE-9C0C-1D57CC059324}"
EndProject
Project("{FAE04EC0-301F-11D3-BF4B-00C04F79EFBC}") = "Inflexion2.Application", "..\01-Projects\Inflexion2.Application\Inflexion2.Application.csproj", "{35331B03-1EF9-488C-964C-42DE594C98F1}"
EndProject
Project("{FAE04EC0-301F-11D3-BF4B-00C04F79EFBC}") = "Inflexion2.UX.WPF.Controls", "..\01-Projects\UX\WPF\Inflexion2.UX.WPF.Controls\Inflexion2.UX.WPF.Controls.csproj", "{08BF5909-E6ED-4CCC-8CC5-9D07CBFCB39E}"
EndProject
Project("{FAE04EC0-301F-11D3-BF4B-00C04F79EFBC}") = "Inflexion2.UX.WPF", "..\01-Projects\UX\WPF\Inflexion2.UX.WPF\Inflexion2.UX.WPF.csproj", "{C55CA135-8975-49C6-A554-11E45164EB70}"
EndProject
Project("{FAE04EC0-301F-11D3-BF4B-00C04F79EFBC}") = "Inflexion2.Framework.Testing", "..\03-Testing\Inflexion2.Framework.Testing\Inflexion2.Framework.Testing.csproj", "{B070D29E-7A42-497E-B448-A17C6573D65D}"
EndProject
Project("{FAE04EC0-301F-11D3-BF4B-00C04F79EFBC}") = "Inflexion2.Resources", "..\01-Projects\Inflexion2.Resources\Inflexion2.Resources.csproj", "{E5F79D13-0E92-4E5C-9251-6922741AFCAA}"
EndProject
Project("{FAE04EC0-301F-11D3-BF4B-00C04F79EFBC}") = "Inflexion2.Log4Net", "..\01-Projects\Inflexion2.Log4Net\Inflexion2.Log4Net.csproj", "{C58504EA-199D-4939-B958-99337E32CE72}"
EndProject
Project("{FAE04EC0-301F-11D3-BF4B-00C04F79EFBC}") = "ModelDriver", "..\04-T4\ModelDriver\ModelDriver.csproj", "{03AB55C4-5F34-4DD3-86C9-24DCA4A4E6E3}"
EndProject
Project("{2150E333-8FDC-42A3-9474-1A3956D46DE8}") = "Model", "Model", "{41619530-E4C3-46E8-9D44-FE62D53F6703}"
EndProject
Project("{2150E333-8FDC-42A3-9474-1A3956D46DE8}") = "Shared", "Shared", "{9914112C-2430-4C94-B91C-B868CEF731AA}"
EndProject
Project("{2150E333-8FDC-42A3-9474-1A3956D46DE8}") = "03. Domain", "03. Domain", "{247A0316-E72F-448F-A36E-4EC2D31318EF}"
EndProject
Project("{FAE04EC0-301F-11D3-BF4B-00C04F79EFBC}") = "Atento.Suite.Shared.Domain.Data", "..\03-GeneratedProjects\Atento.Suite.Shared.Domain.Data\Atento.Suite.Shared.Domain.Data.csproj", "{C91889D8-2DA8-4999-AD91-9392F4912E90}"
EndProject
Project("{FAE04EC0-301F-11D3-BF4B-00C04F79EFBC}") = "Atento.Suite.Shared.Domain", "..\03-GeneratedProjects\Atento.Suite.Shared.Domain\Atento.Suite.Shared.Domain.csproj", "{CEF2C585-DAC4-4D06-AA96-5C0F00B716C0}"
EndProject
Project("{2150E333-8FDC-42A3-9474-1A3956D46DE8}") = "04. Infrastructure", "04. Infrastructure", "{00C2F810-4870-4B9F-A2C4-9DF357DF0AE3}"
EndProject
Project("{FAE04EC0-301F-11D3-BF4B-00C04F79EFBC}") = "Atento.Suite.Shared.Infrastructure.Resources", "..\03-GeneratedProjects\Atento.Suite.Shared.Infrastructure.Resources\Atento.Suite.Shared.Infrastructure.Resources.csproj", "{4EA35821-562B-41A1-ADA4-15B775FED797}"
EndProject
Project("{FAE04EC0-301F-11D3-BF4B-00C04F79EFBC}") = "Atento.Suite.Shared.Infrastructure", "..\03-GeneratedProjects\Atento.Suite.Shared.Infrastructure\Atento.Suite.Shared.Infrastructure.csproj", "{A6A6E08C-C7A9-4106-BB0C-5A23EB8C7DFF}"
EndProject
Project("{2150E333-8FDC-42A3-9474-1A3956D46DE8}") = "02. Application", "02. Application", "{E23CACA5-1A79-4055-94D0-AC6F462A64C2}"
EndProject
Project("{FAE04EC0-301F-11D3-BF4B-00C04F79EFBC}") = "Atento.Suite.Shared.Application.Dtos", "..\03-GeneratedProjects\Atento.Suite.Shared.Application.Dtos\Atento.Suite.Shared.Application.Dtos.csproj", "{ACD70170-6F69-4A61-B15B-DFFF8F6E2271}"
EndProject
Project("{FAE04EC0-301F-11D3-BF4B-00C04F79EFBC}") = "Atento.Suite.Shared.Application", "..\03-GeneratedProjects\Atento.Suite.Shared.Application\Atento.Suite.Shared.Application.csproj", "{27EB224E-6201-4424-B8BC-366C9EDE923D}"
EndProject
Project("{FAE04EC0-301F-11D3-BF4B-00C04F79EFBC}") = "Atento.Suite.Shared.Application.WcfService.Contracts", "..\03-GeneratedProjects\Atento.Suite.Shared.Application.WcfService.Contracts\Atento.Suite.Shared.Application.WcfService.Contracts.csproj", "{05EA8729-8233-48E5-BCA0-304723B752B1}"
EndProject
Project("{FAE04EC0-301F-11D3-BF4B-00C04F79EFBC}") = "Atento.Suite.Shared.Application.WcfClient", "..\03-GeneratedProjects\Atento.Suite.Shared.Application.WcfClient\Atento.Suite.Shared.Application.WcfClient.csproj", "{B4BD153D-442D-4527-A23F-0257A60291F8}"
	ProjectSection(ProjectDependencies) = postProject
		{4F0D2FE1-0EFC-476D-A12F-FD8856D98763} = {4F0D2FE1-0EFC-476D-A12F-FD8856D98763}
	EndProjectSection
EndProject
Project("{FAE04EC0-301F-11D3-BF4B-00C04F79EFBC}") = "Atento.Suite.Shared.Application.WcfService", "..\03-GeneratedProjects\Atento.Suite.Shared.Application.WcfService\Atento.Suite.Shared.Application.WcfService.csproj", "{4F0D2FE1-0EFC-476D-A12F-FD8856D98763}"
EndProject
Project("{2150E333-8FDC-42A3-9474-1A3956D46DE8}") = "01. FrontEnd", "01. FrontEnd", "{C991F06B-091A-4E52-A783-77039A7FF7E5}"
EndProject
Project("{2150E333-8FDC-42A3-9474-1A3956D46DE8}") = "Wpf", "Wpf", "{C2D3610C-2C88-48BD-9E95-A7DEB3F1F222}"
EndProject
Project("{FAE04EC0-301F-11D3-BF4B-00C04F79EFBC}") = "Atento.Suite.Shared.FrontEnd.WpfStartUp", "..\03-GeneratedProjects\Atento.Suite.Shared.FrontEnd.WpfStartUp\Atento.Suite.Shared.FrontEnd.WpfStartUp.csproj", "{65B6BDC1-6E5D-484C-A700-C5B5644AE92C}"
EndProject
Project("{FAE04EC0-301F-11D3-BF4B-00C04F79EFBC}") = "Atento.Suite.Shared.FrontEnd.WpfModule", "..\03-GeneratedProjects\Atento.Suite.Shared.FrontEnd.WpfModule\Atento.Suite.Shared.FrontEnd.WpfModule.csproj", "{6D0A45E3-FE30-49D6-BE2E-4305C32BBE1B}"
EndProject
Project("{2150E333-8FDC-42A3-9474-1A3956D46DE8}") = "05. Testing", "05. Testing", "{B7388921-5C36-4091-BE9D-044DCDD6F6D8}"
EndProject
Project("{FAE04EC0-301F-11D3-BF4B-00C04F79EFBC}") = "Atento.Suite.Shared.Test.DomainLayer", "..\03-GeneratedProjects\Atento.Suite.Shared.Test.DomainLayer\Atento.Suite.Shared.Test.DomainLayer.csproj", "{CE984B5C-A6B8-4DC7-A050-D4C423EB88A8}"
EndProject
Project("{FAE04EC0-301F-11D3-BF4B-00C04F79EFBC}") = "Atento.Suite.Shared.Test.InfrastructureLayer", "..\03-GeneratedProjects\Atento.Suite.Shared.Test.InfrastructureLayer\Atento.Suite.Shared.Test.InfrastructureLayer.csproj", "{BC098A51-8315-45DE-985C-D9A2A72FD463}"
EndProject
Project("{FAE04EC0-301F-11D3-BF4B-00C04F79EFBC}") = "Atento.Suite.Shared.Test.ApplicationLayer", "..\03-GeneratedProjects\Atento.Suite.Shared.Test.ApplicationLayer\Atento.Suite.Shared.Test.ApplicationLayer.csproj", "{CBEE175E-B689-487A-9904-8447648D3F6C}"
EndProject
Project("{FAE04EC0-301F-11D3-BF4B-00C04F79EFBC}") = "Atento.Suite.Shared.Test.UXwpfLayer", "..\03-GeneratedProjects\Atento.Suite.Shared.Test.UXwpfLayer\Atento.Suite.Shared.Test.UXwpfLayer.csproj", "{1E7AC577-7FBC-4DCF-848D-BCD748E67332}"
EndProject
Project("{FAE04EC0-301F-11D3-BF4B-00C04F79EFBC}") = "Inflexion2.UX.Assets", "..\00-Assets\Inflexion2.UX.Assets\Inflexion2.UX.Assets.csproj", "{9A7FB831-362E-43D7-AD82-306B0FE43409}"
EndProject
Project("{FAE04EC0-301F-11D3-BF4B-00C04F79EFBC}") = "Atento.Suite.Shared.FrontEnd.WpfResources", "..\03-GeneratedProjects\Atento.Suite.Shared.FrontEnd.WpfResources\Atento.Suite.Shared.FrontEnd.WpfResources.csproj", "{25D19627-0015-4453-A501-C75BA55746E7}"
EndProject
Project("{FAE04EC0-301F-11D3-BF4B-00C04F79EFBC}") = "Inflexion2.UX.WPF.Resources", "..\01-Projects\UX\WPF\Inflexion2.UX.WPF.Resources\Inflexion2.UX.WPF.Resources.csproj", "{0E57960A-9282-4DD6-8966-41DBCD45DD97}"
EndProject
Global
	GlobalSection(SolutionConfigurationPlatforms) = preSolution
		Debug|Any CPU = Debug|Any CPU
		Debug|Mixed Platforms = Debug|Mixed Platforms
		Debug|x86 = Debug|x86
		Pre|Any CPU = Pre|Any CPU
		Pre|Mixed Platforms = Pre|Mixed Platforms
		Pre|x86 = Pre|x86
		Release|Any CPU = Release|Any CPU
		Release|Mixed Platforms = Release|Mixed Platforms
		Release|x86 = Release|x86
	EndGlobalSection
	GlobalSection(ProjectConfigurationPlatforms) = postSolution
		{BF5456D4-B276-459B-98D4-853FCEF99ADE}.Debug|Any CPU.ActiveCfg = Debug|Any CPU
		{BF5456D4-B276-459B-98D4-853FCEF99ADE}.Debug|Any CPU.Build.0 = Debug|Any CPU
		{BF5456D4-B276-459B-98D4-853FCEF99ADE}.Debug|Mixed Platforms.ActiveCfg = Debug|Any CPU
		{BF5456D4-B276-459B-98D4-853FCEF99ADE}.Debug|Mixed Platforms.Build.0 = Debug|Any CPU
		{BF5456D4-B276-459B-98D4-853FCEF99ADE}.Debug|x86.ActiveCfg = Debug|Any CPU
		{BF5456D4-B276-459B-98D4-853FCEF99ADE}.Pre|Any CPU.ActiveCfg = Release|Any CPU
		{BF5456D4-B276-459B-98D4-853FCEF99ADE}.Pre|Any CPU.Build.0 = Release|Any CPU
		{BF5456D4-B276-459B-98D4-853FCEF99ADE}.Pre|Mixed Platforms.ActiveCfg = Release|Any CPU
		{BF5456D4-B276-459B-98D4-853FCEF99ADE}.Pre|Mixed Platforms.Build.0 = Release|Any CPU
		{BF5456D4-B276-459B-98D4-853FCEF99ADE}.Pre|x86.ActiveCfg = Release|Any CPU
		{BF5456D4-B276-459B-98D4-853FCEF99ADE}.Release|Any CPU.ActiveCfg = Release|Any CPU
		{BF5456D4-B276-459B-98D4-853FCEF99ADE}.Release|Any CPU.Build.0 = Release|Any CPU
		{BF5456D4-B276-459B-98D4-853FCEF99ADE}.Release|Mixed Platforms.ActiveCfg = Release|Any CPU
		{BF5456D4-B276-459B-98D4-853FCEF99ADE}.Release|Mixed Platforms.Build.0 = Release|Any CPU
		{BF5456D4-B276-459B-98D4-853FCEF99ADE}.Release|x86.ActiveCfg = Release|Any CPU
		{0FB2C801-BD90-400A-8D2B-817481985499}.Debug|Any CPU.ActiveCfg = Debug|Any CPU
		{0FB2C801-BD90-400A-8D2B-817481985499}.Debug|Any CPU.Build.0 = Debug|Any CPU
		{0FB2C801-BD90-400A-8D2B-817481985499}.Debug|Mixed Platforms.ActiveCfg = Debug|Any CPU
		{0FB2C801-BD90-400A-8D2B-817481985499}.Debug|Mixed Platforms.Build.0 = Debug|Any CPU
		{0FB2C801-BD90-400A-8D2B-817481985499}.Debug|x86.ActiveCfg = Debug|Any CPU
		{0FB2C801-BD90-400A-8D2B-817481985499}.Pre|Any CPU.ActiveCfg = Release|Any CPU
		{0FB2C801-BD90-400A-8D2B-817481985499}.Pre|Any CPU.Build.0 = Release|Any CPU
		{0FB2C801-BD90-400A-8D2B-817481985499}.Pre|Mixed Platforms.ActiveCfg = Release|Any CPU
		{0FB2C801-BD90-400A-8D2B-817481985499}.Pre|Mixed Platforms.Build.0 = Release|Any CPU
		{0FB2C801-BD90-400A-8D2B-817481985499}.Pre|x86.ActiveCfg = Release|Any CPU
		{0FB2C801-BD90-400A-8D2B-817481985499}.Release|Any CPU.ActiveCfg = Release|Any CPU
		{0FB2C801-BD90-400A-8D2B-817481985499}.Release|Any CPU.Build.0 = Release|Any CPU
		{0FB2C801-BD90-400A-8D2B-817481985499}.Release|Mixed Platforms.ActiveCfg = Release|Any CPU
		{0FB2C801-BD90-400A-8D2B-817481985499}.Release|Mixed Platforms.Build.0 = Release|Any CPU
		{0FB2C801-BD90-400A-8D2B-817481985499}.Release|x86.ActiveCfg = Release|Any CPU
		{C9564FD7-8C03-4EEE-9C0C-1D57CC059324}.Debug|Any CPU.ActiveCfg = Debug|Any CPU
		{C9564FD7-8C03-4EEE-9C0C-1D57CC059324}.Debug|Any CPU.Build.0 = Debug|Any CPU
		{C9564FD7-8C03-4EEE-9C0C-1D57CC059324}.Debug|Mixed Platforms.ActiveCfg = Debug|Any CPU
		{C9564FD7-8C03-4EEE-9C0C-1D57CC059324}.Debug|Mixed Platforms.Build.0 = Debug|Any CPU
		{C9564FD7-8C03-4EEE-9C0C-1D57CC059324}.Debug|x86.ActiveCfg = Debug|x86
		{C9564FD7-8C03-4EEE-9C0C-1D57CC059324}.Debug|x86.Build.0 = Debug|x86
		{C9564FD7-8C03-4EEE-9C0C-1D57CC059324}.Pre|Any CPU.ActiveCfg = Release|x86
		{C9564FD7-8C03-4EEE-9C0C-1D57CC059324}.Pre|Mixed Platforms.ActiveCfg = Release|x86
		{C9564FD7-8C03-4EEE-9C0C-1D57CC059324}.Pre|Mixed Platforms.Build.0 = Release|x86
		{C9564FD7-8C03-4EEE-9C0C-1D57CC059324}.Pre|x86.ActiveCfg = Release|x86
		{C9564FD7-8C03-4EEE-9C0C-1D57CC059324}.Pre|x86.Build.0 = Release|x86
		{C9564FD7-8C03-4EEE-9C0C-1D57CC059324}.Release|Any CPU.ActiveCfg = Release|x86
		{C9564FD7-8C03-4EEE-9C0C-1D57CC059324}.Release|Mixed Platforms.ActiveCfg = Release|x86
		{C9564FD7-8C03-4EEE-9C0C-1D57CC059324}.Release|Mixed Platforms.Build.0 = Release|x86
		{C9564FD7-8C03-4EEE-9C0C-1D57CC059324}.Release|x86.ActiveCfg = Release|x86
		{C9564FD7-8C03-4EEE-9C0C-1D57CC059324}.Release|x86.Build.0 = Release|x86
		{35331B03-1EF9-488C-964C-42DE594C98F1}.Debug|Any CPU.ActiveCfg = Debug|Any CPU
		{35331B03-1EF9-488C-964C-42DE594C98F1}.Debug|Any CPU.Build.0 = Debug|Any CPU
		{35331B03-1EF9-488C-964C-42DE594C98F1}.Debug|Mixed Platforms.ActiveCfg = Debug|Any CPU
		{35331B03-1EF9-488C-964C-42DE594C98F1}.Debug|Mixed Platforms.Build.0 = Debug|Any CPU
		{35331B03-1EF9-488C-964C-42DE594C98F1}.Debug|x86.ActiveCfg = Debug|Any CPU
		{35331B03-1EF9-488C-964C-42DE594C98F1}.Pre|Any CPU.ActiveCfg = Release|Any CPU
		{35331B03-1EF9-488C-964C-42DE594C98F1}.Pre|Any CPU.Build.0 = Release|Any CPU
		{35331B03-1EF9-488C-964C-42DE594C98F1}.Pre|Mixed Platforms.ActiveCfg = Release|Any CPU
		{35331B03-1EF9-488C-964C-42DE594C98F1}.Pre|Mixed Platforms.Build.0 = Release|Any CPU
		{35331B03-1EF9-488C-964C-42DE594C98F1}.Pre|x86.ActiveCfg = Release|Any CPU
		{35331B03-1EF9-488C-964C-42DE594C98F1}.Release|Any CPU.ActiveCfg = Release|Any CPU
		{35331B03-1EF9-488C-964C-42DE594C98F1}.Release|Any CPU.Build.0 = Release|Any CPU
		{35331B03-1EF9-488C-964C-42DE594C98F1}.Release|Mixed Platforms.ActiveCfg = Release|Any CPU
		{35331B03-1EF9-488C-964C-42DE594C98F1}.Release|Mixed Platforms.Build.0 = Release|Any CPU
		{35331B03-1EF9-488C-964C-42DE594C98F1}.Release|x86.ActiveCfg = Release|Any CPU
		{08BF5909-E6ED-4CCC-8CC5-9D07CBFCB39E}.Debug|Any CPU.ActiveCfg = Debug|Any CPU
		{08BF5909-E6ED-4CCC-8CC5-9D07CBFCB39E}.Debug|Any CPU.Build.0 = Debug|Any CPU
		{08BF5909-E6ED-4CCC-8CC5-9D07CBFCB39E}.Debug|Mixed Platforms.ActiveCfg = Debug|Any CPU
		{08BF5909-E6ED-4CCC-8CC5-9D07CBFCB39E}.Debug|Mixed Platforms.Build.0 = Debug|Any CPU
		{08BF5909-E6ED-4CCC-8CC5-9D07CBFCB39E}.Debug|x86.ActiveCfg = Debug|Any CPU
		{08BF5909-E6ED-4CCC-8CC5-9D07CBFCB39E}.Pre|Any CPU.ActiveCfg = Pre|Any CPU
		{08BF5909-E6ED-4CCC-8CC5-9D07CBFCB39E}.Pre|Any CPU.Build.0 = Pre|Any CPU
		{08BF5909-E6ED-4CCC-8CC5-9D07CBFCB39E}.Pre|Mixed Platforms.ActiveCfg = Pre|Any CPU
		{08BF5909-E6ED-4CCC-8CC5-9D07CBFCB39E}.Pre|Mixed Platforms.Build.0 = Pre|Any CPU
		{08BF5909-E6ED-4CCC-8CC5-9D07CBFCB39E}.Pre|x86.ActiveCfg = Pre|Any CPU
		{08BF5909-E6ED-4CCC-8CC5-9D07CBFCB39E}.Release|Any CPU.ActiveCfg = Release|Any CPU
		{08BF5909-E6ED-4CCC-8CC5-9D07CBFCB39E}.Release|Any CPU.Build.0 = Release|Any CPU
		{08BF5909-E6ED-4CCC-8CC5-9D07CBFCB39E}.Release|Mixed Platforms.ActiveCfg = Release|Any CPU
		{08BF5909-E6ED-4CCC-8CC5-9D07CBFCB39E}.Release|Mixed Platforms.Build.0 = Release|Any CPU
		{08BF5909-E6ED-4CCC-8CC5-9D07CBFCB39E}.Release|x86.ActiveCfg = Release|Any CPU
		{C55CA135-8975-49C6-A554-11E45164EB70}.Debug|Any CPU.ActiveCfg = Debug|Any CPU
		{C55CA135-8975-49C6-A554-11E45164EB70}.Debug|Any CPU.Build.0 = Debug|Any CPU
		{C55CA135-8975-49C6-A554-11E45164EB70}.Debug|Mixed Platforms.ActiveCfg = Debug|Any CPU
		{C55CA135-8975-49C6-A554-11E45164EB70}.Debug|Mixed Platforms.Build.0 = Debug|Any CPU
		{C55CA135-8975-49C6-A554-11E45164EB70}.Debug|x86.ActiveCfg = Debug|Any CPU
		{C55CA135-8975-49C6-A554-11E45164EB70}.Pre|Any CPU.ActiveCfg = Pre|Any CPU
		{C55CA135-8975-49C6-A554-11E45164EB70}.Pre|Any CPU.Build.0 = Pre|Any CPU
		{C55CA135-8975-49C6-A554-11E45164EB70}.Pre|Mixed Platforms.ActiveCfg = Pre|Any CPU
		{C55CA135-8975-49C6-A554-11E45164EB70}.Pre|Mixed Platforms.Build.0 = Pre|Any CPU
		{C55CA135-8975-49C6-A554-11E45164EB70}.Pre|x86.ActiveCfg = Pre|Any CPU
		{C55CA135-8975-49C6-A554-11E45164EB70}.Release|Any CPU.ActiveCfg = Release|Any CPU
		{C55CA135-8975-49C6-A554-11E45164EB70}.Release|Any CPU.Build.0 = Release|Any CPU
		{C55CA135-8975-49C6-A554-11E45164EB70}.Release|Mixed Platforms.ActiveCfg = Release|Any CPU
		{C55CA135-8975-49C6-A554-11E45164EB70}.Release|Mixed Platforms.Build.0 = Release|Any CPU
		{C55CA135-8975-49C6-A554-11E45164EB70}.Release|x86.ActiveCfg = Release|Any CPU
		{B070D29E-7A42-497E-B448-A17C6573D65D}.Debug|Any CPU.ActiveCfg = Debug|Any CPU
		{B070D29E-7A42-497E-B448-A17C6573D65D}.Debug|Any CPU.Build.0 = Debug|Any CPU
		{B070D29E-7A42-497E-B448-A17C6573D65D}.Debug|Mixed Platforms.ActiveCfg = Debug|Any CPU
		{B070D29E-7A42-497E-B448-A17C6573D65D}.Debug|Mixed Platforms.Build.0 = Debug|Any CPU
		{B070D29E-7A42-497E-B448-A17C6573D65D}.Debug|x86.ActiveCfg = Debug|Any CPU
		{B070D29E-7A42-497E-B448-A17C6573D65D}.Pre|Any CPU.ActiveCfg = Release|Any CPU
		{B070D29E-7A42-497E-B448-A17C6573D65D}.Pre|Any CPU.Build.0 = Release|Any CPU
		{B070D29E-7A42-497E-B448-A17C6573D65D}.Pre|Mixed Platforms.ActiveCfg = Release|Any CPU
		{B070D29E-7A42-497E-B448-A17C6573D65D}.Pre|Mixed Platforms.Build.0 = Release|Any CPU
		{B070D29E-7A42-497E-B448-A17C6573D65D}.Pre|x86.ActiveCfg = Release|Any CPU
		{B070D29E-7A42-497E-B448-A17C6573D65D}.Release|Any CPU.ActiveCfg = Release|Any CPU
		{B070D29E-7A42-497E-B448-A17C6573D65D}.Release|Any CPU.Build.0 = Release|Any CPU
		{B070D29E-7A42-497E-B448-A17C6573D65D}.Release|Mixed Platforms.ActiveCfg = Release|Any CPU
		{B070D29E-7A42-497E-B448-A17C6573D65D}.Release|Mixed Platforms.Build.0 = Release|Any CPU
		{B070D29E-7A42-497E-B448-A17C6573D65D}.Release|x86.ActiveCfg = Release|Any CPU
		{E5F79D13-0E92-4E5C-9251-6922741AFCAA}.Debug|Any CPU.ActiveCfg = Debug|Any CPU
		{E5F79D13-0E92-4E5C-9251-6922741AFCAA}.Debug|Any CPU.Build.0 = Debug|Any CPU
		{E5F79D13-0E92-4E5C-9251-6922741AFCAA}.Debug|Mixed Platforms.ActiveCfg = Debug|Any CPU
		{E5F79D13-0E92-4E5C-9251-6922741AFCAA}.Debug|Mixed Platforms.Build.0 = Debug|Any CPU
		{E5F79D13-0E92-4E5C-9251-6922741AFCAA}.Debug|x86.ActiveCfg = Debug|Any CPU
		{E5F79D13-0E92-4E5C-9251-6922741AFCAA}.Pre|Any CPU.ActiveCfg = Release|Any CPU
		{E5F79D13-0E92-4E5C-9251-6922741AFCAA}.Pre|Any CPU.Build.0 = Release|Any CPU
		{E5F79D13-0E92-4E5C-9251-6922741AFCAA}.Pre|Mixed Platforms.ActiveCfg = Release|Any CPU
		{E5F79D13-0E92-4E5C-9251-6922741AFCAA}.Pre|Mixed Platforms.Build.0 = Release|Any CPU
		{E5F79D13-0E92-4E5C-9251-6922741AFCAA}.Pre|x86.ActiveCfg = Release|Any CPU
		{E5F79D13-0E92-4E5C-9251-6922741AFCAA}.Release|Any CPU.ActiveCfg = Release|Any CPU
		{E5F79D13-0E92-4E5C-9251-6922741AFCAA}.Release|Any CPU.Build.0 = Release|Any CPU
		{E5F79D13-0E92-4E5C-9251-6922741AFCAA}.Release|Mixed Platforms.ActiveCfg = Release|Any CPU
		{E5F79D13-0E92-4E5C-9251-6922741AFCAA}.Release|Mixed Platforms.Build.0 = Release|Any CPU
		{E5F79D13-0E92-4E5C-9251-6922741AFCAA}.Release|x86.ActiveCfg = Release|Any CPU
		{C58504EA-199D-4939-B958-99337E32CE72}.Debug|Any CPU.ActiveCfg = Debug|Any CPU
		{C58504EA-199D-4939-B958-99337E32CE72}.Debug|Any CPU.Build.0 = Debug|Any CPU
		{C58504EA-199D-4939-B958-99337E32CE72}.Debug|Mixed Platforms.ActiveCfg = Debug|Any CPU
		{C58504EA-199D-4939-B958-99337E32CE72}.Debug|Mixed Platforms.Build.0 = Debug|Any CPU
		{C58504EA-199D-4939-B958-99337E32CE72}.Debug|x86.ActiveCfg = Debug|Any CPU
		{C58504EA-199D-4939-B958-99337E32CE72}.Pre|Any CPU.ActiveCfg = Release|Any CPU
		{C58504EA-199D-4939-B958-99337E32CE72}.Pre|Any CPU.Build.0 = Release|Any CPU
		{C58504EA-199D-4939-B958-99337E32CE72}.Pre|Mixed Platforms.ActiveCfg = Release|Any CPU
		{C58504EA-199D-4939-B958-99337E32CE72}.Pre|Mixed Platforms.Build.0 = Release|Any CPU
		{C58504EA-199D-4939-B958-99337E32CE72}.Pre|x86.ActiveCfg = Release|Any CPU
		{C58504EA-199D-4939-B958-99337E32CE72}.Release|Any CPU.ActiveCfg = Release|Any CPU
		{C58504EA-199D-4939-B958-99337E32CE72}.Release|Any CPU.Build.0 = Release|Any CPU
		{C58504EA-199D-4939-B958-99337E32CE72}.Release|Mixed Platforms.ActiveCfg = Release|Any CPU
		{C58504EA-199D-4939-B958-99337E32CE72}.Release|Mixed Platforms.Build.0 = Release|Any CPU
		{C58504EA-199D-4939-B958-99337E32CE72}.Release|x86.ActiveCfg = Release|Any CPU
		{03AB55C4-5F34-4DD3-86C9-24DCA4A4E6E3}.Debug|Any CPU.ActiveCfg = Debug|Any CPU
		{03AB55C4-5F34-4DD3-86C9-24DCA4A4E6E3}.Debug|Any CPU.Build.0 = Debug|Any CPU
		{03AB55C4-5F34-4DD3-86C9-24DCA4A4E6E3}.Debug|Mixed Platforms.ActiveCfg = Debug|Any CPU
		{03AB55C4-5F34-4DD3-86C9-24DCA4A4E6E3}.Debug|Mixed Platforms.Build.0 = Debug|Any CPU
		{03AB55C4-5F34-4DD3-86C9-24DCA4A4E6E3}.Debug|x86.ActiveCfg = Debug|Any CPU
		{03AB55C4-5F34-4DD3-86C9-24DCA4A4E6E3}.Pre|Any CPU.ActiveCfg = Release|Any CPU
		{03AB55C4-5F34-4DD3-86C9-24DCA4A4E6E3}.Pre|Any CPU.Build.0 = Release|Any CPU
		{03AB55C4-5F34-4DD3-86C9-24DCA4A4E6E3}.Pre|Mixed Platforms.ActiveCfg = Release|Any CPU
		{03AB55C4-5F34-4DD3-86C9-24DCA4A4E6E3}.Pre|Mixed Platforms.Build.0 = Release|Any CPU
		{03AB55C4-5F34-4DD3-86C9-24DCA4A4E6E3}.Pre|x86.ActiveCfg = Release|Any CPU
		{03AB55C4-5F34-4DD3-86C9-24DCA4A4E6E3}.Release|Any CPU.ActiveCfg = Release|Any CPU
		{03AB55C4-5F34-4DD3-86C9-24DCA4A4E6E3}.Release|Any CPU.Build.0 = Release|Any CPU
		{03AB55C4-5F34-4DD3-86C9-24DCA4A4E6E3}.Release|Mixed Platforms.ActiveCfg = Release|Any CPU
		{03AB55C4-5F34-4DD3-86C9-24DCA4A4E6E3}.Release|Mixed Platforms.Build.0 = Release|Any CPU
		{03AB55C4-5F34-4DD3-86C9-24DCA4A4E6E3}.Release|x86.ActiveCfg = Release|Any CPU
		{C91889D8-2DA8-4999-AD91-9392F4912E90}.Debug|Any CPU.ActiveCfg = Debug|Any CPU
		{C91889D8-2DA8-4999-AD91-9392F4912E90}.Debug|Any CPU.Build.0 = Debug|Any CPU
		{C91889D8-2DA8-4999-AD91-9392F4912E90}.Debug|Mixed Platforms.ActiveCfg = Debug|Any CPU
		{C91889D8-2DA8-4999-AD91-9392F4912E90}.Debug|Mixed Platforms.Build.0 = Debug|Any CPU
		{C91889D8-2DA8-4999-AD91-9392F4912E90}.Debug|x86.ActiveCfg = Debug|Any CPU
		{C91889D8-2DA8-4999-AD91-9392F4912E90}.Debug|x86.Build.0 = Debug|Any CPU
		{C91889D8-2DA8-4999-AD91-9392F4912E90}.Pre|Any CPU.ActiveCfg = Release|Any CPU
		{C91889D8-2DA8-4999-AD91-9392F4912E90}.Pre|Any CPU.Build.0 = Release|Any CPU
		{C91889D8-2DA8-4999-AD91-9392F4912E90}.Pre|Mixed Platforms.ActiveCfg = Release|Any CPU
		{C91889D8-2DA8-4999-AD91-9392F4912E90}.Pre|Mixed Platforms.Build.0 = Release|Any CPU
		{C91889D8-2DA8-4999-AD91-9392F4912E90}.Pre|x86.ActiveCfg = Release|Any CPU
		{C91889D8-2DA8-4999-AD91-9392F4912E90}.Pre|x86.Build.0 = Release|Any CPU
		{C91889D8-2DA8-4999-AD91-9392F4912E90}.Release|Any CPU.ActiveCfg = Release|Any CPU
		{C91889D8-2DA8-4999-AD91-9392F4912E90}.Release|Any CPU.Build.0 = Release|Any CPU
		{C91889D8-2DA8-4999-AD91-9392F4912E90}.Release|Mixed Platforms.ActiveCfg = Release|Any CPU
		{C91889D8-2DA8-4999-AD91-9392F4912E90}.Release|Mixed Platforms.Build.0 = Release|Any CPU
		{C91889D8-2DA8-4999-AD91-9392F4912E90}.Release|x86.ActiveCfg = Release|Any CPU
		{C91889D8-2DA8-4999-AD91-9392F4912E90}.Release|x86.Build.0 = Release|Any CPU
		{CEF2C585-DAC4-4D06-AA96-5C0F00B716C0}.Debug|Any CPU.ActiveCfg = Debug|Any CPU
		{CEF2C585-DAC4-4D06-AA96-5C0F00B716C0}.Debug|Any CPU.Build.0 = Debug|Any CPU
		{CEF2C585-DAC4-4D06-AA96-5C0F00B716C0}.Debug|Mixed Platforms.ActiveCfg = Debug|Any CPU
		{CEF2C585-DAC4-4D06-AA96-5C0F00B716C0}.Debug|Mixed Platforms.Build.0 = Debug|Any CPU
		{CEF2C585-DAC4-4D06-AA96-5C0F00B716C0}.Debug|x86.ActiveCfg = Debug|Any CPU
		{CEF2C585-DAC4-4D06-AA96-5C0F00B716C0}.Debug|x86.Build.0 = Debug|Any CPU
		{CEF2C585-DAC4-4D06-AA96-5C0F00B716C0}.Pre|Any CPU.ActiveCfg = Release|Any CPU
		{CEF2C585-DAC4-4D06-AA96-5C0F00B716C0}.Pre|Any CPU.Build.0 = Release|Any CPU
		{CEF2C585-DAC4-4D06-AA96-5C0F00B716C0}.Pre|Mixed Platforms.ActiveCfg = Release|Any CPU
		{CEF2C585-DAC4-4D06-AA96-5C0F00B716C0}.Pre|Mixed Platforms.Build.0 = Release|Any CPU
		{CEF2C585-DAC4-4D06-AA96-5C0F00B716C0}.Pre|x86.ActiveCfg = Release|Any CPU
		{CEF2C585-DAC4-4D06-AA96-5C0F00B716C0}.Pre|x86.Build.0 = Release|Any CPU
		{CEF2C585-DAC4-4D06-AA96-5C0F00B716C0}.Release|Any CPU.ActiveCfg = Release|Any CPU
		{CEF2C585-DAC4-4D06-AA96-5C0F00B716C0}.Release|Any CPU.Build.0 = Release|Any CPU
		{CEF2C585-DAC4-4D06-AA96-5C0F00B716C0}.Release|Mixed Platforms.ActiveCfg = Release|Any CPU
		{CEF2C585-DAC4-4D06-AA96-5C0F00B716C0}.Release|Mixed Platforms.Build.0 = Release|Any CPU
		{CEF2C585-DAC4-4D06-AA96-5C0F00B716C0}.Release|x86.ActiveCfg = Release|Any CPU
		{CEF2C585-DAC4-4D06-AA96-5C0F00B716C0}.Release|x86.Build.0 = Release|Any CPU
		{4EA35821-562B-41A1-ADA4-15B775FED797}.Debug|Any CPU.ActiveCfg = Debug|Any CPU
		{4EA35821-562B-41A1-ADA4-15B775FED797}.Debug|Any CPU.Build.0 = Debug|Any CPU
		{4EA35821-562B-41A1-ADA4-15B775FED797}.Debug|Mixed Platforms.ActiveCfg = Debug|Any CPU
		{4EA35821-562B-41A1-ADA4-15B775FED797}.Debug|Mixed Platforms.Build.0 = Debug|Any CPU
		{4EA35821-562B-41A1-ADA4-15B775FED797}.Debug|x86.ActiveCfg = Debug|Any CPU
		{4EA35821-562B-41A1-ADA4-15B775FED797}.Debug|x86.Build.0 = Debug|Any CPU
		{4EA35821-562B-41A1-ADA4-15B775FED797}.Pre|Any CPU.ActiveCfg = Release|Any CPU
		{4EA35821-562B-41A1-ADA4-15B775FED797}.Pre|Any CPU.Build.0 = Release|Any CPU
		{4EA35821-562B-41A1-ADA4-15B775FED797}.Pre|Mixed Platforms.ActiveCfg = Release|Any CPU
		{4EA35821-562B-41A1-ADA4-15B775FED797}.Pre|Mixed Platforms.Build.0 = Release|Any CPU
		{4EA35821-562B-41A1-ADA4-15B775FED797}.Pre|x86.ActiveCfg = Release|Any CPU
		{4EA35821-562B-41A1-ADA4-15B775FED797}.Pre|x86.Build.0 = Release|Any CPU
		{4EA35821-562B-41A1-ADA4-15B775FED797}.Release|Any CPU.ActiveCfg = Release|Any CPU
		{4EA35821-562B-41A1-ADA4-15B775FED797}.Release|Any CPU.Build.0 = Release|Any CPU
		{4EA35821-562B-41A1-ADA4-15B775FED797}.Release|Mixed Platforms.ActiveCfg = Release|Any CPU
		{4EA35821-562B-41A1-ADA4-15B775FED797}.Release|Mixed Platforms.Build.0 = Release|Any CPU
		{4EA35821-562B-41A1-ADA4-15B775FED797}.Release|x86.ActiveCfg = Release|Any CPU
		{4EA35821-562B-41A1-ADA4-15B775FED797}.Release|x86.Build.0 = Release|Any CPU
		{A6A6E08C-C7A9-4106-BB0C-5A23EB8C7DFF}.Debug|Any CPU.ActiveCfg = Debug|Any CPU
		{A6A6E08C-C7A9-4106-BB0C-5A23EB8C7DFF}.Debug|Any CPU.Build.0 = Debug|Any CPU
		{A6A6E08C-C7A9-4106-BB0C-5A23EB8C7DFF}.Debug|Mixed Platforms.ActiveCfg = Debug|Any CPU
		{A6A6E08C-C7A9-4106-BB0C-5A23EB8C7DFF}.Debug|Mixed Platforms.Build.0 = Debug|Any CPU
		{A6A6E08C-C7A9-4106-BB0C-5A23EB8C7DFF}.Debug|x86.ActiveCfg = Debug|Any CPU
		{A6A6E08C-C7A9-4106-BB0C-5A23EB8C7DFF}.Debug|x86.Build.0 = Debug|Any CPU
		{A6A6E08C-C7A9-4106-BB0C-5A23EB8C7DFF}.Pre|Any CPU.ActiveCfg = Release|Any CPU
		{A6A6E08C-C7A9-4106-BB0C-5A23EB8C7DFF}.Pre|Any CPU.Build.0 = Release|Any CPU
		{A6A6E08C-C7A9-4106-BB0C-5A23EB8C7DFF}.Pre|Mixed Platforms.ActiveCfg = Release|Any CPU
		{A6A6E08C-C7A9-4106-BB0C-5A23EB8C7DFF}.Pre|Mixed Platforms.Build.0 = Release|Any CPU
		{A6A6E08C-C7A9-4106-BB0C-5A23EB8C7DFF}.Pre|x86.ActiveCfg = Release|Any CPU
		{A6A6E08C-C7A9-4106-BB0C-5A23EB8C7DFF}.Pre|x86.Build.0 = Release|Any CPU
		{A6A6E08C-C7A9-4106-BB0C-5A23EB8C7DFF}.Release|Any CPU.ActiveCfg = Release|Any CPU
		{A6A6E08C-C7A9-4106-BB0C-5A23EB8C7DFF}.Release|Any CPU.Build.0 = Release|Any CPU
		{A6A6E08C-C7A9-4106-BB0C-5A23EB8C7DFF}.Release|Mixed Platforms.ActiveCfg = Release|Any CPU
		{A6A6E08C-C7A9-4106-BB0C-5A23EB8C7DFF}.Release|Mixed Platforms.Build.0 = Release|Any CPU
		{A6A6E08C-C7A9-4106-BB0C-5A23EB8C7DFF}.Release|x86.ActiveCfg = Release|Any CPU
		{A6A6E08C-C7A9-4106-BB0C-5A23EB8C7DFF}.Release|x86.Build.0 = Release|Any CPU
		{ACD70170-6F69-4A61-B15B-DFFF8F6E2271}.Debug|Any CPU.ActiveCfg = Debug|Any CPU
		{ACD70170-6F69-4A61-B15B-DFFF8F6E2271}.Debug|Any CPU.Build.0 = Debug|Any CPU
		{ACD70170-6F69-4A61-B15B-DFFF8F6E2271}.Debug|Mixed Platforms.ActiveCfg = Debug|Any CPU
		{ACD70170-6F69-4A61-B15B-DFFF8F6E2271}.Debug|Mixed Platforms.Build.0 = Debug|Any CPU
		{ACD70170-6F69-4A61-B15B-DFFF8F6E2271}.Debug|x86.ActiveCfg = Debug|Any CPU
		{ACD70170-6F69-4A61-B15B-DFFF8F6E2271}.Debug|x86.Build.0 = Debug|Any CPU
		{ACD70170-6F69-4A61-B15B-DFFF8F6E2271}.Pre|Any CPU.ActiveCfg = Release|Any CPU
		{ACD70170-6F69-4A61-B15B-DFFF8F6E2271}.Pre|Any CPU.Build.0 = Release|Any CPU
		{ACD70170-6F69-4A61-B15B-DFFF8F6E2271}.Pre|Mixed Platforms.ActiveCfg = Release|Any CPU
		{ACD70170-6F69-4A61-B15B-DFFF8F6E2271}.Pre|Mixed Platforms.Build.0 = Release|Any CPU
		{ACD70170-6F69-4A61-B15B-DFFF8F6E2271}.Pre|x86.ActiveCfg = Release|Any CPU
		{ACD70170-6F69-4A61-B15B-DFFF8F6E2271}.Pre|x86.Build.0 = Release|Any CPU
		{ACD70170-6F69-4A61-B15B-DFFF8F6E2271}.Release|Any CPU.ActiveCfg = Release|Any CPU
		{ACD70170-6F69-4A61-B15B-DFFF8F6E2271}.Release|Any CPU.Build.0 = Release|Any CPU
		{ACD70170-6F69-4A61-B15B-DFFF8F6E2271}.Release|Mixed Platforms.ActiveCfg = Release|Any CPU
		{ACD70170-6F69-4A61-B15B-DFFF8F6E2271}.Release|Mixed Platforms.Build.0 = Release|Any CPU
		{ACD70170-6F69-4A61-B15B-DFFF8F6E2271}.Release|x86.ActiveCfg = Release|Any CPU
		{ACD70170-6F69-4A61-B15B-DFFF8F6E2271}.Release|x86.Build.0 = Release|Any CPU
		{27EB224E-6201-4424-B8BC-366C9EDE923D}.Debug|Any CPU.ActiveCfg = Debug|Any CPU
		{27EB224E-6201-4424-B8BC-366C9EDE923D}.Debug|Any CPU.Build.0 = Debug|Any CPU
		{27EB224E-6201-4424-B8BC-366C9EDE923D}.Debug|Mixed Platforms.ActiveCfg = Debug|Any CPU
		{27EB224E-6201-4424-B8BC-366C9EDE923D}.Debug|Mixed Platforms.Build.0 = Debug|Any CPU
		{27EB224E-6201-4424-B8BC-366C9EDE923D}.Debug|x86.ActiveCfg = Debug|Any CPU
		{27EB224E-6201-4424-B8BC-366C9EDE923D}.Debug|x86.Build.0 = Debug|Any CPU
		{27EB224E-6201-4424-B8BC-366C9EDE923D}.Pre|Any CPU.ActiveCfg = Release|Any CPU
		{27EB224E-6201-4424-B8BC-366C9EDE923D}.Pre|Any CPU.Build.0 = Release|Any CPU
		{27EB224E-6201-4424-B8BC-366C9EDE923D}.Pre|Mixed Platforms.ActiveCfg = Release|Any CPU
		{27EB224E-6201-4424-B8BC-366C9EDE923D}.Pre|Mixed Platforms.Build.0 = Release|Any CPU
		{27EB224E-6201-4424-B8BC-366C9EDE923D}.Pre|x86.ActiveCfg = Release|Any CPU
		{27EB224E-6201-4424-B8BC-366C9EDE923D}.Pre|x86.Build.0 = Release|Any CPU
		{27EB224E-6201-4424-B8BC-366C9EDE923D}.Release|Any CPU.ActiveCfg = Release|Any CPU
		{27EB224E-6201-4424-B8BC-366C9EDE923D}.Release|Any CPU.Build.0 = Release|Any CPU
		{27EB224E-6201-4424-B8BC-366C9EDE923D}.Release|Mixed Platforms.ActiveCfg = Release|Any CPU
		{27EB224E-6201-4424-B8BC-366C9EDE923D}.Release|Mixed Platforms.Build.0 = Release|Any CPU
		{27EB224E-6201-4424-B8BC-366C9EDE923D}.Release|x86.ActiveCfg = Release|Any CPU
		{27EB224E-6201-4424-B8BC-366C9EDE923D}.Release|x86.Build.0 = Release|Any CPU
		{05EA8729-8233-48E5-BCA0-304723B752B1}.Debug|Any CPU.ActiveCfg = Debug|Any CPU
		{05EA8729-8233-48E5-BCA0-304723B752B1}.Debug|Any CPU.Build.0 = Debug|Any CPU
		{05EA8729-8233-48E5-BCA0-304723B752B1}.Debug|Mixed Platforms.ActiveCfg = Debug|Any CPU
		{05EA8729-8233-48E5-BCA0-304723B752B1}.Debug|Mixed Platforms.Build.0 = Debug|Any CPU
		{05EA8729-8233-48E5-BCA0-304723B752B1}.Debug|x86.ActiveCfg = Debug|Any CPU
		{05EA8729-8233-48E5-BCA0-304723B752B1}.Debug|x86.Build.0 = Debug|Any CPU
		{05EA8729-8233-48E5-BCA0-304723B752B1}.Pre|Any CPU.ActiveCfg = Release|Any CPU
		{05EA8729-8233-48E5-BCA0-304723B752B1}.Pre|Any CPU.Build.0 = Release|Any CPU
		{05EA8729-8233-48E5-BCA0-304723B752B1}.Pre|Mixed Platforms.ActiveCfg = Release|Any CPU
		{05EA8729-8233-48E5-BCA0-304723B752B1}.Pre|Mixed Platforms.Build.0 = Release|Any CPU
		{05EA8729-8233-48E5-BCA0-304723B752B1}.Pre|x86.ActiveCfg = Release|Any CPU
		{05EA8729-8233-48E5-BCA0-304723B752B1}.Pre|x86.Build.0 = Release|Any CPU
		{05EA8729-8233-48E5-BCA0-304723B752B1}.Release|Any CPU.ActiveCfg = Release|Any CPU
		{05EA8729-8233-48E5-BCA0-304723B752B1}.Release|Any CPU.Build.0 = Release|Any CPU
		{05EA8729-8233-48E5-BCA0-304723B752B1}.Release|Mixed Platforms.ActiveCfg = Release|Any CPU
		{05EA8729-8233-48E5-BCA0-304723B752B1}.Release|Mixed Platforms.Build.0 = Release|Any CPU
		{05EA8729-8233-48E5-BCA0-304723B752B1}.Release|x86.ActiveCfg = Release|Any CPU
		{05EA8729-8233-48E5-BCA0-304723B752B1}.Release|x86.Build.0 = Release|Any CPU
		{B4BD153D-442D-4527-A23F-0257A60291F8}.Debug|Any CPU.ActiveCfg = Debug|Any CPU
		{B4BD153D-442D-4527-A23F-0257A60291F8}.Debug|Any CPU.Build.0 = Debug|Any CPU
		{B4BD153D-442D-4527-A23F-0257A60291F8}.Debug|Mixed Platforms.ActiveCfg = Debug|Any CPU
		{B4BD153D-442D-4527-A23F-0257A60291F8}.Debug|Mixed Platforms.Build.0 = Debug|Any CPU
		{B4BD153D-442D-4527-A23F-0257A60291F8}.Debug|x86.ActiveCfg = Debug|Any CPU
		{B4BD153D-442D-4527-A23F-0257A60291F8}.Debug|x86.Build.0 = Debug|Any CPU
		{B4BD153D-442D-4527-A23F-0257A60291F8}.Pre|Any CPU.ActiveCfg = Release|Any CPU
		{B4BD153D-442D-4527-A23F-0257A60291F8}.Pre|Any CPU.Build.0 = Release|Any CPU
		{B4BD153D-442D-4527-A23F-0257A60291F8}.Pre|Mixed Platforms.ActiveCfg = Release|Any CPU
		{B4BD153D-442D-4527-A23F-0257A60291F8}.Pre|Mixed Platforms.Build.0 = Release|Any CPU
		{B4BD153D-442D-4527-A23F-0257A60291F8}.Pre|x86.ActiveCfg = Release|Any CPU
		{B4BD153D-442D-4527-A23F-0257A60291F8}.Pre|x86.Build.0 = Release|Any CPU
		{B4BD153D-442D-4527-A23F-0257A60291F8}.Release|Any CPU.ActiveCfg = Release|Any CPU
		{B4BD153D-442D-4527-A23F-0257A60291F8}.Release|Any CPU.Build.0 = Release|Any CPU
		{B4BD153D-442D-4527-A23F-0257A60291F8}.Release|Mixed Platforms.ActiveCfg = Release|Any CPU
		{B4BD153D-442D-4527-A23F-0257A60291F8}.Release|Mixed Platforms.Build.0 = Release|Any CPU
		{B4BD153D-442D-4527-A23F-0257A60291F8}.Release|x86.ActiveCfg = Release|Any CPU
		{B4BD153D-442D-4527-A23F-0257A60291F8}.Release|x86.Build.0 = Release|Any CPU
		{4F0D2FE1-0EFC-476D-A12F-FD8856D98763}.Debug|Any CPU.ActiveCfg = Debug|Any CPU
		{4F0D2FE1-0EFC-476D-A12F-FD8856D98763}.Debug|Any CPU.Build.0 = Debug|Any CPU
		{4F0D2FE1-0EFC-476D-A12F-FD8856D98763}.Debug|Mixed Platforms.ActiveCfg = Debug|Any CPU
		{4F0D2FE1-0EFC-476D-A12F-FD8856D98763}.Debug|Mixed Platforms.Build.0 = Debug|Any CPU
		{4F0D2FE1-0EFC-476D-A12F-FD8856D98763}.Debug|x86.ActiveCfg = Debug|Any CPU
		{4F0D2FE1-0EFC-476D-A12F-FD8856D98763}.Debug|x86.Build.0 = Debug|Any CPU
		{4F0D2FE1-0EFC-476D-A12F-FD8856D98763}.Pre|Any CPU.ActiveCfg = Release|Any CPU
		{4F0D2FE1-0EFC-476D-A12F-FD8856D98763}.Pre|Any CPU.Build.0 = Release|Any CPU
		{4F0D2FE1-0EFC-476D-A12F-FD8856D98763}.Pre|Mixed Platforms.ActiveCfg = Release|Any CPU
		{4F0D2FE1-0EFC-476D-A12F-FD8856D98763}.Pre|Mixed Platforms.Build.0 = Release|Any CPU
		{4F0D2FE1-0EFC-476D-A12F-FD8856D98763}.Pre|x86.ActiveCfg = Release|Any CPU
		{4F0D2FE1-0EFC-476D-A12F-FD8856D98763}.Pre|x86.Build.0 = Release|Any CPU
		{4F0D2FE1-0EFC-476D-A12F-FD8856D98763}.Release|Any CPU.ActiveCfg = Release|Any CPU
		{4F0D2FE1-0EFC-476D-A12F-FD8856D98763}.Release|Any CPU.Build.0 = Release|Any CPU
		{4F0D2FE1-0EFC-476D-A12F-FD8856D98763}.Release|Mixed Platforms.ActiveCfg = Release|Any CPU
		{4F0D2FE1-0EFC-476D-A12F-FD8856D98763}.Release|Mixed Platforms.Build.0 = Release|Any CPU
		{4F0D2FE1-0EFC-476D-A12F-FD8856D98763}.Release|x86.ActiveCfg = Release|Any CPU
		{4F0D2FE1-0EFC-476D-A12F-FD8856D98763}.Release|x86.Build.0 = Release|Any CPU
		{65B6BDC1-6E5D-484C-A700-C5B5644AE92C}.Debug|Any CPU.ActiveCfg = Debug|x86
		{65B6BDC1-6E5D-484C-A700-C5B5644AE92C}.Debug|Any CPU.Build.0 = Debug|x86
		{65B6BDC1-6E5D-484C-A700-C5B5644AE92C}.Debug|Mixed Platforms.ActiveCfg = Debug|x86
		{65B6BDC1-6E5D-484C-A700-C5B5644AE92C}.Debug|Mixed Platforms.Build.0 = Debug|x86
		{65B6BDC1-6E5D-484C-A700-C5B5644AE92C}.Debug|x86.ActiveCfg = Debug|x86
		{65B6BDC1-6E5D-484C-A700-C5B5644AE92C}.Debug|x86.Build.0 = Debug|x86
		{65B6BDC1-6E5D-484C-A700-C5B5644AE92C}.Pre|Any CPU.ActiveCfg = Release|x86
		{65B6BDC1-6E5D-484C-A700-C5B5644AE92C}.Pre|Any CPU.Build.0 = Release|x86
		{65B6BDC1-6E5D-484C-A700-C5B5644AE92C}.Pre|Mixed Platforms.ActiveCfg = Release|x86
		{65B6BDC1-6E5D-484C-A700-C5B5644AE92C}.Pre|Mixed Platforms.Build.0 = Release|x86
		{65B6BDC1-6E5D-484C-A700-C5B5644AE92C}.Pre|x86.ActiveCfg = Release|x86
		{65B6BDC1-6E5D-484C-A700-C5B5644AE92C}.Pre|x86.Build.0 = Release|x86
		{65B6BDC1-6E5D-484C-A700-C5B5644AE92C}.Release|Any CPU.ActiveCfg = Release|x86
		{65B6BDC1-6E5D-484C-A700-C5B5644AE92C}.Release|Mixed Platforms.ActiveCfg = Release|x86
		{65B6BDC1-6E5D-484C-A700-C5B5644AE92C}.Release|Mixed Platforms.Build.0 = Release|x86
		{65B6BDC1-6E5D-484C-A700-C5B5644AE92C}.Release|x86.ActiveCfg = Release|x86
		{65B6BDC1-6E5D-484C-A700-C5B5644AE92C}.Release|x86.Build.0 = Release|x86
		{6D0A45E3-FE30-49D6-BE2E-4305C32BBE1B}.Debug|Any CPU.ActiveCfg = Debug|Any CPU
		{6D0A45E3-FE30-49D6-BE2E-4305C32BBE1B}.Debug|Any CPU.Build.0 = Debug|Any CPU
		{6D0A45E3-FE30-49D6-BE2E-4305C32BBE1B}.Debug|Mixed Platforms.ActiveCfg = Debug|Any CPU
		{6D0A45E3-FE30-49D6-BE2E-4305C32BBE1B}.Debug|Mixed Platforms.Build.0 = Debug|Any CPU
		{6D0A45E3-FE30-49D6-BE2E-4305C32BBE1B}.Debug|x86.ActiveCfg = Debug|Any CPU
		{6D0A45E3-FE30-49D6-BE2E-4305C32BBE1B}.Debug|x86.Build.0 = Debug|Any CPU
		{6D0A45E3-FE30-49D6-BE2E-4305C32BBE1B}.Pre|Any CPU.ActiveCfg = Release|Any CPU
		{6D0A45E3-FE30-49D6-BE2E-4305C32BBE1B}.Pre|Any CPU.Build.0 = Release|Any CPU
		{6D0A45E3-FE30-49D6-BE2E-4305C32BBE1B}.Pre|Mixed Platforms.ActiveCfg = Release|Any CPU
		{6D0A45E3-FE30-49D6-BE2E-4305C32BBE1B}.Pre|Mixed Platforms.Build.0 = Release|Any CPU
		{6D0A45E3-FE30-49D6-BE2E-4305C32BBE1B}.Pre|x86.ActiveCfg = Release|Any CPU
		{6D0A45E3-FE30-49D6-BE2E-4305C32BBE1B}.Pre|x86.Build.0 = Release|Any CPU
		{6D0A45E3-FE30-49D6-BE2E-4305C32BBE1B}.Release|Any CPU.ActiveCfg = Release|Any CPU
		{6D0A45E3-FE30-49D6-BE2E-4305C32BBE1B}.Release|Any CPU.Build.0 = Release|Any CPU
		{6D0A45E3-FE30-49D6-BE2E-4305C32BBE1B}.Release|Mixed Platforms.ActiveCfg = Release|Any CPU
		{6D0A45E3-FE30-49D6-BE2E-4305C32BBE1B}.Release|Mixed Platforms.Build.0 = Release|Any CPU
		{6D0A45E3-FE30-49D6-BE2E-4305C32BBE1B}.Release|x86.ActiveCfg = Release|Any CPU
		{6D0A45E3-FE30-49D6-BE2E-4305C32BBE1B}.Release|x86.Build.0 = Release|Any CPU
		{CE984B5C-A6B8-4DC7-A050-D4C423EB88A8}.Debug|Any CPU.ActiveCfg = Debug|Any CPU
		{CE984B5C-A6B8-4DC7-A050-D4C423EB88A8}.Debug|Any CPU.Build.0 = Debug|Any CPU
		{CE984B5C-A6B8-4DC7-A050-D4C423EB88A8}.Debug|Mixed Platforms.ActiveCfg = Debug|Any CPU
		{CE984B5C-A6B8-4DC7-A050-D4C423EB88A8}.Debug|Mixed Platforms.Build.0 = Debug|Any CPU
		{CE984B5C-A6B8-4DC7-A050-D4C423EB88A8}.Debug|x86.ActiveCfg = Debug|Any CPU
		{CE984B5C-A6B8-4DC7-A050-D4C423EB88A8}.Debug|x86.Build.0 = Debug|Any CPU
		{CE984B5C-A6B8-4DC7-A050-D4C423EB88A8}.Pre|Any CPU.ActiveCfg = Release|Any CPU
		{CE984B5C-A6B8-4DC7-A050-D4C423EB88A8}.Pre|Any CPU.Build.0 = Release|Any CPU
		{CE984B5C-A6B8-4DC7-A050-D4C423EB88A8}.Pre|Mixed Platforms.ActiveCfg = Release|Any CPU
		{CE984B5C-A6B8-4DC7-A050-D4C423EB88A8}.Pre|Mixed Platforms.Build.0 = Release|Any CPU
		{CE984B5C-A6B8-4DC7-A050-D4C423EB88A8}.Pre|x86.ActiveCfg = Release|Any CPU
		{CE984B5C-A6B8-4DC7-A050-D4C423EB88A8}.Pre|x86.Build.0 = Release|Any CPU
		{CE984B5C-A6B8-4DC7-A050-D4C423EB88A8}.Release|Any CPU.ActiveCfg = Release|Any CPU
		{CE984B5C-A6B8-4DC7-A050-D4C423EB88A8}.Release|Any CPU.Build.0 = Release|Any CPU
		{CE984B5C-A6B8-4DC7-A050-D4C423EB88A8}.Release|Mixed Platforms.ActiveCfg = Release|Any CPU
		{CE984B5C-A6B8-4DC7-A050-D4C423EB88A8}.Release|Mixed Platforms.Build.0 = Release|Any CPU
		{CE984B5C-A6B8-4DC7-A050-D4C423EB88A8}.Release|x86.ActiveCfg = Release|Any CPU
		{CE984B5C-A6B8-4DC7-A050-D4C423EB88A8}.Release|x86.Build.0 = Release|Any CPU
		{BC098A51-8315-45DE-985C-D9A2A72FD463}.Debug|Any CPU.ActiveCfg = Debug|Any CPU
		{BC098A51-8315-45DE-985C-D9A2A72FD463}.Debug|Any CPU.Build.0 = Debug|Any CPU
		{BC098A51-8315-45DE-985C-D9A2A72FD463}.Debug|Mixed Platforms.ActiveCfg = Debug|Any CPU
		{BC098A51-8315-45DE-985C-D9A2A72FD463}.Debug|Mixed Platforms.Build.0 = Debug|Any CPU
		{BC098A51-8315-45DE-985C-D9A2A72FD463}.Debug|x86.ActiveCfg = Debug|Any CPU
		{BC098A51-8315-45DE-985C-D9A2A72FD463}.Debug|x86.Build.0 = Debug|Any CPU
		{BC098A51-8315-45DE-985C-D9A2A72FD463}.Pre|Any CPU.ActiveCfg = Release|Any CPU
		{BC098A51-8315-45DE-985C-D9A2A72FD463}.Pre|Any CPU.Build.0 = Release|Any CPU
		{BC098A51-8315-45DE-985C-D9A2A72FD463}.Pre|Mixed Platforms.ActiveCfg = Release|Any CPU
		{BC098A51-8315-45DE-985C-D9A2A72FD463}.Pre|Mixed Platforms.Build.0 = Release|Any CPU
		{BC098A51-8315-45DE-985C-D9A2A72FD463}.Pre|x86.ActiveCfg = Release|Any CPU
		{BC098A51-8315-45DE-985C-D9A2A72FD463}.Pre|x86.Build.0 = Release|Any CPU
		{BC098A51-8315-45DE-985C-D9A2A72FD463}.Release|Any CPU.ActiveCfg = Release|Any CPU
		{BC098A51-8315-45DE-985C-D9A2A72FD463}.Release|Any CPU.Build.0 = Release|Any CPU
		{BC098A51-8315-45DE-985C-D9A2A72FD463}.Release|Mixed Platforms.ActiveCfg = Release|Any CPU
		{BC098A51-8315-45DE-985C-D9A2A72FD463}.Release|Mixed Platforms.Build.0 = Release|Any CPU
		{BC098A51-8315-45DE-985C-D9A2A72FD463}.Release|x86.ActiveCfg = Release|Any CPU
		{BC098A51-8315-45DE-985C-D9A2A72FD463}.Release|x86.Build.0 = Release|Any CPU
		{CBEE175E-B689-487A-9904-8447648D3F6C}.Debug|Any CPU.ActiveCfg = Debug|Any CPU
		{CBEE175E-B689-487A-9904-8447648D3F6C}.Debug|Any CPU.Build.0 = Debug|Any CPU
		{CBEE175E-B689-487A-9904-8447648D3F6C}.Debug|Mixed Platforms.ActiveCfg = Debug|Any CPU
		{CBEE175E-B689-487A-9904-8447648D3F6C}.Debug|Mixed Platforms.Build.0 = Debug|Any CPU
		{CBEE175E-B689-487A-9904-8447648D3F6C}.Debug|x86.ActiveCfg = Debug|Any CPU
		{CBEE175E-B689-487A-9904-8447648D3F6C}.Debug|x86.Build.0 = Debug|Any CPU
		{CBEE175E-B689-487A-9904-8447648D3F6C}.Pre|Any CPU.ActiveCfg = Release|Any CPU
		{CBEE175E-B689-487A-9904-8447648D3F6C}.Pre|Any CPU.Build.0 = Release|Any CPU
		{CBEE175E-B689-487A-9904-8447648D3F6C}.Pre|Mixed Platforms.ActiveCfg = Release|Any CPU
		{CBEE175E-B689-487A-9904-8447648D3F6C}.Pre|Mixed Platforms.Build.0 = Release|Any CPU
		{CBEE175E-B689-487A-9904-8447648D3F6C}.Pre|x86.ActiveCfg = Release|Any CPU
		{CBEE175E-B689-487A-9904-8447648D3F6C}.Pre|x86.Build.0 = Release|Any CPU
		{CBEE175E-B689-487A-9904-8447648D3F6C}.Release|Any CPU.ActiveCfg = Release|Any CPU
		{CBEE175E-B689-487A-9904-8447648D3F6C}.Release|Any CPU.Build.0 = Release|Any CPU
		{CBEE175E-B689-487A-9904-8447648D3F6C}.Release|Mixed Platforms.ActiveCfg = Release|Any CPU
		{CBEE175E-B689-487A-9904-8447648D3F6C}.Release|Mixed Platforms.Build.0 = Release|Any CPU
		{CBEE175E-B689-487A-9904-8447648D3F6C}.Release|x86.ActiveCfg = Release|Any CPU
		{CBEE175E-B689-487A-9904-8447648D3F6C}.Release|x86.Build.0 = Release|Any CPU
		{1E7AC577-7FBC-4DCF-848D-BCD748E67332}.Debug|Any CPU.ActiveCfg = Debug|Any CPU
		{1E7AC577-7FBC-4DCF-848D-BCD748E67332}.Debug|Any CPU.Build.0 = Debug|Any CPU
		{1E7AC577-7FBC-4DCF-848D-BCD748E67332}.Debug|Mixed Platforms.ActiveCfg = Debug|Any CPU
		{1E7AC577-7FBC-4DCF-848D-BCD748E67332}.Debug|Mixed Platforms.Build.0 = Debug|Any CPU
		{1E7AC577-7FBC-4DCF-848D-BCD748E67332}.Debug|x86.ActiveCfg = Debug|Any CPU
		{1E7AC577-7FBC-4DCF-848D-BCD748E67332}.Debug|x86.Build.0 = Debug|Any CPU
		{1E7AC577-7FBC-4DCF-848D-BCD748E67332}.Pre|Any CPU.ActiveCfg = Release|Any CPU
		{1E7AC577-7FBC-4DCF-848D-BCD748E67332}.Pre|Any CPU.Build.0 = Release|Any CPU
		{1E7AC577-7FBC-4DCF-848D-BCD748E67332}.Pre|Mixed Platforms.ActiveCfg = Release|Any CPU
		{1E7AC577-7FBC-4DCF-848D-BCD748E67332}.Pre|Mixed Platforms.Build.0 = Release|Any CPU
		{1E7AC577-7FBC-4DCF-848D-BCD748E67332}.Pre|x86.ActiveCfg = Release|Any CPU
		{1E7AC577-7FBC-4DCF-848D-BCD748E67332}.Pre|x86.Build.0 = Release|Any CPU
		{1E7AC577-7FBC-4DCF-848D-BCD748E67332}.Release|Any CPU.ActiveCfg = Release|Any CPU
		{1E7AC577-7FBC-4DCF-848D-BCD748E67332}.Release|Any CPU.Build.0 = Release|Any CPU
		{1E7AC577-7FBC-4DCF-848D-BCD748E67332}.Release|Mixed Platforms.ActiveCfg = Release|Any CPU
		{1E7AC577-7FBC-4DCF-848D-BCD748E67332}.Release|Mixed Platforms.Build.0 = Release|Any CPU
		{1E7AC577-7FBC-4DCF-848D-BCD748E67332}.Release|x86.ActiveCfg = Release|Any CPU
		{1E7AC577-7FBC-4DCF-848D-BCD748E67332}.Release|x86.Build.0 = Release|Any CPU
		{9A7FB831-362E-43D7-AD82-306B0FE43409}.Debug|Any CPU.ActiveCfg = Debug|Any CPU
		{9A7FB831-362E-43D7-AD82-306B0FE43409}.Debug|Any CPU.Build.0 = Debug|Any CPU
		{9A7FB831-362E-43D7-AD82-306B0FE43409}.Debug|Mixed Platforms.ActiveCfg = Debug|Any CPU
		{9A7FB831-362E-43D7-AD82-306B0FE43409}.Debug|Mixed Platforms.Build.0 = Debug|Any CPU
		{9A7FB831-362E-43D7-AD82-306B0FE43409}.Debug|x86.ActiveCfg = Debug|Any CPU
		{9A7FB831-362E-43D7-AD82-306B0FE43409}.Debug|x86.Build.0 = Debug|Any CPU
		{9A7FB831-362E-43D7-AD82-306B0FE43409}.Pre|Any CPU.ActiveCfg = Release|Any CPU
		{9A7FB831-362E-43D7-AD82-306B0FE43409}.Pre|Any CPU.Build.0 = Release|Any CPU
		{9A7FB831-362E-43D7-AD82-306B0FE43409}.Pre|Mixed Platforms.ActiveCfg = Release|Any CPU
		{9A7FB831-362E-43D7-AD82-306B0FE43409}.Pre|Mixed Platforms.Build.0 = Release|Any CPU
		{9A7FB831-362E-43D7-AD82-306B0FE43409}.Pre|x86.ActiveCfg = Release|Any CPU
		{9A7FB831-362E-43D7-AD82-306B0FE43409}.Pre|x86.Build.0 = Release|Any CPU
		{9A7FB831-362E-43D7-AD82-306B0FE43409}.Release|Any CPU.ActiveCfg = Release|Any CPU
		{9A7FB831-362E-43D7-AD82-306B0FE43409}.Release|Any CPU.Build.0 = Release|Any CPU
		{9A7FB831-362E-43D7-AD82-306B0FE43409}.Release|Mixed Platforms.ActiveCfg = Release|Any CPU
		{9A7FB831-362E-43D7-AD82-306B0FE43409}.Release|Mixed Platforms.Build.0 = Release|Any CPU
		{9A7FB831-362E-43D7-AD82-306B0FE43409}.Release|x86.ActiveCfg = Release|Any CPU
		{9A7FB831-362E-43D7-AD82-306B0FE43409}.Release|x86.Build.0 = Release|Any CPU
		{25D19627-0015-4453-A501-C75BA55746E7}.Debug|Any CPU.ActiveCfg = Debug|Any CPU
		{25D19627-0015-4453-A501-C75BA55746E7}.Debug|Any CPU.Build.0 = Debug|Any CPU
		{25D19627-0015-4453-A501-C75BA55746E7}.Debug|Mixed Platforms.ActiveCfg = Debug|Any CPU
		{25D19627-0015-4453-A501-C75BA55746E7}.Debug|Mixed Platforms.Build.0 = Debug|Any CPU
		{25D19627-0015-4453-A501-C75BA55746E7}.Debug|x86.ActiveCfg = Debug|Any CPU
		{25D19627-0015-4453-A501-C75BA55746E7}.Debug|x86.Build.0 = Debug|Any CPU
		{25D19627-0015-4453-A501-C75BA55746E7}.Pre|Any CPU.ActiveCfg = Release|Any CPU
		{25D19627-0015-4453-A501-C75BA55746E7}.Pre|Any CPU.Build.0 = Release|Any CPU
		{25D19627-0015-4453-A501-C75BA55746E7}.Pre|Mixed Platforms.ActiveCfg = Release|Any CPU
		{25D19627-0015-4453-A501-C75BA55746E7}.Pre|Mixed Platforms.Build.0 = Release|Any CPU
		{25D19627-0015-4453-A501-C75BA55746E7}.Pre|x86.ActiveCfg = Release|Any CPU
		{25D19627-0015-4453-A501-C75BA55746E7}.Pre|x86.Build.0 = Release|Any CPU
		{25D19627-0015-4453-A501-C75BA55746E7}.Release|Any CPU.ActiveCfg = Release|Any CPU
		{25D19627-0015-4453-A501-C75BA55746E7}.Release|Any CPU.Build.0 = Release|Any CPU
		{25D19627-0015-4453-A501-C75BA55746E7}.Release|Mixed Platforms.ActiveCfg = Release|Any CPU
		{25D19627-0015-4453-A501-C75BA55746E7}.Release|Mixed Platforms.Build.0 = Release|Any CPU
		{25D19627-0015-4453-A501-C75BA55746E7}.Release|x86.ActiveCfg = Release|Any CPU
		{25D19627-0015-4453-A501-C75BA55746E7}.Release|x86.Build.0 = Release|Any CPU
		{0E57960A-9282-4DD6-8966-41DBCD45DD97}.Debug|Any CPU.ActiveCfg = Debug|Any CPU
		{0E57960A-9282-4DD6-8966-41DBCD45DD97}.Debug|Any CPU.Build.0 = Debug|Any CPU
		{0E57960A-9282-4DD6-8966-41DBCD45DD97}.Debug|Mixed Platforms.ActiveCfg = Debug|Any CPU
		{0E57960A-9282-4DD6-8966-41DBCD45DD97}.Debug|Mixed Platforms.Build.0 = Debug|Any CPU
		{0E57960A-9282-4DD6-8966-41DBCD45DD97}.Debug|x86.ActiveCfg = Debug|Any CPU
		{0E57960A-9282-4DD6-8966-41DBCD45DD97}.Debug|x86.Build.0 = Debug|Any CPU
		{0E57960A-9282-4DD6-8966-41DBCD45DD97}.Pre|Any CPU.ActiveCfg = Release|Any CPU
		{0E57960A-9282-4DD6-8966-41DBCD45DD97}.Pre|Any CPU.Build.0 = Release|Any CPU
		{0E57960A-9282-4DD6-8966-41DBCD45DD97}.Pre|Mixed Platforms.ActiveCfg = Release|Any CPU
		{0E57960A-9282-4DD6-8966-41DBCD45DD97}.Pre|Mixed Platforms.Build.0 = Release|Any CPU
		{0E57960A-9282-4DD6-8966-41DBCD45DD97}.Pre|x86.ActiveCfg = Release|Any CPU
		{0E57960A-9282-4DD6-8966-41DBCD45DD97}.Pre|x86.Build.0 = Release|Any CPU
		{0E57960A-9282-4DD6-8966-41DBCD45DD97}.Release|Any CPU.ActiveCfg = Release|Any CPU
		{0E57960A-9282-4DD6-8966-41DBCD45DD97}.Release|Any CPU.Build.0 = Release|Any CPU
		{0E57960A-9282-4DD6-8966-41DBCD45DD97}.Release|Mixed Platforms.ActiveCfg = Release|Any CPU
		{0E57960A-9282-4DD6-8966-41DBCD45DD97}.Release|Mixed Platforms.Build.0 = Release|Any CPU
		{0E57960A-9282-4DD6-8966-41DBCD45DD97}.Release|x86.ActiveCfg = Release|Any CPU
		{0E57960A-9282-4DD6-8966-41DBCD45DD97}.Release|x86.Build.0 = Release|Any CPU
	EndGlobalSection
	GlobalSection(SolutionProperties) = preSolution
		HideSolutionNode = FALSE
	EndGlobalSection
	GlobalSection(NestedProjects) = preSolution
		{8B442E2A-A04D-4F30-9DB9-BEEA855C8BAD} = {4A3572ED-6BC7-4283-BDB5-0CDFC8BA1DA2}
		{CC135585-A8F5-45EB-A180-8D510921542A} = {4A3572ED-6BC7-4283-BDB5-0CDFC8BA1DA2}
		{10F01D46-6598-48A1-9C3D-5DB36436B047} = {CC135585-A8F5-45EB-A180-8D510921542A}
		{75F1104B-6A07-4C65-B605-DA361E0409E1} = {580FE726-B445-4C10-B515-1E5895D245CE}
		{25EAD5F5-4710-4E1F-B9C4-31A78DCA445A} = {4A3572ED-6BC7-4283-BDB5-0CDFC8BA1DA2}
		{72883EE2-E1E2-4945-A093-20F23366CA2B} = {4A3572ED-6BC7-4283-BDB5-0CDFC8BA1DA2}
		{580FE726-B445-4C10-B515-1E5895D245CE} = {4A3572ED-6BC7-4283-BDB5-0CDFC8BA1DA2}
		{604EAF0F-A7A8-4108-92E7-A005A76F2D32} = {4A3572ED-6BC7-4283-BDB5-0CDFC8BA1DA2}
		{BF5456D4-B276-459B-98D4-853FCEF99ADE} = {25EAD5F5-4710-4E1F-B9C4-31A78DCA445A}
		{0FB2C801-BD90-400A-8D2B-817481985499} = {604EAF0F-A7A8-4108-92E7-A005A76F2D32}
		{C9564FD7-8C03-4EEE-9C0C-1D57CC059324} = {604EAF0F-A7A8-4108-92E7-A005A76F2D32}
		{35331B03-1EF9-488C-964C-42DE594C98F1} = {72883EE2-E1E2-4945-A093-20F23366CA2B}
		{08BF5909-E6ED-4CCC-8CC5-9D07CBFCB39E} = {10F01D46-6598-48A1-9C3D-5DB36436B047}
		{C55CA135-8975-49C6-A554-11E45164EB70} = {10F01D46-6598-48A1-9C3D-5DB36436B047}
		{B070D29E-7A42-497E-B448-A17C6573D65D} = {8B442E2A-A04D-4F30-9DB9-BEEA855C8BAD}
		{E5F79D13-0E92-4E5C-9251-6922741AFCAA} = {604EAF0F-A7A8-4108-92E7-A005A76F2D32}
		{C58504EA-199D-4939-B958-99337E32CE72} = {604EAF0F-A7A8-4108-92E7-A005A76F2D32}
		{03AB55C4-5F34-4DD3-86C9-24DCA4A4E6E3} = {53C6755D-B20E-4604-B425-543E48352DC6}
		{9914112C-2430-4C94-B91C-B868CEF731AA} = {41619530-E4C3-46E8-9D44-FE62D53F6703}
		{247A0316-E72F-448F-A36E-4EC2D31318EF} = {9914112C-2430-4C94-B91C-B868CEF731AA}
		{C91889D8-2DA8-4999-AD91-9392F4912E90} = {247A0316-E72F-448F-A36E-4EC2D31318EF}
		{CEF2C585-DAC4-4D06-AA96-5C0F00B716C0} = {247A0316-E72F-448F-A36E-4EC2D31318EF}
		{00C2F810-4870-4B9F-A2C4-9DF357DF0AE3} = {9914112C-2430-4C94-B91C-B868CEF731AA}
		{4EA35821-562B-41A1-ADA4-15B775FED797} = {00C2F810-4870-4B9F-A2C4-9DF357DF0AE3}
		{A6A6E08C-C7A9-4106-BB0C-5A23EB8C7DFF} = {00C2F810-4870-4B9F-A2C4-9DF357DF0AE3}
		{E23CACA5-1A79-4055-94D0-AC6F462A64C2} = {9914112C-2430-4C94-B91C-B868CEF731AA}
		{ACD70170-6F69-4A61-B15B-DFFF8F6E2271} = {E23CACA5-1A79-4055-94D0-AC6F462A64C2}
		{27EB224E-6201-4424-B8BC-366C9EDE923D} = {E23CACA5-1A79-4055-94D0-AC6F462A64C2}
		{05EA8729-8233-48E5-BCA0-304723B752B1} = {E23CACA5-1A79-4055-94D0-AC6F462A64C2}
		{B4BD153D-442D-4527-A23F-0257A60291F8} = {E23CACA5-1A79-4055-94D0-AC6F462A64C2}
		{4F0D2FE1-0EFC-476D-A12F-FD8856D98763} = {E23CACA5-1A79-4055-94D0-AC6F462A64C2}
		{C991F06B-091A-4E52-A783-77039A7FF7E5} = {9914112C-2430-4C94-B91C-B868CEF731AA}
		{C2D3610C-2C88-48BD-9E95-A7DEB3F1F222} = {C991F06B-091A-4E52-A783-77039A7FF7E5}
		{65B6BDC1-6E5D-484C-A700-C5B5644AE92C} = {C2D3610C-2C88-48BD-9E95-A7DEB3F1F222}
		{6D0A45E3-FE30-49D6-BE2E-4305C32BBE1B} = {C2D3610C-2C88-48BD-9E95-A7DEB3F1F222}
		{B7388921-5C36-4091-BE9D-044DCDD6F6D8} = {9914112C-2430-4C94-B91C-B868CEF731AA}
		{CE984B5C-A6B8-4DC7-A050-D4C423EB88A8} = {B7388921-5C36-4091-BE9D-044DCDD6F6D8}
		{BC098A51-8315-45DE-985C-D9A2A72FD463} = {B7388921-5C36-4091-BE9D-044DCDD6F6D8}
		{CBEE175E-B689-487A-9904-8447648D3F6C} = {B7388921-5C36-4091-BE9D-044DCDD6F6D8}
		{1E7AC577-7FBC-4DCF-848D-BCD748E67332} = {B7388921-5C36-4091-BE9D-044DCDD6F6D8}
		{9A7FB831-362E-43D7-AD82-306B0FE43409} = {10F01D46-6598-48A1-9C3D-5DB36436B047}
		{25D19627-0015-4453-A501-C75BA55746E7} = {C2D3610C-2C88-48BD-9E95-A7DEB3F1F222}
		{0E57960A-9282-4DD6-8966-41DBCD45DD97} = {10F01D46-6598-48A1-9C3D-5DB36436B047}
	EndGlobalSection
	GlobalSection(ExtensibilityGlobals) = postSolution
		RESX_ConfirmAddLanguageFile = True
		RESX_AutoCreateNewLanguageFiles = True
	EndGlobalSection
	GlobalSection(TestCaseManagementSettings) = postSolution
		CategoryFile = Atento.vsmdi
	EndGlobalSection
EndGlobal
