
Microsoft Visual Studio Solution File, Format Version 12.00
# Visual Studio 14
VisualStudioVersion = 14.0.25420.1
MinimumVisualStudioVersion = 10.0.40219.1
Project("{2150E333-8FDC-42A3-9474-1A3956D46DE8}") = ".nuget", ".nuget", "{D95F6CB4-0027-4889-BD00-B0AE971F2DF0}"
	ProjectSection(SolutionItems) = preProject
		.nuget\NuGet.Config = .nuget\NuGet.Config
		.nuget\NuGet.exe = .nuget\NuGet.exe
		.nuget\NuGet.targets = .nuget\NuGet.targets
	EndProjectSection
EndProject
Project("{2150E333-8FDC-42A3-9474-1A3956D46DE8}") = "Framework", "Framework", "{4A3572ED-6BC7-4283-BDB5-0CDFC8BA1DA2}"
EndProject
Project("{2150E333-8FDC-42A3-9474-1A3956D46DE8}") = "Doc", "Doc", "{B530E4C9-AAE2-4CD7-9B6F-758FF210DADF}"
	ProjectSection(SolutionItems) = preProject
		..\..\documentacion base de projectos\08 Customize the Code Analysis Dictionary .txt = ..\..\documentacion base de projectos\08 Customize the Code Analysis Dictionary .txt
		..\03-GeneratedProjects\Atento.Suite.Shared.Application.WcfService\GlobalSuppressions.cs = ..\03-GeneratedProjects\Atento.Suite.Shared.Application.WcfService\GlobalSuppressions.cs
	EndProjectSection
EndProject
Project("{2150E333-8FDC-42A3-9474-1A3956D46DE8}") = "05. Testing", "05. Testing", "{8B442E2A-A04D-4F30-9DB9-BEEA855C8BAD}"
EndProject
Project("{2150E333-8FDC-42A3-9474-1A3956D46DE8}") = "01. FrontEnd", "01. FrontEnd", "{CC135585-A8F5-45EB-A180-8D510921542A}"
EndProject
Project("{2150E333-8FDC-42A3-9474-1A3956D46DE8}") = "WPF", "WPF", "{10F01D46-6598-48A1-9C3D-5DB36436B047}"
EndProject
Project("{2150E333-8FDC-42A3-9474-1A3956D46DE8}") = "01. Security", "01. Security", "{75F1104B-6A07-4C65-B605-DA361E0409E1}"
EndProject
Project("{2150E333-8FDC-42A3-9474-1A3956D46DE8}") = "03. Domain", "03. Domain", "{25EAD5F5-4710-4E1F-B9C4-31A78DCA445A}"
EndProject
Project("{2150E333-8FDC-42A3-9474-1A3956D46DE8}") = "02. Application", "02. Application", "{72883EE2-E1E2-4945-A093-20F23366CA2B}"
EndProject
Project("{2150E333-8FDC-42A3-9474-1A3956D46DE8}") = "Vertical Layers", "Vertical Layers", "{580FE726-B445-4C10-B515-1E5895D245CE}"
EndProject
Project("{2150E333-8FDC-42A3-9474-1A3956D46DE8}") = "04. Infrastructure", "04. Infrastructure", "{604EAF0F-A7A8-4108-92E7-A005A76F2D32}"
EndProject
Project("{2150E333-8FDC-42A3-9474-1A3956D46DE8}") = "ModelDriver", "ModelDriver", "{53C6755D-B20E-4604-B425-543E48352DC6}"
EndProject
Project("{2150E333-8FDC-42A3-9474-1A3956D46DE8}") = "Solution Items", "Solution Items", "{B9ECD59B-2EDE-4259-9582-39E403FED02F}"
	ProjectSection(SolutionItems) = preProject
		Atento.vsmdi = Atento.vsmdi
		CustomDictionary.xml = CustomDictionary.xml
		Local.testsettings = Local.testsettings
		TraceAndTestImpact.testsettings = TraceAndTestImpact.testsettings
	EndProjectSection
EndProject
Project("{FAE04EC0-301F-11D3-BF4B-00C04F79EFBC}") = "Inflexion2", "..\01-Projects\Inflexion2\Inflexion2.csproj", "{BF5456D4-B276-459B-98D4-853FCEF99ADE}"
EndProject
Project("{FAE04EC0-301F-11D3-BF4B-00C04F79EFBC}") = "Inflexion2.EF", "..\01-Projects\Inflexion2.EF\Inflexion2.EF.csproj", "{0FB2C801-BD90-400A-8D2B-817481985499}"
EndProject
Project("{FAE04EC0-301F-11D3-BF4B-00C04F79EFBC}") = "Inflexion2.NHibernate", "..\01-Projects\Inflexion2.NHibernate\Inflexion2.NHibernate.csproj", "{C9564FD7-8C03-4EEE-9C0C-1D57CC059324}"
EndProject
Project("{FAE04EC0-301F-11D3-BF4B-00C04F79EFBC}") = "Inflexion2.Application", "..\01-Projects\Inflexion2.Application\Inflexion2.Application.csproj", "{35331B03-1EF9-488C-964C-42DE594C98F1}"
EndProject
Project("{FAE04EC0-301F-11D3-BF4B-00C04F79EFBC}") = "Inflexion2.UX.WPF.Controls", "..\01-Projects\UX\WPF\Inflexion2.UX.WPF.Controls\Inflexion2.UX.WPF.Controls.csproj", "{08BF5909-E6ED-4CCC-8CC5-9D07CBFCB39E}"
EndProject
Project("{FAE04EC0-301F-11D3-BF4B-00C04F79EFBC}") = "Inflexion2.UX.WPF", "..\01-Projects\UX\WPF\Inflexion2.UX.WPF\Inflexion2.UX.WPF.csproj", "{C55CA135-8975-49C6-A554-11E45164EB70}"
EndProject
Project("{FAE04EC0-301F-11D3-BF4B-00C04F79EFBC}") = "Inflexion2.Framework.Testing", "..\03-Testing\Inflexion2.Framework.Testing\Inflexion2.Framework.Testing.csproj", "{B070D29E-7A42-497E-B448-A17C6573D65D}"
EndProject
Project("{FAE04EC0-301F-11D3-BF4B-00C04F79EFBC}") = "Inflexion2.Resources", "..\01-Projects\Inflexion2.Resources\Inflexion2.Resources.csproj", "{E5F79D13-0E92-4E5C-9251-6922741AFCAA}"
EndProject
Project("{FAE04EC0-301F-11D3-BF4B-00C04F79EFBC}") = "ModelDriver", "..\04-T4\ModelDriver\ModelDriver.csproj", "{03AB55C4-5F34-4DD3-86C9-24DCA4A4E6E3}"
EndProject
Project("{FAE04EC0-301F-11D3-BF4B-00C04F79EFBC}") = "Inflexion2.UX.Assets", "..\00-Assets\Inflexion2.UX.Assets\Inflexion2.UX.Assets.csproj", "{9A7FB831-362E-43D7-AD82-306B0FE43409}"
EndProject
Project("{FAE04EC0-301F-11D3-BF4B-00C04F79EFBC}") = "Inflexion2.UX.WPF.Resources", "..\01-Projects\UX\WPF\Inflexion2.UX.WPF.Resources\Inflexion2.UX.WPF.Resources.csproj", "{0E57960A-9282-4DD6-8966-41DBCD45DD97}"
EndProject
Project("{FAE04EC0-301F-11D3-BF4B-00C04F79EFBC}") = "Inflexion2.Logging", "..\01-Projects\Inflexion2.Logging\Inflexion2.Logging.csproj", "{8C00A051-13CA-4702-B74C-FD672E843BDE}"
EndProject
Project("{FAE04EC0-301F-11D3-BF4B-00C04F79EFBC}") = "Inflexion2.Logging.Log4Net", "..\01-Projects\Inflexion2.Logging.Log4Net\Inflexion2.Logging.Log4Net.csproj", "{7AB7BDAC-23C6-471B-97CE-93FAD74BA5DA}"
EndProject
Project("{FAE04EC0-301F-11D3-BF4B-00C04F79EFBC}") = "Inflexion2.Logging.NLog", "..\01-Projects\Inflexion2.Logging.NLog\Inflexion2.Logging.NLog.csproj", "{013337DD-4F8A-40C5-81F9-1785A28F872E}"
EndProject
Project("{2150E333-8FDC-42A3-9474-1A3956D46DE8}") = "Model", "Model", "{E73451D4-B6E8-45E5-9D10-B0957B2ECFAB}"
EndProject
Project("{2150E333-8FDC-42A3-9474-1A3956D46DE8}") = "Common", "Common", "{5AC895E3-BBEF-4C22-B88C-E1D448E02899}"
EndProject
Project("{2150E333-8FDC-42A3-9474-1A3956D46DE8}") = "02. Application", "02. Application", "{7AAE438B-28CA-4A8D-AB49-B6DD4D092694}"
EndProject
Project("{FAE04EC0-301F-11D3-BF4B-00C04F79EFBC}") = "Needel.Common.Application.WcfClient", "..\03-GeneratedProjects\Needel.Common.Application.WcfClient\Needel.Common.Application.WcfClient.csproj", "{05BF414A-486B-4E9D-9244-98DAB9F9002D}"
EndProject
Project("{2150E333-8FDC-42A3-9474-1A3956D46DE8}") = "05. Testing", "05. Testing", "{4FB0B4FE-5924-4713-9C5C-510D57D60CD6}"
EndProject
Project("{FAE04EC0-301F-11D3-BF4B-00C04F79EFBC}") = "Needel.Common.Test.DomainLayer", "..\03-GeneratedProjects\Needel.Common.Test.DomainLayer\Needel.Common.Test.DomainLayer.csproj", "{F00B6260-72A8-4CBA-B9AE-7209B9FC5477}"
EndProject
Project("{FAE04EC0-301F-11D3-BF4B-00C04F79EFBC}") = "Needel.Common.Test.InfrastructureLayer", "..\03-GeneratedProjects\Needel.Common.Test.InfrastructureLayer\Needel.Common.Test.InfrastructureLayer.csproj", "{3A308B31-5140-43F1-8B53-2BC9DD38EB8A}"
EndProject
Project("{FAE04EC0-301F-11D3-BF4B-00C04F79EFBC}") = "Needel.Common.Test.ApplicationLayer", "..\03-GeneratedProjects\Needel.Common.Test.ApplicationLayer\Needel.Common.Test.ApplicationLayer.csproj", "{C4104DC2-CE7E-44C9-B58B-1285A03520FE}"
EndProject
Project("{FAE04EC0-301F-11D3-BF4B-00C04F79EFBC}") = "Needel.Common.Test.UXwpfLayer", "..\03-GeneratedProjects\Needel.Common.Test.UXwpfLayer\Needel.Common.Test.UXwpfLayer.csproj", "{D661EDFC-0DAA-4278-86DA-A3069A8F27A4}"
EndProject
Project("{2150E333-8FDC-42A3-9474-1A3956D46DE8}") = "03. Domain", "03. Domain", "{DDEA432B-A846-45FB-B866-709087AFD48A}"
EndProject
Project("{FAE04EC0-301F-11D3-BF4B-00C04F79EFBC}") = "Needel.Common.Domain.Data", "..\03-GeneratedProjects\Needel.Common.Domain.Data\Needel.Common.Domain.Data.csproj", "{06EE393D-100A-4FE9-962F-97BC2F8232C4}"
EndProject
Project("{FAE04EC0-301F-11D3-BF4B-00C04F79EFBC}") = "Needel.Common.Domain", "..\03-GeneratedProjects\Needel.Common.Domain\Needel.Common.Domain.csproj", "{260CC7E7-A4BE-41A7-87EC-E5F080720A30}"
EndProject
Project("{2150E333-8FDC-42A3-9474-1A3956D46DE8}") = "04. Infrastructure", "04. Infrastructure", "{5351477D-B7B3-4CE6-84AF-34083A2E0C42}"
EndProject
Project("{FAE04EC0-301F-11D3-BF4B-00C04F79EFBC}") = "Needel.Common.Infrastructure.Resources", "..\03-GeneratedProjects\Needel.Common.Infrastructure.Resources\Needel.Common.Infrastructure.Resources.csproj", "{4F63DB73-37C1-4513-B8CF-44433EF2DEAE}"
EndProject
Project("{FAE04EC0-301F-11D3-BF4B-00C04F79EFBC}") = "Needel.Common.Infrastructure", "..\03-GeneratedProjects\Needel.Common.Infrastructure\Needel.Common.Infrastructure.csproj", "{A0A9719F-69D3-4668-9804-09ECF1F22245}"
EndProject
Project("{FAE04EC0-301F-11D3-BF4B-00C04F79EFBC}") = "Needel.Common.Application.Dtos", "..\03-GeneratedProjects\Needel.Common.Application.Dtos\Needel.Common.Application.Dtos.csproj", "{D7C0AF77-EE28-4A0D-AF3A-1FB9BC76FB6F}"
EndProject
Project("{FAE04EC0-301F-11D3-BF4B-00C04F79EFBC}") = "Needel.Common.Application", "..\03-GeneratedProjects\Needel.Common.Application\Needel.Common.Application.csproj", "{079655E7-7FD7-45DD-8E03-92C94CC19AE3}"
EndProject
Project("{FAE04EC0-301F-11D3-BF4B-00C04F79EFBC}") = "Needel.Common.Application.WcfService.Contracts", "..\03-GeneratedProjects\Needel.Common.Application.WcfService.Contracts\Needel.Common.Application.WcfService.Contracts.csproj", "{9567F1F2-2519-45AE-81BF-4DA9C16BB665}"
EndProject
Project("{FAE04EC0-301F-11D3-BF4B-00C04F79EFBC}") = "Needel.Common.Application.WcfService", "..\03-GeneratedProjects\Needel.Common.Application.WcfService\Needel.Common.Application.WcfService.csproj", "{FEB7E540-A1BF-4913-80B0-5E154CC45729}"
EndProject
Project("{2150E333-8FDC-42A3-9474-1A3956D46DE8}") = "01. FrontEnd", "01. FrontEnd", "{E21844D4-5E49-406B-812B-871CBFF6CE5B}"
EndProject
Project("{2150E333-8FDC-42A3-9474-1A3956D46DE8}") = "Wpf", "Wpf", "{C224F495-A5A2-418A-B789-A63AB7E66D8E}"
EndProject
Project("{FAE04EC0-301F-11D3-BF4B-00C04F79EFBC}") = "Needel.Common.FrontEnd.WpfStartUp", "..\03-GeneratedProjects\Needel.Common.FrontEnd.WpfStartUp\Needel.Common.FrontEnd.WpfStartUp.csproj", "{5F6822CB-C557-401E-AA93-3EB3270C8821}"
EndProject
Project("{FAE04EC0-301F-11D3-BF4B-00C04F79EFBC}") = "Needel.Common.FrontEnd.WpfModule", "..\03-GeneratedProjects\Needel.Common.FrontEnd.WpfModule\Needel.Common.FrontEnd.WpfModule.csproj", "{BD10C4F7-E4C7-443E-A9B7-21CAA661C2EF}"
EndProject
Global
	GlobalSection(SolutionConfigurationPlatforms) = preSolution
		Debug|Any CPU = Debug|Any CPU
		Debug|Mixed Platforms = Debug|Mixed Platforms
		Debug|x86 = Debug|x86
		Pre|Any CPU = Pre|Any CPU
		Pre|Mixed Platforms = Pre|Mixed Platforms
		Pre|x86 = Pre|x86
		Release|Any CPU = Release|Any CPU
		Release|Mixed Platforms = Release|Mixed Platforms
		Release|x86 = Release|x86
	EndGlobalSection
	GlobalSection(ProjectConfigurationPlatforms) = postSolution
		{BF5456D4-B276-459B-98D4-853FCEF99ADE}.Debug|Any CPU.ActiveCfg = Debug|Any CPU
		{BF5456D4-B276-459B-98D4-853FCEF99ADE}.Debug|Any CPU.Build.0 = Debug|Any CPU
		{BF5456D4-B276-459B-98D4-853FCEF99ADE}.Debug|Mixed Platforms.ActiveCfg = Debug|Any CPU
		{BF5456D4-B276-459B-98D4-853FCEF99ADE}.Debug|Mixed Platforms.Build.0 = Debug|Any CPU
		{BF5456D4-B276-459B-98D4-853FCEF99ADE}.Debug|x86.ActiveCfg = Debug|Any CPU
		{BF5456D4-B276-459B-98D4-853FCEF99ADE}.Pre|Any CPU.ActiveCfg = Release|Any CPU
		{BF5456D4-B276-459B-98D4-853FCEF99ADE}.Pre|Any CPU.Build.0 = Release|Any CPU
		{BF5456D4-B276-459B-98D4-853FCEF99ADE}.Pre|Mixed Platforms.ActiveCfg = Release|Any CPU
		{BF5456D4-B276-459B-98D4-853FCEF99ADE}.Pre|Mixed Platforms.Build.0 = Release|Any CPU
		{BF5456D4-B276-459B-98D4-853FCEF99ADE}.Pre|x86.ActiveCfg = Release|Any CPU
		{BF5456D4-B276-459B-98D4-853FCEF99ADE}.Release|Any CPU.ActiveCfg = Release|Any CPU
		{BF5456D4-B276-459B-98D4-853FCEF99ADE}.Release|Any CPU.Build.0 = Release|Any CPU
		{BF5456D4-B276-459B-98D4-853FCEF99ADE}.Release|Mixed Platforms.ActiveCfg = Release|Any CPU
		{BF5456D4-B276-459B-98D4-853FCEF99ADE}.Release|Mixed Platforms.Build.0 = Release|Any CPU
		{BF5456D4-B276-459B-98D4-853FCEF99ADE}.Release|x86.ActiveCfg = Release|Any CPU
		{0FB2C801-BD90-400A-8D2B-817481985499}.Debug|Any CPU.ActiveCfg = Debug|Any CPU
		{0FB2C801-BD90-400A-8D2B-817481985499}.Debug|Any CPU.Build.0 = Debug|Any CPU
		{0FB2C801-BD90-400A-8D2B-817481985499}.Debug|Mixed Platforms.ActiveCfg = Debug|Any CPU
		{0FB2C801-BD90-400A-8D2B-817481985499}.Debug|Mixed Platforms.Build.0 = Debug|Any CPU
		{0FB2C801-BD90-400A-8D2B-817481985499}.Debug|x86.ActiveCfg = Debug|Any CPU
		{0FB2C801-BD90-400A-8D2B-817481985499}.Pre|Any CPU.ActiveCfg = Release|Any CPU
		{0FB2C801-BD90-400A-8D2B-817481985499}.Pre|Any CPU.Build.0 = Release|Any CPU
		{0FB2C801-BD90-400A-8D2B-817481985499}.Pre|Mixed Platforms.ActiveCfg = Release|Any CPU
		{0FB2C801-BD90-400A-8D2B-817481985499}.Pre|Mixed Platforms.Build.0 = Release|Any CPU
		{0FB2C801-BD90-400A-8D2B-817481985499}.Pre|x86.ActiveCfg = Release|Any CPU
		{0FB2C801-BD90-400A-8D2B-817481985499}.Release|Any CPU.ActiveCfg = Release|Any CPU
		{0FB2C801-BD90-400A-8D2B-817481985499}.Release|Any CPU.Build.0 = Release|Any CPU
		{0FB2C801-BD90-400A-8D2B-817481985499}.Release|Mixed Platforms.ActiveCfg = Release|Any CPU
		{0FB2C801-BD90-400A-8D2B-817481985499}.Release|Mixed Platforms.Build.0 = Release|Any CPU
		{0FB2C801-BD90-400A-8D2B-817481985499}.Release|x86.ActiveCfg = Release|Any CPU
		{C9564FD7-8C03-4EEE-9C0C-1D57CC059324}.Debug|Any CPU.ActiveCfg = Debug|Any CPU
		{C9564FD7-8C03-4EEE-9C0C-1D57CC059324}.Debug|Any CPU.Build.0 = Debug|Any CPU
		{C9564FD7-8C03-4EEE-9C0C-1D57CC059324}.Debug|Mixed Platforms.ActiveCfg = Debug|Any CPU
		{C9564FD7-8C03-4EEE-9C0C-1D57CC059324}.Debug|Mixed Platforms.Build.0 = Debug|Any CPU
		{C9564FD7-8C03-4EEE-9C0C-1D57CC059324}.Debug|x86.ActiveCfg = Debug|x86
		{C9564FD7-8C03-4EEE-9C0C-1D57CC059324}.Debug|x86.Build.0 = Debug|x86
		{C9564FD7-8C03-4EEE-9C0C-1D57CC059324}.Pre|Any CPU.ActiveCfg = Release|x86
		{C9564FD7-8C03-4EEE-9C0C-1D57CC059324}.Pre|Mixed Platforms.ActiveCfg = Release|x86
		{C9564FD7-8C03-4EEE-9C0C-1D57CC059324}.Pre|Mixed Platforms.Build.0 = Release|x86
		{C9564FD7-8C03-4EEE-9C0C-1D57CC059324}.Pre|x86.ActiveCfg = Release|x86
		{C9564FD7-8C03-4EEE-9C0C-1D57CC059324}.Pre|x86.Build.0 = Release|x86
		{C9564FD7-8C03-4EEE-9C0C-1D57CC059324}.Release|Any CPU.ActiveCfg = Release|x86
		{C9564FD7-8C03-4EEE-9C0C-1D57CC059324}.Release|Mixed Platforms.ActiveCfg = Release|x86
		{C9564FD7-8C03-4EEE-9C0C-1D57CC059324}.Release|Mixed Platforms.Build.0 = Release|x86
		{C9564FD7-8C03-4EEE-9C0C-1D57CC059324}.Release|x86.ActiveCfg = Release|x86
		{C9564FD7-8C03-4EEE-9C0C-1D57CC059324}.Release|x86.Build.0 = Release|x86
		{35331B03-1EF9-488C-964C-42DE594C98F1}.Debug|Any CPU.ActiveCfg = Debug|Any CPU
		{35331B03-1EF9-488C-964C-42DE594C98F1}.Debug|Any CPU.Build.0 = Debug|Any CPU
		{35331B03-1EF9-488C-964C-42DE594C98F1}.Debug|Mixed Platforms.ActiveCfg = Debug|Any CPU
		{35331B03-1EF9-488C-964C-42DE594C98F1}.Debug|Mixed Platforms.Build.0 = Debug|Any CPU
		{35331B03-1EF9-488C-964C-42DE594C98F1}.Debug|x86.ActiveCfg = Debug|Any CPU
		{35331B03-1EF9-488C-964C-42DE594C98F1}.Pre|Any CPU.ActiveCfg = Release|Any CPU
		{35331B03-1EF9-488C-964C-42DE594C98F1}.Pre|Any CPU.Build.0 = Release|Any CPU
		{35331B03-1EF9-488C-964C-42DE594C98F1}.Pre|Mixed Platforms.ActiveCfg = Release|Any CPU
		{35331B03-1EF9-488C-964C-42DE594C98F1}.Pre|Mixed Platforms.Build.0 = Release|Any CPU
		{35331B03-1EF9-488C-964C-42DE594C98F1}.Pre|x86.ActiveCfg = Release|Any CPU
		{35331B03-1EF9-488C-964C-42DE594C98F1}.Release|Any CPU.ActiveCfg = Release|Any CPU
		{35331B03-1EF9-488C-964C-42DE594C98F1}.Release|Any CPU.Build.0 = Release|Any CPU
		{35331B03-1EF9-488C-964C-42DE594C98F1}.Release|Mixed Platforms.ActiveCfg = Release|Any CPU
		{35331B03-1EF9-488C-964C-42DE594C98F1}.Release|Mixed Platforms.Build.0 = Release|Any CPU
		{35331B03-1EF9-488C-964C-42DE594C98F1}.Release|x86.ActiveCfg = Release|Any CPU
		{08BF5909-E6ED-4CCC-8CC5-9D07CBFCB39E}.Debug|Any CPU.ActiveCfg = Debug|Any CPU
		{08BF5909-E6ED-4CCC-8CC5-9D07CBFCB39E}.Debug|Any CPU.Build.0 = Debug|Any CPU
		{08BF5909-E6ED-4CCC-8CC5-9D07CBFCB39E}.Debug|Mixed Platforms.ActiveCfg = Debug|Any CPU
		{08BF5909-E6ED-4CCC-8CC5-9D07CBFCB39E}.Debug|Mixed Platforms.Build.0 = Debug|Any CPU
		{08BF5909-E6ED-4CCC-8CC5-9D07CBFCB39E}.Debug|x86.ActiveCfg = Debug|Any CPU
		{08BF5909-E6ED-4CCC-8CC5-9D07CBFCB39E}.Pre|Any CPU.ActiveCfg = Pre|Any CPU
		{08BF5909-E6ED-4CCC-8CC5-9D07CBFCB39E}.Pre|Any CPU.Build.0 = Pre|Any CPU
		{08BF5909-E6ED-4CCC-8CC5-9D07CBFCB39E}.Pre|Mixed Platforms.ActiveCfg = Pre|Any CPU
		{08BF5909-E6ED-4CCC-8CC5-9D07CBFCB39E}.Pre|Mixed Platforms.Build.0 = Pre|Any CPU
		{08BF5909-E6ED-4CCC-8CC5-9D07CBFCB39E}.Pre|x86.ActiveCfg = Pre|Any CPU
		{08BF5909-E6ED-4CCC-8CC5-9D07CBFCB39E}.Release|Any CPU.ActiveCfg = Release|Any CPU
		{08BF5909-E6ED-4CCC-8CC5-9D07CBFCB39E}.Release|Any CPU.Build.0 = Release|Any CPU
		{08BF5909-E6ED-4CCC-8CC5-9D07CBFCB39E}.Release|Mixed Platforms.ActiveCfg = Release|Any CPU
		{08BF5909-E6ED-4CCC-8CC5-9D07CBFCB39E}.Release|Mixed Platforms.Build.0 = Release|Any CPU
		{08BF5909-E6ED-4CCC-8CC5-9D07CBFCB39E}.Release|x86.ActiveCfg = Release|Any CPU
		{C55CA135-8975-49C6-A554-11E45164EB70}.Debug|Any CPU.ActiveCfg = Debug|Any CPU
		{C55CA135-8975-49C6-A554-11E45164EB70}.Debug|Any CPU.Build.0 = Debug|Any CPU
		{C55CA135-8975-49C6-A554-11E45164EB70}.Debug|Mixed Platforms.ActiveCfg = Debug|Any CPU
		{C55CA135-8975-49C6-A554-11E45164EB70}.Debug|Mixed Platforms.Build.0 = Debug|Any CPU
		{C55CA135-8975-49C6-A554-11E45164EB70}.Debug|x86.ActiveCfg = Debug|Any CPU
		{C55CA135-8975-49C6-A554-11E45164EB70}.Pre|Any CPU.ActiveCfg = Pre|Any CPU
		{C55CA135-8975-49C6-A554-11E45164EB70}.Pre|Any CPU.Build.0 = Pre|Any CPU
		{C55CA135-8975-49C6-A554-11E45164EB70}.Pre|Mixed Platforms.ActiveCfg = Pre|Any CPU
		{C55CA135-8975-49C6-A554-11E45164EB70}.Pre|Mixed Platforms.Build.0 = Pre|Any CPU
		{C55CA135-8975-49C6-A554-11E45164EB70}.Pre|x86.ActiveCfg = Pre|Any CPU
		{C55CA135-8975-49C6-A554-11E45164EB70}.Release|Any CPU.ActiveCfg = Release|Any CPU
		{C55CA135-8975-49C6-A554-11E45164EB70}.Release|Any CPU.Build.0 = Release|Any CPU
		{C55CA135-8975-49C6-A554-11E45164EB70}.Release|Mixed Platforms.ActiveCfg = Release|Any CPU
		{C55CA135-8975-49C6-A554-11E45164EB70}.Release|Mixed Platforms.Build.0 = Release|Any CPU
		{C55CA135-8975-49C6-A554-11E45164EB70}.Release|x86.ActiveCfg = Release|Any CPU
		{B070D29E-7A42-497E-B448-A17C6573D65D}.Debug|Any CPU.ActiveCfg = Debug|Any CPU
		{B070D29E-7A42-497E-B448-A17C6573D65D}.Debug|Any CPU.Build.0 = Debug|Any CPU
		{B070D29E-7A42-497E-B448-A17C6573D65D}.Debug|Mixed Platforms.ActiveCfg = Debug|Any CPU
		{B070D29E-7A42-497E-B448-A17C6573D65D}.Debug|Mixed Platforms.Build.0 = Debug|Any CPU
		{B070D29E-7A42-497E-B448-A17C6573D65D}.Debug|x86.ActiveCfg = Debug|Any CPU
		{B070D29E-7A42-497E-B448-A17C6573D65D}.Pre|Any CPU.ActiveCfg = Release|Any CPU
		{B070D29E-7A42-497E-B448-A17C6573D65D}.Pre|Any CPU.Build.0 = Release|Any CPU
		{B070D29E-7A42-497E-B448-A17C6573D65D}.Pre|Mixed Platforms.ActiveCfg = Release|Any CPU
		{B070D29E-7A42-497E-B448-A17C6573D65D}.Pre|Mixed Platforms.Build.0 = Release|Any CPU
		{B070D29E-7A42-497E-B448-A17C6573D65D}.Pre|x86.ActiveCfg = Release|Any CPU
		{B070D29E-7A42-497E-B448-A17C6573D65D}.Release|Any CPU.ActiveCfg = Release|Any CPU
		{B070D29E-7A42-497E-B448-A17C6573D65D}.Release|Any CPU.Build.0 = Release|Any CPU
		{B070D29E-7A42-497E-B448-A17C6573D65D}.Release|Mixed Platforms.ActiveCfg = Release|Any CPU
		{B070D29E-7A42-497E-B448-A17C6573D65D}.Release|Mixed Platforms.Build.0 = Release|Any CPU
		{B070D29E-7A42-497E-B448-A17C6573D65D}.Release|x86.ActiveCfg = Release|Any CPU
		{E5F79D13-0E92-4E5C-9251-6922741AFCAA}.Debug|Any CPU.ActiveCfg = Debug|Any CPU
		{E5F79D13-0E92-4E5C-9251-6922741AFCAA}.Debug|Any CPU.Build.0 = Debug|Any CPU
		{E5F79D13-0E92-4E5C-9251-6922741AFCAA}.Debug|Mixed Platforms.ActiveCfg = Debug|Any CPU
		{E5F79D13-0E92-4E5C-9251-6922741AFCAA}.Debug|Mixed Platforms.Build.0 = Debug|Any CPU
		{E5F79D13-0E92-4E5C-9251-6922741AFCAA}.Debug|x86.ActiveCfg = Debug|Any CPU
		{E5F79D13-0E92-4E5C-9251-6922741AFCAA}.Pre|Any CPU.ActiveCfg = Release|Any CPU
		{E5F79D13-0E92-4E5C-9251-6922741AFCAA}.Pre|Any CPU.Build.0 = Release|Any CPU
		{E5F79D13-0E92-4E5C-9251-6922741AFCAA}.Pre|Mixed Platforms.ActiveCfg = Release|Any CPU
		{E5F79D13-0E92-4E5C-9251-6922741AFCAA}.Pre|Mixed Platforms.Build.0 = Release|Any CPU
		{E5F79D13-0E92-4E5C-9251-6922741AFCAA}.Pre|x86.ActiveCfg = Release|Any CPU
		{E5F79D13-0E92-4E5C-9251-6922741AFCAA}.Release|Any CPU.ActiveCfg = Release|Any CPU
		{E5F79D13-0E92-4E5C-9251-6922741AFCAA}.Release|Any CPU.Build.0 = Release|Any CPU
		{E5F79D13-0E92-4E5C-9251-6922741AFCAA}.Release|Mixed Platforms.ActiveCfg = Release|Any CPU
		{E5F79D13-0E92-4E5C-9251-6922741AFCAA}.Release|Mixed Platforms.Build.0 = Release|Any CPU
		{E5F79D13-0E92-4E5C-9251-6922741AFCAA}.Release|x86.ActiveCfg = Release|Any CPU
		{03AB55C4-5F34-4DD3-86C9-24DCA4A4E6E3}.Debug|Any CPU.ActiveCfg = Debug|Any CPU
		{03AB55C4-5F34-4DD3-86C9-24DCA4A4E6E3}.Debug|Any CPU.Build.0 = Debug|Any CPU
		{03AB55C4-5F34-4DD3-86C9-24DCA4A4E6E3}.Debug|Mixed Platforms.ActiveCfg = Debug|Any CPU
		{03AB55C4-5F34-4DD3-86C9-24DCA4A4E6E3}.Debug|Mixed Platforms.Build.0 = Debug|Any CPU
		{03AB55C4-5F34-4DD3-86C9-24DCA4A4E6E3}.Debug|x86.ActiveCfg = Debug|Any CPU
		{03AB55C4-5F34-4DD3-86C9-24DCA4A4E6E3}.Pre|Any CPU.ActiveCfg = Release|Any CPU
		{03AB55C4-5F34-4DD3-86C9-24DCA4A4E6E3}.Pre|Any CPU.Build.0 = Release|Any CPU
		{03AB55C4-5F34-4DD3-86C9-24DCA4A4E6E3}.Pre|Mixed Platforms.ActiveCfg = Release|Any CPU
		{03AB55C4-5F34-4DD3-86C9-24DCA4A4E6E3}.Pre|Mixed Platforms.Build.0 = Release|Any CPU
		{03AB55C4-5F34-4DD3-86C9-24DCA4A4E6E3}.Pre|x86.ActiveCfg = Release|Any CPU
		{03AB55C4-5F34-4DD3-86C9-24DCA4A4E6E3}.Release|Any CPU.ActiveCfg = Release|Any CPU
		{03AB55C4-5F34-4DD3-86C9-24DCA4A4E6E3}.Release|Any CPU.Build.0 = Release|Any CPU
		{03AB55C4-5F34-4DD3-86C9-24DCA4A4E6E3}.Release|Mixed Platforms.ActiveCfg = Release|Any CPU
		{03AB55C4-5F34-4DD3-86C9-24DCA4A4E6E3}.Release|Mixed Platforms.Build.0 = Release|Any CPU
		{03AB55C4-5F34-4DD3-86C9-24DCA4A4E6E3}.Release|x86.ActiveCfg = Release|Any CPU
		{9A7FB831-362E-43D7-AD82-306B0FE43409}.Debug|Any CPU.ActiveCfg = Debug|Any CPU
		{9A7FB831-362E-43D7-AD82-306B0FE43409}.Debug|Any CPU.Build.0 = Debug|Any CPU
		{9A7FB831-362E-43D7-AD82-306B0FE43409}.Debug|Mixed Platforms.ActiveCfg = Debug|Any CPU
		{9A7FB831-362E-43D7-AD82-306B0FE43409}.Debug|Mixed Platforms.Build.0 = Debug|Any CPU
		{9A7FB831-362E-43D7-AD82-306B0FE43409}.Debug|x86.ActiveCfg = Debug|Any CPU
		{9A7FB831-362E-43D7-AD82-306B0FE43409}.Debug|x86.Build.0 = Debug|Any CPU
		{9A7FB831-362E-43D7-AD82-306B0FE43409}.Pre|Any CPU.ActiveCfg = Release|Any CPU
		{9A7FB831-362E-43D7-AD82-306B0FE43409}.Pre|Any CPU.Build.0 = Release|Any CPU
		{9A7FB831-362E-43D7-AD82-306B0FE43409}.Pre|Mixed Platforms.ActiveCfg = Release|Any CPU
		{9A7FB831-362E-43D7-AD82-306B0FE43409}.Pre|Mixed Platforms.Build.0 = Release|Any CPU
		{9A7FB831-362E-43D7-AD82-306B0FE43409}.Pre|x86.ActiveCfg = Release|Any CPU
		{9A7FB831-362E-43D7-AD82-306B0FE43409}.Pre|x86.Build.0 = Release|Any CPU
		{9A7FB831-362E-43D7-AD82-306B0FE43409}.Release|Any CPU.ActiveCfg = Release|Any CPU
		{9A7FB831-362E-43D7-AD82-306B0FE43409}.Release|Any CPU.Build.0 = Release|Any CPU
		{9A7FB831-362E-43D7-AD82-306B0FE43409}.Release|Mixed Platforms.ActiveCfg = Release|Any CPU
		{9A7FB831-362E-43D7-AD82-306B0FE43409}.Release|Mixed Platforms.Build.0 = Release|Any CPU
		{9A7FB831-362E-43D7-AD82-306B0FE43409}.Release|x86.ActiveCfg = Release|Any CPU
		{9A7FB831-362E-43D7-AD82-306B0FE43409}.Release|x86.Build.0 = Release|Any CPU
		{0E57960A-9282-4DD6-8966-41DBCD45DD97}.Debug|Any CPU.ActiveCfg = Debug|Any CPU
		{0E57960A-9282-4DD6-8966-41DBCD45DD97}.Debug|Any CPU.Build.0 = Debug|Any CPU
		{0E57960A-9282-4DD6-8966-41DBCD45DD97}.Debug|Mixed Platforms.ActiveCfg = Debug|Any CPU
		{0E57960A-9282-4DD6-8966-41DBCD45DD97}.Debug|Mixed Platforms.Build.0 = Debug|Any CPU
		{0E57960A-9282-4DD6-8966-41DBCD45DD97}.Debug|x86.ActiveCfg = Debug|Any CPU
		{0E57960A-9282-4DD6-8966-41DBCD45DD97}.Debug|x86.Build.0 = Debug|Any CPU
		{0E57960A-9282-4DD6-8966-41DBCD45DD97}.Pre|Any CPU.ActiveCfg = Release|Any CPU
		{0E57960A-9282-4DD6-8966-41DBCD45DD97}.Pre|Any CPU.Build.0 = Release|Any CPU
		{0E57960A-9282-4DD6-8966-41DBCD45DD97}.Pre|Mixed Platforms.ActiveCfg = Release|Any CPU
		{0E57960A-9282-4DD6-8966-41DBCD45DD97}.Pre|Mixed Platforms.Build.0 = Release|Any CPU
		{0E57960A-9282-4DD6-8966-41DBCD45DD97}.Pre|x86.ActiveCfg = Release|Any CPU
		{0E57960A-9282-4DD6-8966-41DBCD45DD97}.Pre|x86.Build.0 = Release|Any CPU
		{0E57960A-9282-4DD6-8966-41DBCD45DD97}.Release|Any CPU.ActiveCfg = Release|Any CPU
		{0E57960A-9282-4DD6-8966-41DBCD45DD97}.Release|Any CPU.Build.0 = Release|Any CPU
		{0E57960A-9282-4DD6-8966-41DBCD45DD97}.Release|Mixed Platforms.ActiveCfg = Release|Any CPU
		{0E57960A-9282-4DD6-8966-41DBCD45DD97}.Release|Mixed Platforms.Build.0 = Release|Any CPU
		{0E57960A-9282-4DD6-8966-41DBCD45DD97}.Release|x86.ActiveCfg = Release|Any CPU
		{0E57960A-9282-4DD6-8966-41DBCD45DD97}.Release|x86.Build.0 = Release|Any CPU
		{8C00A051-13CA-4702-B74C-FD672E843BDE}.Debug|Any CPU.ActiveCfg = Debug|Any CPU
		{8C00A051-13CA-4702-B74C-FD672E843BDE}.Debug|Any CPU.Build.0 = Debug|Any CPU
		{8C00A051-13CA-4702-B74C-FD672E843BDE}.Debug|Mixed Platforms.ActiveCfg = Debug|Any CPU
		{8C00A051-13CA-4702-B74C-FD672E843BDE}.Debug|Mixed Platforms.Build.0 = Debug|Any CPU
		{8C00A051-13CA-4702-B74C-FD672E843BDE}.Debug|x86.ActiveCfg = Debug|Any CPU
		{8C00A051-13CA-4702-B74C-FD672E843BDE}.Debug|x86.Build.0 = Debug|Any CPU
		{8C00A051-13CA-4702-B74C-FD672E843BDE}.Pre|Any CPU.ActiveCfg = Release|Any CPU
		{8C00A051-13CA-4702-B74C-FD672E843BDE}.Pre|Any CPU.Build.0 = Release|Any CPU
		{8C00A051-13CA-4702-B74C-FD672E843BDE}.Pre|Mixed Platforms.ActiveCfg = Release|Any CPU
		{8C00A051-13CA-4702-B74C-FD672E843BDE}.Pre|Mixed Platforms.Build.0 = Release|Any CPU
		{8C00A051-13CA-4702-B74C-FD672E843BDE}.Pre|x86.ActiveCfg = Release|Any CPU
		{8C00A051-13CA-4702-B74C-FD672E843BDE}.Pre|x86.Build.0 = Release|Any CPU
		{8C00A051-13CA-4702-B74C-FD672E843BDE}.Release|Any CPU.ActiveCfg = Release|Any CPU
		{8C00A051-13CA-4702-B74C-FD672E843BDE}.Release|Any CPU.Build.0 = Release|Any CPU
		{8C00A051-13CA-4702-B74C-FD672E843BDE}.Release|Mixed Platforms.ActiveCfg = Release|Any CPU
		{8C00A051-13CA-4702-B74C-FD672E843BDE}.Release|Mixed Platforms.Build.0 = Release|Any CPU
		{8C00A051-13CA-4702-B74C-FD672E843BDE}.Release|x86.ActiveCfg = Release|Any CPU
		{8C00A051-13CA-4702-B74C-FD672E843BDE}.Release|x86.Build.0 = Release|Any CPU
		{7AB7BDAC-23C6-471B-97CE-93FAD74BA5DA}.Debug|Any CPU.ActiveCfg = Debug|Any CPU
		{7AB7BDAC-23C6-471B-97CE-93FAD74BA5DA}.Debug|Any CPU.Build.0 = Debug|Any CPU
		{7AB7BDAC-23C6-471B-97CE-93FAD74BA5DA}.Debug|Mixed Platforms.ActiveCfg = Debug|Any CPU
		{7AB7BDAC-23C6-471B-97CE-93FAD74BA5DA}.Debug|Mixed Platforms.Build.0 = Debug|Any CPU
		{7AB7BDAC-23C6-471B-97CE-93FAD74BA5DA}.Debug|x86.ActiveCfg = Debug|Any CPU
		{7AB7BDAC-23C6-471B-97CE-93FAD74BA5DA}.Debug|x86.Build.0 = Debug|Any CPU
		{7AB7BDAC-23C6-471B-97CE-93FAD74BA5DA}.Pre|Any CPU.ActiveCfg = Release|Any CPU
		{7AB7BDAC-23C6-471B-97CE-93FAD74BA5DA}.Pre|Any CPU.Build.0 = Release|Any CPU
		{7AB7BDAC-23C6-471B-97CE-93FAD74BA5DA}.Pre|Mixed Platforms.ActiveCfg = Release|Any CPU
		{7AB7BDAC-23C6-471B-97CE-93FAD74BA5DA}.Pre|Mixed Platforms.Build.0 = Release|Any CPU
		{7AB7BDAC-23C6-471B-97CE-93FAD74BA5DA}.Pre|x86.ActiveCfg = Release|Any CPU
		{7AB7BDAC-23C6-471B-97CE-93FAD74BA5DA}.Pre|x86.Build.0 = Release|Any CPU
		{7AB7BDAC-23C6-471B-97CE-93FAD74BA5DA}.Release|Any CPU.ActiveCfg = Release|Any CPU
		{7AB7BDAC-23C6-471B-97CE-93FAD74BA5DA}.Release|Any CPU.Build.0 = Release|Any CPU
		{7AB7BDAC-23C6-471B-97CE-93FAD74BA5DA}.Release|Mixed Platforms.ActiveCfg = Release|Any CPU
		{7AB7BDAC-23C6-471B-97CE-93FAD74BA5DA}.Release|Mixed Platforms.Build.0 = Release|Any CPU
		{7AB7BDAC-23C6-471B-97CE-93FAD74BA5DA}.Release|x86.ActiveCfg = Release|Any CPU
		{7AB7BDAC-23C6-471B-97CE-93FAD74BA5DA}.Release|x86.Build.0 = Release|Any CPU
		{013337DD-4F8A-40C5-81F9-1785A28F872E}.Debug|Any CPU.ActiveCfg = Debug|Any CPU
		{013337DD-4F8A-40C5-81F9-1785A28F872E}.Debug|Any CPU.Build.0 = Debug|Any CPU
		{013337DD-4F8A-40C5-81F9-1785A28F872E}.Debug|Mixed Platforms.ActiveCfg = Debug|Any CPU
		{013337DD-4F8A-40C5-81F9-1785A28F872E}.Debug|Mixed Platforms.Build.0 = Debug|Any CPU
		{013337DD-4F8A-40C5-81F9-1785A28F872E}.Debug|x86.ActiveCfg = Debug|Any CPU
		{013337DD-4F8A-40C5-81F9-1785A28F872E}.Debug|x86.Build.0 = Debug|Any CPU
		{013337DD-4F8A-40C5-81F9-1785A28F872E}.Pre|Any CPU.ActiveCfg = Release|Any CPU
		{013337DD-4F8A-40C5-81F9-1785A28F872E}.Pre|Any CPU.Build.0 = Release|Any CPU
		{013337DD-4F8A-40C5-81F9-1785A28F872E}.Pre|Mixed Platforms.ActiveCfg = Release|Any CPU
		{013337DD-4F8A-40C5-81F9-1785A28F872E}.Pre|Mixed Platforms.Build.0 = Release|Any CPU
		{013337DD-4F8A-40C5-81F9-1785A28F872E}.Pre|x86.ActiveCfg = Release|Any CPU
		{013337DD-4F8A-40C5-81F9-1785A28F872E}.Pre|x86.Build.0 = Release|Any CPU
		{013337DD-4F8A-40C5-81F9-1785A28F872E}.Release|Any CPU.ActiveCfg = Release|Any CPU
		{013337DD-4F8A-40C5-81F9-1785A28F872E}.Release|Any CPU.Build.0 = Release|Any CPU
		{013337DD-4F8A-40C5-81F9-1785A28F872E}.Release|Mixed Platforms.ActiveCfg = Release|Any CPU
		{013337DD-4F8A-40C5-81F9-1785A28F872E}.Release|Mixed Platforms.Build.0 = Release|Any CPU
		{013337DD-4F8A-40C5-81F9-1785A28F872E}.Release|x86.ActiveCfg = Release|Any CPU
		{013337DD-4F8A-40C5-81F9-1785A28F872E}.Release|x86.Build.0 = Release|Any CPU
		{05BF414A-486B-4E9D-9244-98DAB9F9002D}.Debug|Any CPU.ActiveCfg = Debug|Any CPU
		{05BF414A-486B-4E9D-9244-98DAB9F9002D}.Debug|Any CPU.Build.0 = Debug|Any CPU
		{05BF414A-486B-4E9D-9244-98DAB9F9002D}.Debug|Mixed Platforms.ActiveCfg = Debug|Any CPU
		{05BF414A-486B-4E9D-9244-98DAB9F9002D}.Debug|Mixed Platforms.Build.0 = Debug|Any CPU
		{05BF414A-486B-4E9D-9244-98DAB9F9002D}.Debug|x86.ActiveCfg = Debug|Any CPU
		{05BF414A-486B-4E9D-9244-98DAB9F9002D}.Debug|x86.Build.0 = Debug|Any CPU
		{05BF414A-486B-4E9D-9244-98DAB9F9002D}.Pre|Any CPU.ActiveCfg = Release|Any CPU
		{05BF414A-486B-4E9D-9244-98DAB9F9002D}.Pre|Any CPU.Build.0 = Release|Any CPU
		{05BF414A-486B-4E9D-9244-98DAB9F9002D}.Pre|Mixed Platforms.ActiveCfg = Release|Any CPU
		{05BF414A-486B-4E9D-9244-98DAB9F9002D}.Pre|Mixed Platforms.Build.0 = Release|Any CPU
		{05BF414A-486B-4E9D-9244-98DAB9F9002D}.Pre|x86.ActiveCfg = Release|Any CPU
		{05BF414A-486B-4E9D-9244-98DAB9F9002D}.Pre|x86.Build.0 = Release|Any CPU
		{05BF414A-486B-4E9D-9244-98DAB9F9002D}.Release|Any CPU.ActiveCfg = Release|Any CPU
		{05BF414A-486B-4E9D-9244-98DAB9F9002D}.Release|Any CPU.Build.0 = Release|Any CPU
		{05BF414A-486B-4E9D-9244-98DAB9F9002D}.Release|Mixed Platforms.ActiveCfg = Release|Any CPU
		{05BF414A-486B-4E9D-9244-98DAB9F9002D}.Release|Mixed Platforms.Build.0 = Release|Any CPU
		{05BF414A-486B-4E9D-9244-98DAB9F9002D}.Release|x86.ActiveCfg = Release|Any CPU
		{05BF414A-486B-4E9D-9244-98DAB9F9002D}.Release|x86.Build.0 = Release|Any CPU
		{F00B6260-72A8-4CBA-B9AE-7209B9FC5477}.Debug|Any CPU.ActiveCfg = Debug|Any CPU
		{F00B6260-72A8-4CBA-B9AE-7209B9FC5477}.Debug|Any CPU.Build.0 = Debug|Any CPU
		{F00B6260-72A8-4CBA-B9AE-7209B9FC5477}.Debug|Mixed Platforms.ActiveCfg = Debug|Any CPU
		{F00B6260-72A8-4CBA-B9AE-7209B9FC5477}.Debug|Mixed Platforms.Build.0 = Debug|Any CPU
		{F00B6260-72A8-4CBA-B9AE-7209B9FC5477}.Debug|x86.ActiveCfg = Debug|Any CPU
		{F00B6260-72A8-4CBA-B9AE-7209B9FC5477}.Debug|x86.Build.0 = Debug|Any CPU
		{F00B6260-72A8-4CBA-B9AE-7209B9FC5477}.Pre|Any CPU.ActiveCfg = Release|Any CPU
		{F00B6260-72A8-4CBA-B9AE-7209B9FC5477}.Pre|Any CPU.Build.0 = Release|Any CPU
		{F00B6260-72A8-4CBA-B9AE-7209B9FC5477}.Pre|Mixed Platforms.ActiveCfg = Release|Any CPU
		{F00B6260-72A8-4CBA-B9AE-7209B9FC5477}.Pre|Mixed Platforms.Build.0 = Release|Any CPU
		{F00B6260-72A8-4CBA-B9AE-7209B9FC5477}.Pre|x86.ActiveCfg = Release|Any CPU
		{F00B6260-72A8-4CBA-B9AE-7209B9FC5477}.Pre|x86.Build.0 = Release|Any CPU
		{F00B6260-72A8-4CBA-B9AE-7209B9FC5477}.Release|Any CPU.ActiveCfg = Release|Any CPU
		{F00B6260-72A8-4CBA-B9AE-7209B9FC5477}.Release|Any CPU.Build.0 = Release|Any CPU
		{F00B6260-72A8-4CBA-B9AE-7209B9FC5477}.Release|Mixed Platforms.ActiveCfg = Release|Any CPU
		{F00B6260-72A8-4CBA-B9AE-7209B9FC5477}.Release|Mixed Platforms.Build.0 = Release|Any CPU
		{F00B6260-72A8-4CBA-B9AE-7209B9FC5477}.Release|x86.ActiveCfg = Release|Any CPU
		{F00B6260-72A8-4CBA-B9AE-7209B9FC5477}.Release|x86.Build.0 = Release|Any CPU
		{3A308B31-5140-43F1-8B53-2BC9DD38EB8A}.Debug|Any CPU.ActiveCfg = Debug|Any CPU
		{3A308B31-5140-43F1-8B53-2BC9DD38EB8A}.Debug|Any CPU.Build.0 = Debug|Any CPU
		{3A308B31-5140-43F1-8B53-2BC9DD38EB8A}.Debug|Mixed Platforms.ActiveCfg = Debug|Any CPU
		{3A308B31-5140-43F1-8B53-2BC9DD38EB8A}.Debug|Mixed Platforms.Build.0 = Debug|Any CPU
		{3A308B31-5140-43F1-8B53-2BC9DD38EB8A}.Debug|x86.ActiveCfg = Debug|Any CPU
		{3A308B31-5140-43F1-8B53-2BC9DD38EB8A}.Debug|x86.Build.0 = Debug|Any CPU
		{3A308B31-5140-43F1-8B53-2BC9DD38EB8A}.Pre|Any CPU.ActiveCfg = Release|Any CPU
		{3A308B31-5140-43F1-8B53-2BC9DD38EB8A}.Pre|Any CPU.Build.0 = Release|Any CPU
		{3A308B31-5140-43F1-8B53-2BC9DD38EB8A}.Pre|Mixed Platforms.ActiveCfg = Release|Any CPU
		{3A308B31-5140-43F1-8B53-2BC9DD38EB8A}.Pre|Mixed Platforms.Build.0 = Release|Any CPU
		{3A308B31-5140-43F1-8B53-2BC9DD38EB8A}.Pre|x86.ActiveCfg = Release|Any CPU
		{3A308B31-5140-43F1-8B53-2BC9DD38EB8A}.Pre|x86.Build.0 = Release|Any CPU
		{3A308B31-5140-43F1-8B53-2BC9DD38EB8A}.Release|Any CPU.ActiveCfg = Release|Any CPU
		{3A308B31-5140-43F1-8B53-2BC9DD38EB8A}.Release|Any CPU.Build.0 = Release|Any CPU
		{3A308B31-5140-43F1-8B53-2BC9DD38EB8A}.Release|Mixed Platforms.ActiveCfg = Release|Any CPU
		{3A308B31-5140-43F1-8B53-2BC9DD38EB8A}.Release|Mixed Platforms.Build.0 = Release|Any CPU
		{3A308B31-5140-43F1-8B53-2BC9DD38EB8A}.Release|x86.ActiveCfg = Release|Any CPU
		{3A308B31-5140-43F1-8B53-2BC9DD38EB8A}.Release|x86.Build.0 = Release|Any CPU
		{C4104DC2-CE7E-44C9-B58B-1285A03520FE}.Debug|Any CPU.ActiveCfg = Debug|Any CPU
		{C4104DC2-CE7E-44C9-B58B-1285A03520FE}.Debug|Any CPU.Build.0 = Debug|Any CPU
		{C4104DC2-CE7E-44C9-B58B-1285A03520FE}.Debug|Mixed Platforms.ActiveCfg = Debug|Any CPU
		{C4104DC2-CE7E-44C9-B58B-1285A03520FE}.Debug|Mixed Platforms.Build.0 = Debug|Any CPU
		{C4104DC2-CE7E-44C9-B58B-1285A03520FE}.Debug|x86.ActiveCfg = Debug|Any CPU
		{C4104DC2-CE7E-44C9-B58B-1285A03520FE}.Debug|x86.Build.0 = Debug|Any CPU
		{C4104DC2-CE7E-44C9-B58B-1285A03520FE}.Pre|Any CPU.ActiveCfg = Release|Any CPU
		{C4104DC2-CE7E-44C9-B58B-1285A03520FE}.Pre|Any CPU.Build.0 = Release|Any CPU
		{C4104DC2-CE7E-44C9-B58B-1285A03520FE}.Pre|Mixed Platforms.ActiveCfg = Release|Any CPU
		{C4104DC2-CE7E-44C9-B58B-1285A03520FE}.Pre|Mixed Platforms.Build.0 = Release|Any CPU
		{C4104DC2-CE7E-44C9-B58B-1285A03520FE}.Pre|x86.ActiveCfg = Release|Any CPU
		{C4104DC2-CE7E-44C9-B58B-1285A03520FE}.Pre|x86.Build.0 = Release|Any CPU
		{C4104DC2-CE7E-44C9-B58B-1285A03520FE}.Release|Any CPU.ActiveCfg = Release|Any CPU
		{C4104DC2-CE7E-44C9-B58B-1285A03520FE}.Release|Any CPU.Build.0 = Release|Any CPU
		{C4104DC2-CE7E-44C9-B58B-1285A03520FE}.Release|Mixed Platforms.ActiveCfg = Release|Any CPU
		{C4104DC2-CE7E-44C9-B58B-1285A03520FE}.Release|Mixed Platforms.Build.0 = Release|Any CPU
		{C4104DC2-CE7E-44C9-B58B-1285A03520FE}.Release|x86.ActiveCfg = Release|Any CPU
		{C4104DC2-CE7E-44C9-B58B-1285A03520FE}.Release|x86.Build.0 = Release|Any CPU
		{D661EDFC-0DAA-4278-86DA-A3069A8F27A4}.Debug|Any CPU.ActiveCfg = Debug|Any CPU
		{D661EDFC-0DAA-4278-86DA-A3069A8F27A4}.Debug|Any CPU.Build.0 = Debug|Any CPU
		{D661EDFC-0DAA-4278-86DA-A3069A8F27A4}.Debug|Mixed Platforms.ActiveCfg = Debug|Any CPU
		{D661EDFC-0DAA-4278-86DA-A3069A8F27A4}.Debug|Mixed Platforms.Build.0 = Debug|Any CPU
		{D661EDFC-0DAA-4278-86DA-A3069A8F27A4}.Debug|x86.ActiveCfg = Debug|Any CPU
		{D661EDFC-0DAA-4278-86DA-A3069A8F27A4}.Debug|x86.Build.0 = Debug|Any CPU
		{D661EDFC-0DAA-4278-86DA-A3069A8F27A4}.Pre|Any CPU.ActiveCfg = Release|Any CPU
		{D661EDFC-0DAA-4278-86DA-A3069A8F27A4}.Pre|Any CPU.Build.0 = Release|Any CPU
		{D661EDFC-0DAA-4278-86DA-A3069A8F27A4}.Pre|Mixed Platforms.ActiveCfg = Release|Any CPU
		{D661EDFC-0DAA-4278-86DA-A3069A8F27A4}.Pre|Mixed Platforms.Build.0 = Release|Any CPU
		{D661EDFC-0DAA-4278-86DA-A3069A8F27A4}.Pre|x86.ActiveCfg = Release|Any CPU
		{D661EDFC-0DAA-4278-86DA-A3069A8F27A4}.Pre|x86.Build.0 = Release|Any CPU
		{D661EDFC-0DAA-4278-86DA-A3069A8F27A4}.Release|Any CPU.ActiveCfg = Release|Any CPU
		{D661EDFC-0DAA-4278-86DA-A3069A8F27A4}.Release|Any CPU.Build.0 = Release|Any CPU
		{D661EDFC-0DAA-4278-86DA-A3069A8F27A4}.Release|Mixed Platforms.ActiveCfg = Release|Any CPU
		{D661EDFC-0DAA-4278-86DA-A3069A8F27A4}.Release|Mixed Platforms.Build.0 = Release|Any CPU
		{D661EDFC-0DAA-4278-86DA-A3069A8F27A4}.Release|x86.ActiveCfg = Release|Any CPU
		{D661EDFC-0DAA-4278-86DA-A3069A8F27A4}.Release|x86.Build.0 = Release|Any CPU
		{06EE393D-100A-4FE9-962F-97BC2F8232C4}.Debug|Any CPU.ActiveCfg = Debug|Any CPU
		{06EE393D-100A-4FE9-962F-97BC2F8232C4}.Debug|Any CPU.Build.0 = Debug|Any CPU
		{06EE393D-100A-4FE9-962F-97BC2F8232C4}.Debug|Mixed Platforms.ActiveCfg = Debug|Any CPU
		{06EE393D-100A-4FE9-962F-97BC2F8232C4}.Debug|Mixed Platforms.Build.0 = Debug|Any CPU
		{06EE393D-100A-4FE9-962F-97BC2F8232C4}.Debug|x86.ActiveCfg = Debug|Any CPU
		{06EE393D-100A-4FE9-962F-97BC2F8232C4}.Debug|x86.Build.0 = Debug|Any CPU
		{06EE393D-100A-4FE9-962F-97BC2F8232C4}.Pre|Any CPU.ActiveCfg = Release|Any CPU
		{06EE393D-100A-4FE9-962F-97BC2F8232C4}.Pre|Any CPU.Build.0 = Release|Any CPU
		{06EE393D-100A-4FE9-962F-97BC2F8232C4}.Pre|Mixed Platforms.ActiveCfg = Release|Any CPU
		{06EE393D-100A-4FE9-962F-97BC2F8232C4}.Pre|Mixed Platforms.Build.0 = Release|Any CPU
		{06EE393D-100A-4FE9-962F-97BC2F8232C4}.Pre|x86.ActiveCfg = Release|Any CPU
		{06EE393D-100A-4FE9-962F-97BC2F8232C4}.Pre|x86.Build.0 = Release|Any CPU
		{06EE393D-100A-4FE9-962F-97BC2F8232C4}.Release|Any CPU.ActiveCfg = Release|Any CPU
		{06EE393D-100A-4FE9-962F-97BC2F8232C4}.Release|Any CPU.Build.0 = Release|Any CPU
		{06EE393D-100A-4FE9-962F-97BC2F8232C4}.Release|Mixed Platforms.ActiveCfg = Release|Any CPU
		{06EE393D-100A-4FE9-962F-97BC2F8232C4}.Release|Mixed Platforms.Build.0 = Release|Any CPU
		{06EE393D-100A-4FE9-962F-97BC2F8232C4}.Release|x86.ActiveCfg = Release|Any CPU
		{06EE393D-100A-4FE9-962F-97BC2F8232C4}.Release|x86.Build.0 = Release|Any CPU
		{260CC7E7-A4BE-41A7-87EC-E5F080720A30}.Debug|Any CPU.ActiveCfg = Debug|Any CPU
		{260CC7E7-A4BE-41A7-87EC-E5F080720A30}.Debug|Any CPU.Build.0 = Debug|Any CPU
		{260CC7E7-A4BE-41A7-87EC-E5F080720A30}.Debug|Mixed Platforms.ActiveCfg = Debug|Any CPU
		{260CC7E7-A4BE-41A7-87EC-E5F080720A30}.Debug|Mixed Platforms.Build.0 = Debug|Any CPU
		{260CC7E7-A4BE-41A7-87EC-E5F080720A30}.Debug|x86.ActiveCfg = Debug|Any CPU
		{260CC7E7-A4BE-41A7-87EC-E5F080720A30}.Debug|x86.Build.0 = Debug|Any CPU
		{260CC7E7-A4BE-41A7-87EC-E5F080720A30}.Pre|Any CPU.ActiveCfg = Release|Any CPU
		{260CC7E7-A4BE-41A7-87EC-E5F080720A30}.Pre|Any CPU.Build.0 = Release|Any CPU
		{260CC7E7-A4BE-41A7-87EC-E5F080720A30}.Pre|Mixed Platforms.ActiveCfg = Release|Any CPU
		{260CC7E7-A4BE-41A7-87EC-E5F080720A30}.Pre|Mixed Platforms.Build.0 = Release|Any CPU
		{260CC7E7-A4BE-41A7-87EC-E5F080720A30}.Pre|x86.ActiveCfg = Release|Any CPU
		{260CC7E7-A4BE-41A7-87EC-E5F080720A30}.Pre|x86.Build.0 = Release|Any CPU
		{260CC7E7-A4BE-41A7-87EC-E5F080720A30}.Release|Any CPU.ActiveCfg = Release|Any CPU
		{260CC7E7-A4BE-41A7-87EC-E5F080720A30}.Release|Any CPU.Build.0 = Release|Any CPU
		{260CC7E7-A4BE-41A7-87EC-E5F080720A30}.Release|Mixed Platforms.ActiveCfg = Release|Any CPU
		{260CC7E7-A4BE-41A7-87EC-E5F080720A30}.Release|Mixed Platforms.Build.0 = Release|Any CPU
		{260CC7E7-A4BE-41A7-87EC-E5F080720A30}.Release|x86.ActiveCfg = Release|Any CPU
		{260CC7E7-A4BE-41A7-87EC-E5F080720A30}.Release|x86.Build.0 = Release|Any CPU
		{4F63DB73-37C1-4513-B8CF-44433EF2DEAE}.Debug|Any CPU.ActiveCfg = Debug|Any CPU
		{4F63DB73-37C1-4513-B8CF-44433EF2DEAE}.Debug|Any CPU.Build.0 = Debug|Any CPU
		{4F63DB73-37C1-4513-B8CF-44433EF2DEAE}.Debug|Mixed Platforms.ActiveCfg = Debug|Any CPU
		{4F63DB73-37C1-4513-B8CF-44433EF2DEAE}.Debug|Mixed Platforms.Build.0 = Debug|Any CPU
		{4F63DB73-37C1-4513-B8CF-44433EF2DEAE}.Debug|x86.ActiveCfg = Debug|Any CPU
		{4F63DB73-37C1-4513-B8CF-44433EF2DEAE}.Debug|x86.Build.0 = Debug|Any CPU
		{4F63DB73-37C1-4513-B8CF-44433EF2DEAE}.Pre|Any CPU.ActiveCfg = Release|Any CPU
		{4F63DB73-37C1-4513-B8CF-44433EF2DEAE}.Pre|Any CPU.Build.0 = Release|Any CPU
		{4F63DB73-37C1-4513-B8CF-44433EF2DEAE}.Pre|Mixed Platforms.ActiveCfg = Release|Any CPU
		{4F63DB73-37C1-4513-B8CF-44433EF2DEAE}.Pre|Mixed Platforms.Build.0 = Release|Any CPU
		{4F63DB73-37C1-4513-B8CF-44433EF2DEAE}.Pre|x86.ActiveCfg = Release|Any CPU
		{4F63DB73-37C1-4513-B8CF-44433EF2DEAE}.Pre|x86.Build.0 = Release|Any CPU
		{4F63DB73-37C1-4513-B8CF-44433EF2DEAE}.Release|Any CPU.ActiveCfg = Release|Any CPU
		{4F63DB73-37C1-4513-B8CF-44433EF2DEAE}.Release|Any CPU.Build.0 = Release|Any CPU
		{4F63DB73-37C1-4513-B8CF-44433EF2DEAE}.Release|Mixed Platforms.ActiveCfg = Release|Any CPU
		{4F63DB73-37C1-4513-B8CF-44433EF2DEAE}.Release|Mixed Platforms.Build.0 = Release|Any CPU
		{4F63DB73-37C1-4513-B8CF-44433EF2DEAE}.Release|x86.ActiveCfg = Release|Any CPU
		{4F63DB73-37C1-4513-B8CF-44433EF2DEAE}.Release|x86.Build.0 = Release|Any CPU
		{A0A9719F-69D3-4668-9804-09ECF1F22245}.Debug|Any CPU.ActiveCfg = Debug|Any CPU
		{A0A9719F-69D3-4668-9804-09ECF1F22245}.Debug|Any CPU.Build.0 = Debug|Any CPU
		{A0A9719F-69D3-4668-9804-09ECF1F22245}.Debug|Mixed Platforms.ActiveCfg = Debug|Any CPU
		{A0A9719F-69D3-4668-9804-09ECF1F22245}.Debug|Mixed Platforms.Build.0 = Debug|Any CPU
		{A0A9719F-69D3-4668-9804-09ECF1F22245}.Debug|x86.ActiveCfg = Debug|Any CPU
		{A0A9719F-69D3-4668-9804-09ECF1F22245}.Debug|x86.Build.0 = Debug|Any CPU
		{A0A9719F-69D3-4668-9804-09ECF1F22245}.Pre|Any CPU.ActiveCfg = Release|Any CPU
		{A0A9719F-69D3-4668-9804-09ECF1F22245}.Pre|Any CPU.Build.0 = Release|Any CPU
		{A0A9719F-69D3-4668-9804-09ECF1F22245}.Pre|Mixed Platforms.ActiveCfg = Release|Any CPU
		{A0A9719F-69D3-4668-9804-09ECF1F22245}.Pre|Mixed Platforms.Build.0 = Release|Any CPU
		{A0A9719F-69D3-4668-9804-09ECF1F22245}.Pre|x86.ActiveCfg = Release|Any CPU
		{A0A9719F-69D3-4668-9804-09ECF1F22245}.Pre|x86.Build.0 = Release|Any CPU
		{A0A9719F-69D3-4668-9804-09ECF1F22245}.Release|Any CPU.ActiveCfg = Release|Any CPU
		{A0A9719F-69D3-4668-9804-09ECF1F22245}.Release|Any CPU.Build.0 = Release|Any CPU
		{A0A9719F-69D3-4668-9804-09ECF1F22245}.Release|Mixed Platforms.ActiveCfg = Release|Any CPU
		{A0A9719F-69D3-4668-9804-09ECF1F22245}.Release|Mixed Platforms.Build.0 = Release|Any CPU
		{A0A9719F-69D3-4668-9804-09ECF1F22245}.Release|x86.ActiveCfg = Release|Any CPU
		{A0A9719F-69D3-4668-9804-09ECF1F22245}.Release|x86.Build.0 = Release|Any CPU
		{D7C0AF77-EE28-4A0D-AF3A-1FB9BC76FB6F}.Debug|Any CPU.ActiveCfg = Debug|Any CPU
		{D7C0AF77-EE28-4A0D-AF3A-1FB9BC76FB6F}.Debug|Any CPU.Build.0 = Debug|Any CPU
		{D7C0AF77-EE28-4A0D-AF3A-1FB9BC76FB6F}.Debug|Mixed Platforms.ActiveCfg = Debug|Any CPU
		{D7C0AF77-EE28-4A0D-AF3A-1FB9BC76FB6F}.Debug|Mixed Platforms.Build.0 = Debug|Any CPU
		{D7C0AF77-EE28-4A0D-AF3A-1FB9BC76FB6F}.Debug|x86.ActiveCfg = Debug|Any CPU
		{D7C0AF77-EE28-4A0D-AF3A-1FB9BC76FB6F}.Debug|x86.Build.0 = Debug|Any CPU
		{D7C0AF77-EE28-4A0D-AF3A-1FB9BC76FB6F}.Pre|Any CPU.ActiveCfg = Release|Any CPU
		{D7C0AF77-EE28-4A0D-AF3A-1FB9BC76FB6F}.Pre|Any CPU.Build.0 = Release|Any CPU
		{D7C0AF77-EE28-4A0D-AF3A-1FB9BC76FB6F}.Pre|Mixed Platforms.ActiveCfg = Release|Any CPU
		{D7C0AF77-EE28-4A0D-AF3A-1FB9BC76FB6F}.Pre|Mixed Platforms.Build.0 = Release|Any CPU
		{D7C0AF77-EE28-4A0D-AF3A-1FB9BC76FB6F}.Pre|x86.ActiveCfg = Release|Any CPU
		{D7C0AF77-EE28-4A0D-AF3A-1FB9BC76FB6F}.Pre|x86.Build.0 = Release|Any CPU
		{D7C0AF77-EE28-4A0D-AF3A-1FB9BC76FB6F}.Release|Any CPU.ActiveCfg = Release|Any CPU
		{D7C0AF77-EE28-4A0D-AF3A-1FB9BC76FB6F}.Release|Any CPU.Build.0 = Release|Any CPU
		{D7C0AF77-EE28-4A0D-AF3A-1FB9BC76FB6F}.Release|Mixed Platforms.ActiveCfg = Release|Any CPU
		{D7C0AF77-EE28-4A0D-AF3A-1FB9BC76FB6F}.Release|Mixed Platforms.Build.0 = Release|Any CPU
		{D7C0AF77-EE28-4A0D-AF3A-1FB9BC76FB6F}.Release|x86.ActiveCfg = Release|Any CPU
		{D7C0AF77-EE28-4A0D-AF3A-1FB9BC76FB6F}.Release|x86.Build.0 = Release|Any CPU
		{079655E7-7FD7-45DD-8E03-92C94CC19AE3}.Debug|Any CPU.ActiveCfg = Debug|Any CPU
		{079655E7-7FD7-45DD-8E03-92C94CC19AE3}.Debug|Any CPU.Build.0 = Debug|Any CPU
		{079655E7-7FD7-45DD-8E03-92C94CC19AE3}.Debug|Mixed Platforms.ActiveCfg = Debug|Any CPU
		{079655E7-7FD7-45DD-8E03-92C94CC19AE3}.Debug|Mixed Platforms.Build.0 = Debug|Any CPU
		{079655E7-7FD7-45DD-8E03-92C94CC19AE3}.Debug|x86.ActiveCfg = Debug|Any CPU
		{079655E7-7FD7-45DD-8E03-92C94CC19AE3}.Debug|x86.Build.0 = Debug|Any CPU
		{079655E7-7FD7-45DD-8E03-92C94CC19AE3}.Pre|Any CPU.ActiveCfg = Release|Any CPU
		{079655E7-7FD7-45DD-8E03-92C94CC19AE3}.Pre|Any CPU.Build.0 = Release|Any CPU
		{079655E7-7FD7-45DD-8E03-92C94CC19AE3}.Pre|Mixed Platforms.ActiveCfg = Release|Any CPU
		{079655E7-7FD7-45DD-8E03-92C94CC19AE3}.Pre|Mixed Platforms.Build.0 = Release|Any CPU
		{079655E7-7FD7-45DD-8E03-92C94CC19AE3}.Pre|x86.ActiveCfg = Release|Any CPU
		{079655E7-7FD7-45DD-8E03-92C94CC19AE3}.Pre|x86.Build.0 = Release|Any CPU
		{079655E7-7FD7-45DD-8E03-92C94CC19AE3}.Release|Any CPU.ActiveCfg = Release|Any CPU
		{079655E7-7FD7-45DD-8E03-92C94CC19AE3}.Release|Any CPU.Build.0 = Release|Any CPU
		{079655E7-7FD7-45DD-8E03-92C94CC19AE3}.Release|Mixed Platforms.ActiveCfg = Release|Any CPU
		{079655E7-7FD7-45DD-8E03-92C94CC19AE3}.Release|Mixed Platforms.Build.0 = Release|Any CPU
		{079655E7-7FD7-45DD-8E03-92C94CC19AE3}.Release|x86.ActiveCfg = Release|Any CPU
		{079655E7-7FD7-45DD-8E03-92C94CC19AE3}.Release|x86.Build.0 = Release|Any CPU
		{9567F1F2-2519-45AE-81BF-4DA9C16BB665}.Debug|Any CPU.ActiveCfg = Debug|Any CPU
		{9567F1F2-2519-45AE-81BF-4DA9C16BB665}.Debug|Any CPU.Build.0 = Debug|Any CPU
		{9567F1F2-2519-45AE-81BF-4DA9C16BB665}.Debug|Mixed Platforms.ActiveCfg = Debug|Any CPU
		{9567F1F2-2519-45AE-81BF-4DA9C16BB665}.Debug|Mixed Platforms.Build.0 = Debug|Any CPU
		{9567F1F2-2519-45AE-81BF-4DA9C16BB665}.Debug|x86.ActiveCfg = Debug|Any CPU
		{9567F1F2-2519-45AE-81BF-4DA9C16BB665}.Debug|x86.Build.0 = Debug|Any CPU
		{9567F1F2-2519-45AE-81BF-4DA9C16BB665}.Pre|Any CPU.ActiveCfg = Release|Any CPU
		{9567F1F2-2519-45AE-81BF-4DA9C16BB665}.Pre|Any CPU.Build.0 = Release|Any CPU
		{9567F1F2-2519-45AE-81BF-4DA9C16BB665}.Pre|Mixed Platforms.ActiveCfg = Release|Any CPU
		{9567F1F2-2519-45AE-81BF-4DA9C16BB665}.Pre|Mixed Platforms.Build.0 = Release|Any CPU
		{9567F1F2-2519-45AE-81BF-4DA9C16BB665}.Pre|x86.ActiveCfg = Release|Any CPU
		{9567F1F2-2519-45AE-81BF-4DA9C16BB665}.Pre|x86.Build.0 = Release|Any CPU
		{9567F1F2-2519-45AE-81BF-4DA9C16BB665}.Release|Any CPU.ActiveCfg = Release|Any CPU
		{9567F1F2-2519-45AE-81BF-4DA9C16BB665}.Release|Any CPU.Build.0 = Release|Any CPU
		{9567F1F2-2519-45AE-81BF-4DA9C16BB665}.Release|Mixed Platforms.ActiveCfg = Release|Any CPU
		{9567F1F2-2519-45AE-81BF-4DA9C16BB665}.Release|Mixed Platforms.Build.0 = Release|Any CPU
		{9567F1F2-2519-45AE-81BF-4DA9C16BB665}.Release|x86.ActiveCfg = Release|Any CPU
		{9567F1F2-2519-45AE-81BF-4DA9C16BB665}.Release|x86.Build.0 = Release|Any CPU
		{FEB7E540-A1BF-4913-80B0-5E154CC45729}.Debug|Any CPU.ActiveCfg = Debug|Any CPU
		{FEB7E540-A1BF-4913-80B0-5E154CC45729}.Debug|Any CPU.Build.0 = Debug|Any CPU
		{FEB7E540-A1BF-4913-80B0-5E154CC45729}.Debug|Mixed Platforms.ActiveCfg = Debug|Any CPU
		{FEB7E540-A1BF-4913-80B0-5E154CC45729}.Debug|Mixed Platforms.Build.0 = Debug|Any CPU
		{FEB7E540-A1BF-4913-80B0-5E154CC45729}.Debug|x86.ActiveCfg = Debug|Any CPU
		{FEB7E540-A1BF-4913-80B0-5E154CC45729}.Debug|x86.Build.0 = Debug|Any CPU
		{FEB7E540-A1BF-4913-80B0-5E154CC45729}.Pre|Any CPU.ActiveCfg = Release|Any CPU
		{FEB7E540-A1BF-4913-80B0-5E154CC45729}.Pre|Any CPU.Build.0 = Release|Any CPU
		{FEB7E540-A1BF-4913-80B0-5E154CC45729}.Pre|Mixed Platforms.ActiveCfg = Release|Any CPU
		{FEB7E540-A1BF-4913-80B0-5E154CC45729}.Pre|Mixed Platforms.Build.0 = Release|Any CPU
		{FEB7E540-A1BF-4913-80B0-5E154CC45729}.Pre|x86.ActiveCfg = Release|Any CPU
		{FEB7E540-A1BF-4913-80B0-5E154CC45729}.Pre|x86.Build.0 = Release|Any CPU
		{FEB7E540-A1BF-4913-80B0-5E154CC45729}.Release|Any CPU.ActiveCfg = Release|Any CPU
		{FEB7E540-A1BF-4913-80B0-5E154CC45729}.Release|Any CPU.Build.0 = Release|Any CPU
		{FEB7E540-A1BF-4913-80B0-5E154CC45729}.Release|Mixed Platforms.ActiveCfg = Release|Any CPU
		{FEB7E540-A1BF-4913-80B0-5E154CC45729}.Release|Mixed Platforms.Build.0 = Release|Any CPU
		{FEB7E540-A1BF-4913-80B0-5E154CC45729}.Release|x86.ActiveCfg = Release|Any CPU
		{FEB7E540-A1BF-4913-80B0-5E154CC45729}.Release|x86.Build.0 = Release|Any CPU
		{5F6822CB-C557-401E-AA93-3EB3270C8821}.Debug|Any CPU.ActiveCfg = Debug|x86
		{5F6822CB-C557-401E-AA93-3EB3270C8821}.Debug|Mixed Platforms.ActiveCfg = Debug|x86
		{5F6822CB-C557-401E-AA93-3EB3270C8821}.Debug|Mixed Platforms.Build.0 = Debug|x86
		{5F6822CB-C557-401E-AA93-3EB3270C8821}.Debug|x86.ActiveCfg = Debug|x86
		{5F6822CB-C557-401E-AA93-3EB3270C8821}.Debug|x86.Build.0 = Debug|x86
		{5F6822CB-C557-401E-AA93-3EB3270C8821}.Pre|Any CPU.ActiveCfg = Release|x86
		{5F6822CB-C557-401E-AA93-3EB3270C8821}.Pre|Any CPU.Build.0 = Release|x86
		{5F6822CB-C557-401E-AA93-3EB3270C8821}.Pre|Mixed Platforms.ActiveCfg = Release|x86
		{5F6822CB-C557-401E-AA93-3EB3270C8821}.Pre|Mixed Platforms.Build.0 = Release|x86
		{5F6822CB-C557-401E-AA93-3EB3270C8821}.Pre|x86.ActiveCfg = Release|x86
		{5F6822CB-C557-401E-AA93-3EB3270C8821}.Pre|x86.Build.0 = Release|x86
		{5F6822CB-C557-401E-AA93-3EB3270C8821}.Release|Any CPU.ActiveCfg = Release|x86
		{5F6822CB-C557-401E-AA93-3EB3270C8821}.Release|Mixed Platforms.ActiveCfg = Release|x86
		{5F6822CB-C557-401E-AA93-3EB3270C8821}.Release|Mixed Platforms.Build.0 = Release|x86
		{5F6822CB-C557-401E-AA93-3EB3270C8821}.Release|x86.ActiveCfg = Release|x86
		{5F6822CB-C557-401E-AA93-3EB3270C8821}.Release|x86.Build.0 = Release|x86
		{BD10C4F7-E4C7-443E-A9B7-21CAA661C2EF}.Debug|Any CPU.ActiveCfg = Debug|Any CPU
		{BD10C4F7-E4C7-443E-A9B7-21CAA661C2EF}.Debug|Any CPU.Build.0 = Debug|Any CPU
		{BD10C4F7-E4C7-443E-A9B7-21CAA661C2EF}.Debug|Mixed Platforms.ActiveCfg = Debug|Any CPU
		{BD10C4F7-E4C7-443E-A9B7-21CAA661C2EF}.Debug|Mixed Platforms.Build.0 = Debug|Any CPU
		{BD10C4F7-E4C7-443E-A9B7-21CAA661C2EF}.Debug|x86.ActiveCfg = Debug|Any CPU
		{BD10C4F7-E4C7-443E-A9B7-21CAA661C2EF}.Debug|x86.Build.0 = Debug|Any CPU
		{BD10C4F7-E4C7-443E-A9B7-21CAA661C2EF}.Pre|Any CPU.ActiveCfg = Release|Any CPU
		{BD10C4F7-E4C7-443E-A9B7-21CAA661C2EF}.Pre|Any CPU.Build.0 = Release|Any CPU
		{BD10C4F7-E4C7-443E-A9B7-21CAA661C2EF}.Pre|Mixed Platforms.ActiveCfg = Release|Any CPU
		{BD10C4F7-E4C7-443E-A9B7-21CAA661C2EF}.Pre|Mixed Platforms.Build.0 = Release|Any CPU
		{BD10C4F7-E4C7-443E-A9B7-21CAA661C2EF}.Pre|x86.ActiveCfg = Release|Any CPU
		{BD10C4F7-E4C7-443E-A9B7-21CAA661C2EF}.Pre|x86.Build.0 = Release|Any CPU
		{BD10C4F7-E4C7-443E-A9B7-21CAA661C2EF}.Release|Any CPU.ActiveCfg = Release|Any CPU
		{BD10C4F7-E4C7-443E-A9B7-21CAA661C2EF}.Release|Any CPU.Build.0 = Release|Any CPU
		{BD10C4F7-E4C7-443E-A9B7-21CAA661C2EF}.Release|Mixed Platforms.ActiveCfg = Release|Any CPU
		{BD10C4F7-E4C7-443E-A9B7-21CAA661C2EF}.Release|Mixed Platforms.Build.0 = Release|Any CPU
		{BD10C4F7-E4C7-443E-A9B7-21CAA661C2EF}.Release|x86.ActiveCfg = Release|Any CPU
		{BD10C4F7-E4C7-443E-A9B7-21CAA661C2EF}.Release|x86.Build.0 = Release|Any CPU
	EndGlobalSection
	GlobalSection(SolutionProperties) = preSolution
		HideSolutionNode = FALSE
	EndGlobalSection
	GlobalSection(NestedProjects) = preSolution
		{8B442E2A-A04D-4F30-9DB9-BEEA855C8BAD} = {4A3572ED-6BC7-4283-BDB5-0CDFC8BA1DA2}
		{CC135585-A8F5-45EB-A180-8D510921542A} = {4A3572ED-6BC7-4283-BDB5-0CDFC8BA1DA2}
		{10F01D46-6598-48A1-9C3D-5DB36436B047} = {CC135585-A8F5-45EB-A180-8D510921542A}
		{75F1104B-6A07-4C65-B605-DA361E0409E1} = {580FE726-B445-4C10-B515-1E5895D245CE}
		{25EAD5F5-4710-4E1F-B9C4-31A78DCA445A} = {4A3572ED-6BC7-4283-BDB5-0CDFC8BA1DA2}
		{72883EE2-E1E2-4945-A093-20F23366CA2B} = {4A3572ED-6BC7-4283-BDB5-0CDFC8BA1DA2}
		{580FE726-B445-4C10-B515-1E5895D245CE} = {4A3572ED-6BC7-4283-BDB5-0CDFC8BA1DA2}
		{604EAF0F-A7A8-4108-92E7-A005A76F2D32} = {4A3572ED-6BC7-4283-BDB5-0CDFC8BA1DA2}
		{BF5456D4-B276-459B-98D4-853FCEF99ADE} = {25EAD5F5-4710-4E1F-B9C4-31A78DCA445A}
		{0FB2C801-BD90-400A-8D2B-817481985499} = {604EAF0F-A7A8-4108-92E7-A005A76F2D32}
		{C9564FD7-8C03-4EEE-9C0C-1D57CC059324} = {604EAF0F-A7A8-4108-92E7-A005A76F2D32}
		{35331B03-1EF9-488C-964C-42DE594C98F1} = {72883EE2-E1E2-4945-A093-20F23366CA2B}
		{08BF5909-E6ED-4CCC-8CC5-9D07CBFCB39E} = {10F01D46-6598-48A1-9C3D-5DB36436B047}
		{C55CA135-8975-49C6-A554-11E45164EB70} = {10F01D46-6598-48A1-9C3D-5DB36436B047}
		{B070D29E-7A42-497E-B448-A17C6573D65D} = {8B442E2A-A04D-4F30-9DB9-BEEA855C8BAD}
		{E5F79D13-0E92-4E5C-9251-6922741AFCAA} = {604EAF0F-A7A8-4108-92E7-A005A76F2D32}
		{03AB55C4-5F34-4DD3-86C9-24DCA4A4E6E3} = {53C6755D-B20E-4604-B425-543E48352DC6}
		{9A7FB831-362E-43D7-AD82-306B0FE43409} = {10F01D46-6598-48A1-9C3D-5DB36436B047}
		{0E57960A-9282-4DD6-8966-41DBCD45DD97} = {10F01D46-6598-48A1-9C3D-5DB36436B047}
		{8C00A051-13CA-4702-B74C-FD672E843BDE} = {604EAF0F-A7A8-4108-92E7-A005A76F2D32}
		{7AB7BDAC-23C6-471B-97CE-93FAD74BA5DA} = {604EAF0F-A7A8-4108-92E7-A005A76F2D32}
		{013337DD-4F8A-40C5-81F9-1785A28F872E} = {604EAF0F-A7A8-4108-92E7-A005A76F2D32}
		{5AC895E3-BBEF-4C22-B88C-E1D448E02899} = {E73451D4-B6E8-45E5-9D10-B0957B2ECFAB}
		{7AAE438B-28CA-4A8D-AB49-B6DD4D092694} = {5AC895E3-BBEF-4C22-B88C-E1D448E02899}
		{05BF414A-486B-4E9D-9244-98DAB9F9002D} = {7AAE438B-28CA-4A8D-AB49-B6DD4D092694}
		{4FB0B4FE-5924-4713-9C5C-510D57D60CD6} = {5AC895E3-BBEF-4C22-B88C-E1D448E02899}
		{F00B6260-72A8-4CBA-B9AE-7209B9FC5477} = {4FB0B4FE-5924-4713-9C5C-510D57D60CD6}
		{3A308B31-5140-43F1-8B53-2BC9DD38EB8A} = {4FB0B4FE-5924-4713-9C5C-510D57D60CD6}
		{C4104DC2-CE7E-44C9-B58B-1285A03520FE} = {4FB0B4FE-5924-4713-9C5C-510D57D60CD6}
		{D661EDFC-0DAA-4278-86DA-A3069A8F27A4} = {4FB0B4FE-5924-4713-9C5C-510D57D60CD6}
		{DDEA432B-A846-45FB-B866-709087AFD48A} = {5AC895E3-BBEF-4C22-B88C-E1D448E02899}
		{06EE393D-100A-4FE9-962F-97BC2F8232C4} = {DDEA432B-A846-45FB-B866-709087AFD48A}
		{260CC7E7-A4BE-41A7-87EC-E5F080720A30} = {DDEA432B-A846-45FB-B866-709087AFD48A}
		{5351477D-B7B3-4CE6-84AF-34083A2E0C42} = {5AC895E3-BBEF-4C22-B88C-E1D448E02899}
		{4F63DB73-37C1-4513-B8CF-44433EF2DEAE} = {5351477D-B7B3-4CE6-84AF-34083A2E0C42}
		{A0A9719F-69D3-4668-9804-09ECF1F22245} = {5351477D-B7B3-4CE6-84AF-34083A2E0C42}
		{D7C0AF77-EE28-4A0D-AF3A-1FB9BC76FB6F} = {7AAE438B-28CA-4A8D-AB49-B6DD4D092694}
		{079655E7-7FD7-45DD-8E03-92C94CC19AE3} = {7AAE438B-28CA-4A8D-AB49-B6DD4D092694}
		{9567F1F2-2519-45AE-81BF-4DA9C16BB665} = {7AAE438B-28CA-4A8D-AB49-B6DD4D092694}
		{FEB7E540-A1BF-4913-80B0-5E154CC45729} = {7AAE438B-28CA-4A8D-AB49-B6DD4D092694}
		{E21844D4-5E49-406B-812B-871CBFF6CE5B} = {5AC895E3-BBEF-4C22-B88C-E1D448E02899}
		{C224F495-A5A2-418A-B789-A63AB7E66D8E} = {E21844D4-5E49-406B-812B-871CBFF6CE5B}
		{5F6822CB-C557-401E-AA93-3EB3270C8821} = {C224F495-A5A2-418A-B789-A63AB7E66D8E}
		{BD10C4F7-E4C7-443E-A9B7-21CAA661C2EF} = {C224F495-A5A2-418A-B789-A63AB7E66D8E}
	EndGlobalSection
	GlobalSection(ExtensibilityGlobals) = postSolution
		RESX_ConfirmAddLanguageFile = True
		RESX_AutoCreateNewLanguageFiles = True
	EndGlobalSection
	GlobalSection(TestCaseManagementSettings) = postSolution
		CategoryFile = Atento.vsmdi
	EndGlobalSection
EndGlobal
