
Microsoft Visual Studio Solution File, Format Version 12.00
# Visual Studio 14
VisualStudioVersion = 14.0.25420.1
MinimumVisualStudioVersion = 10.0.40219.1
Project("{2150E333-8FDC-42A3-9474-1A3956D46DE8}") = ".nuget", ".nuget", "{D95F6CB4-0027-4889-BD00-B0AE971F2DF0}"
	ProjectSection(SolutionItems) = preProject
		.nuget\NuGet.Config = .nuget\NuGet.Config
		.nuget\NuGet.exe = .nuget\NuGet.exe
		.nuget\NuGet.targets = .nuget\NuGet.targets
	EndProjectSection
EndProject
Project("{2150E333-8FDC-42A3-9474-1A3956D46DE8}") = "Framework", "Framework", "{4A3572ED-6BC7-4283-BDB5-0CDFC8BA1DA2}"
EndProject
Project("{2150E333-8FDC-42A3-9474-1A3956D46DE8}") = "Doc", "Doc", "{B530E4C9-AAE2-4CD7-9B6F-758FF210DADF}"
	ProjectSection(SolutionItems) = preProject
		..\..\documentacion base de projectos\08 Customize the Code Analysis Dictionary .txt = ..\..\documentacion base de projectos\08 Customize the Code Analysis Dictionary .txt
		..\03-GeneratedProjects\Atento.Suite.Shared.Application.WcfService\GlobalSuppressions.cs = ..\03-GeneratedProjects\Atento.Suite.Shared.Application.WcfService\GlobalSuppressions.cs
	EndProjectSection
EndProject
Project("{2150E333-8FDC-42A3-9474-1A3956D46DE8}") = "05. Testing", "05. Testing", "{8B442E2A-A04D-4F30-9DB9-BEEA855C8BAD}"
EndProject
Project("{2150E333-8FDC-42A3-9474-1A3956D46DE8}") = "01. FrontEnd", "01. FrontEnd", "{CC135585-A8F5-45EB-A180-8D510921542A}"
EndProject
Project("{2150E333-8FDC-42A3-9474-1A3956D46DE8}") = "WPF", "WPF", "{10F01D46-6598-48A1-9C3D-5DB36436B047}"
EndProject
Project("{2150E333-8FDC-42A3-9474-1A3956D46DE8}") = "01. Security", "01. Security", "{75F1104B-6A07-4C65-B605-DA361E0409E1}"
EndProject
Project("{2150E333-8FDC-42A3-9474-1A3956D46DE8}") = "03. Domain", "03. Domain", "{25EAD5F5-4710-4E1F-B9C4-31A78DCA445A}"
EndProject
Project("{2150E333-8FDC-42A3-9474-1A3956D46DE8}") = "02. Application", "02. Application", "{72883EE2-E1E2-4945-A093-20F23366CA2B}"
EndProject
Project("{2150E333-8FDC-42A3-9474-1A3956D46DE8}") = "Vertical Layers", "Vertical Layers", "{580FE726-B445-4C10-B515-1E5895D245CE}"
EndProject
Project("{2150E333-8FDC-42A3-9474-1A3956D46DE8}") = "04. Infrastructure", "04. Infrastructure", "{604EAF0F-A7A8-4108-92E7-A005A76F2D32}"
EndProject
Project("{2150E333-8FDC-42A3-9474-1A3956D46DE8}") = "ModelDriver", "ModelDriver", "{53C6755D-B20E-4604-B425-543E48352DC6}"
EndProject
Project("{2150E333-8FDC-42A3-9474-1A3956D46DE8}") = "Solution Items", "Solution Items", "{B9ECD59B-2EDE-4259-9582-39E403FED02F}"
	ProjectSection(SolutionItems) = preProject
		Atento.vsmdi = Atento.vsmdi
		CustomDictionary.xml = CustomDictionary.xml
		Local.testsettings = Local.testsettings
		TraceAndTestImpact.testsettings = TraceAndTestImpact.testsettings
	EndProjectSection
EndProject
Project("{FAE04EC0-301F-11D3-BF4B-00C04F79EFBC}") = "Inflexion2", "..\01-Projects\Inflexion2\Inflexion2.csproj", "{BF5456D4-B276-459B-98D4-853FCEF99ADE}"
EndProject
Project("{FAE04EC0-301F-11D3-BF4B-00C04F79EFBC}") = "Inflexion2.EF", "..\01-Projects\Inflexion2.EF\Inflexion2.EF.csproj", "{0FB2C801-BD90-400A-8D2B-817481985499}"
EndProject
Project("{FAE04EC0-301F-11D3-BF4B-00C04F79EFBC}") = "Inflexion2.NHibernate", "..\01-Projects\Inflexion2.NHibernate\Inflexion2.NHibernate.csproj", "{C9564FD7-8C03-4EEE-9C0C-1D57CC059324}"
EndProject
Project("{FAE04EC0-301F-11D3-BF4B-00C04F79EFBC}") = "Inflexion2.Application", "..\01-Projects\Inflexion2.Application\Inflexion2.Application.csproj", "{35331B03-1EF9-488C-964C-42DE594C98F1}"
EndProject
Project("{FAE04EC0-301F-11D3-BF4B-00C04F79EFBC}") = "Inflexion2.UX.WPF.Controls", "..\01-Projects\UX\WPF\Inflexion2.UX.WPF.Controls\Inflexion2.UX.WPF.Controls.csproj", "{08BF5909-E6ED-4CCC-8CC5-9D07CBFCB39E}"
EndProject
Project("{FAE04EC0-301F-11D3-BF4B-00C04F79EFBC}") = "Inflexion2.UX.WPF", "..\01-Projects\UX\WPF\Inflexion2.UX.WPF\Inflexion2.UX.WPF.csproj", "{C55CA135-8975-49C6-A554-11E45164EB70}"
EndProject
Project("{FAE04EC0-301F-11D3-BF4B-00C04F79EFBC}") = "Inflexion2.Framework.Testing", "..\03-Testing\Inflexion2.Framework.Testing\Inflexion2.Framework.Testing.csproj", "{B070D29E-7A42-497E-B448-A17C6573D65D}"
EndProject
Project("{FAE04EC0-301F-11D3-BF4B-00C04F79EFBC}") = "Inflexion2.Resources", "..\01-Projects\Inflexion2.Resources\Inflexion2.Resources.csproj", "{E5F79D13-0E92-4E5C-9251-6922741AFCAA}"
EndProject
Project("{FAE04EC0-301F-11D3-BF4B-00C04F79EFBC}") = "ModelDriver", "..\04-T4\ModelDriver\ModelDriver.csproj", "{03AB55C4-5F34-4DD3-86C9-24DCA4A4E6E3}"
EndProject
Project("{FAE04EC0-301F-11D3-BF4B-00C04F79EFBC}") = "Inflexion2.UX.Assets", "..\00-Assets\Inflexion2.UX.Assets\Inflexion2.UX.Assets.csproj", "{9A7FB831-362E-43D7-AD82-306B0FE43409}"
EndProject
Project("{FAE04EC0-301F-11D3-BF4B-00C04F79EFBC}") = "Inflexion2.UX.WPF.Resources", "..\01-Projects\UX\WPF\Inflexion2.UX.WPF.Resources\Inflexion2.UX.WPF.Resources.csproj", "{0E57960A-9282-4DD6-8966-41DBCD45DD97}"
EndProject
Project("{FAE04EC0-301F-11D3-BF4B-00C04F79EFBC}") = "Inflexion2.Logging", "..\01-Projects\Inflexion2.Logging\Inflexion2.Logging.csproj", "{8C00A051-13CA-4702-B74C-FD672E843BDE}"
EndProject
Project("{FAE04EC0-301F-11D3-BF4B-00C04F79EFBC}") = "Inflexion2.Logging.Log4Net", "..\01-Projects\Inflexion2.Logging.Log4Net\Inflexion2.Logging.Log4Net.csproj", "{7AB7BDAC-23C6-471B-97CE-93FAD74BA5DA}"
EndProject
Project("{FAE04EC0-301F-11D3-BF4B-00C04F79EFBC}") = "Inflexion2.Logging.NLog", "..\01-Projects\Inflexion2.Logging.NLog\Inflexion2.Logging.NLog.csproj", "{013337DD-4F8A-40C5-81F9-1785A28F872E}"
EndProject
Project("{2150E333-8FDC-42A3-9474-1A3956D46DE8}") = "Model", "Model", "{F364222D-0450-4A68-AF33-E8694B891A72}"
EndProject
Project("{2150E333-8FDC-42A3-9474-1A3956D46DE8}") = "Common", "Common", "{DAB6EF87-0FDE-4895-9042-40C56EF70CC6}"
EndProject
Project("{2150E333-8FDC-42A3-9474-1A3956D46DE8}") = "03. Domain", "03. Domain", "{3BABA1A3-8CE8-4AFD-8AC4-4319716A56E2}"
EndProject
Project("{FAE04EC0-301F-11D3-BF4B-00C04F79EFBC}") = "Needel.Common.Domain.Data", "..\03-GeneratedProjects\Needel.Common.Domain.Data\Needel.Common.Domain.Data.csproj", "{0ED1DDBD-0582-43D7-B734-C991620E2234}"
EndProject
Project("{FAE04EC0-301F-11D3-BF4B-00C04F79EFBC}") = "Needel.Common.Domain", "..\03-GeneratedProjects\Needel.Common.Domain\Needel.Common.Domain.csproj", "{621FB143-7170-421C-8545-F0054518FC16}"
EndProject
Project("{2150E333-8FDC-42A3-9474-1A3956D46DE8}") = "04. Infrastructure", "04. Infrastructure", "{3A4EB418-472A-4082-A82D-69AAB722FAD8}"
EndProject
Project("{FAE04EC0-301F-11D3-BF4B-00C04F79EFBC}") = "Needel.Common.Infrastructure.Resources", "..\03-GeneratedProjects\Needel.Common.Infrastructure.Resources\Needel.Common.Infrastructure.Resources.csproj", "{2F3B7720-D784-4541-BB98-39DDECFEA177}"
EndProject
Project("{FAE04EC0-301F-11D3-BF4B-00C04F79EFBC}") = "Needel.Common.Infrastructure", "..\03-GeneratedProjects\Needel.Common.Infrastructure\Needel.Common.Infrastructure.csproj", "{181D073B-EC7A-4A73-9EFB-49B18FE7D106}"
EndProject
Project("{2150E333-8FDC-42A3-9474-1A3956D46DE8}") = "02. Application", "02. Application", "{99114341-7370-403B-981E-79ED37ADC9FB}"
EndProject
Project("{FAE04EC0-301F-11D3-BF4B-00C04F79EFBC}") = "Needel.Common.Application.Dtos", "..\03-GeneratedProjects\Needel.Common.Application.Dtos\Needel.Common.Application.Dtos.csproj", "{F070AFAF-80CD-4CF7-9E7D-5078A1DE337D}"
EndProject
Project("{FAE04EC0-301F-11D3-BF4B-00C04F79EFBC}") = "Needel.Common.Application", "..\03-GeneratedProjects\Needel.Common.Application\Needel.Common.Application.csproj", "{0040080F-27DB-465E-846F-3A475414E7AE}"
EndProject
Project("{FAE04EC0-301F-11D3-BF4B-00C04F79EFBC}") = "Needel.Common.Application.WcfService.Contracts", "..\03-GeneratedProjects\Needel.Common.Application.WcfService.Contracts\Needel.Common.Application.WcfService.Contracts.csproj", "{D7EED4AE-E296-4DA6-B49B-55FA775AEB64}"
EndProject
Project("{FAE04EC0-301F-11D3-BF4B-00C04F79EFBC}") = "Needel.Common.Application.WcfClient", "..\03-GeneratedProjects\Needel.Common.Application.WcfClient\Needel.Common.Application.WcfClient.csproj", "{C5FBD076-C9E4-4FB3-B30D-D0B30394F7EA}"
	ProjectSection(ProjectDependencies) = postProject
		{85A846C0-9C34-42B4-AB2C-1B2579BBF693} = {85A846C0-9C34-42B4-AB2C-1B2579BBF693}
	EndProjectSection
EndProject
Project("{FAE04EC0-301F-11D3-BF4B-00C04F79EFBC}") = "Needel.Common.Application.WcfService", "..\03-GeneratedProjects\Needel.Common.Application.WcfService\Needel.Common.Application.WcfService.csproj", "{85A846C0-9C34-42B4-AB2C-1B2579BBF693}"
EndProject
Project("{2150E333-8FDC-42A3-9474-1A3956D46DE8}") = "01. FrontEnd", "01. FrontEnd", "{039180AA-FC61-4C48-ADF4-17EEFE5C4DA8}"
EndProject
Project("{2150E333-8FDC-42A3-9474-1A3956D46DE8}") = "Wpf", "Wpf", "{E79BBE07-8DBF-46BB-AFC3-24DF97A19716}"
EndProject
Project("{FAE04EC0-301F-11D3-BF4B-00C04F79EFBC}") = "Needel.Common.FrontEnd.WpfStartUp", "..\03-GeneratedProjects\Needel.Common.FrontEnd.WpfStartUp\Needel.Common.FrontEnd.WpfStartUp.csproj", "{337D85D4-FBBD-4B88-AB67-E76F63617527}"
EndProject
Project("{FAE04EC0-301F-11D3-BF4B-00C04F79EFBC}") = "Needel.Common.FrontEnd.WpfModule", "..\03-GeneratedProjects\Needel.Common.FrontEnd.WpfModule\Needel.Common.FrontEnd.WpfModule.csproj", "{40F5B396-E5E4-4BB9-BBE5-945C264240D5}"
EndProject
Project("{2150E333-8FDC-42A3-9474-1A3956D46DE8}") = "05. Testing", "05. Testing", "{89F9C01E-7524-475D-92A5-455BE0616962}"
EndProject
Project("{FAE04EC0-301F-11D3-BF4B-00C04F79EFBC}") = "Needel.Common.Test.DomainLayer", "..\03-GeneratedProjects\Needel.Common.Test.DomainLayer\Needel.Common.Test.DomainLayer.csproj", "{025BB1C3-7595-4017-A2BB-8FB84538CD9A}"
EndProject
Project("{FAE04EC0-301F-11D3-BF4B-00C04F79EFBC}") = "Needel.Common.Test.InfrastructureLayer", "..\03-GeneratedProjects\Needel.Common.Test.InfrastructureLayer\Needel.Common.Test.InfrastructureLayer.csproj", "{4D63A29A-7E2E-4D33-B2A2-DE271112DCC5}"
EndProject
Project("{FAE04EC0-301F-11D3-BF4B-00C04F79EFBC}") = "Needel.Common.Test.ApplicationLayer", "..\03-GeneratedProjects\Needel.Common.Test.ApplicationLayer\Needel.Common.Test.ApplicationLayer.csproj", "{95C85086-0B12-43B6-B3F4-E730CE4FE92C}"
EndProject
Project("{FAE04EC0-301F-11D3-BF4B-00C04F79EFBC}") = "Needel.Common.Test.UXwpfLayer", "..\03-GeneratedProjects\Needel.Common.Test.UXwpfLayer\Needel.Common.Test.UXwpfLayer.csproj", "{48BB7D94-CA82-4300-A13D-FB29CC8B3FF2}"
EndProject
Global
	GlobalSection(SolutionConfigurationPlatforms) = preSolution
		Debug|Any CPU = Debug|Any CPU
		Debug|Mixed Platforms = Debug|Mixed Platforms
		Debug|x86 = Debug|x86
		Pre|Any CPU = Pre|Any CPU
		Pre|Mixed Platforms = Pre|Mixed Platforms
		Pre|x86 = Pre|x86
		Release|Any CPU = Release|Any CPU
		Release|Mixed Platforms = Release|Mixed Platforms
		Release|x86 = Release|x86
	EndGlobalSection
	GlobalSection(ProjectConfigurationPlatforms) = postSolution
		{BF5456D4-B276-459B-98D4-853FCEF99ADE}.Debug|Any CPU.ActiveCfg = Debug|Any CPU
		{BF5456D4-B276-459B-98D4-853FCEF99ADE}.Debug|Any CPU.Build.0 = Debug|Any CPU
		{BF5456D4-B276-459B-98D4-853FCEF99ADE}.Debug|Mixed Platforms.ActiveCfg = Debug|Any CPU
		{BF5456D4-B276-459B-98D4-853FCEF99ADE}.Debug|Mixed Platforms.Build.0 = Debug|Any CPU
		{BF5456D4-B276-459B-98D4-853FCEF99ADE}.Debug|x86.ActiveCfg = Debug|Any CPU
		{BF5456D4-B276-459B-98D4-853FCEF99ADE}.Pre|Any CPU.ActiveCfg = Release|Any CPU
		{BF5456D4-B276-459B-98D4-853FCEF99ADE}.Pre|Any CPU.Build.0 = Release|Any CPU
		{BF5456D4-B276-459B-98D4-853FCEF99ADE}.Pre|Mixed Platforms.ActiveCfg = Release|Any CPU
		{BF5456D4-B276-459B-98D4-853FCEF99ADE}.Pre|Mixed Platforms.Build.0 = Release|Any CPU
		{BF5456D4-B276-459B-98D4-853FCEF99ADE}.Pre|x86.ActiveCfg = Release|Any CPU
		{BF5456D4-B276-459B-98D4-853FCEF99ADE}.Release|Any CPU.ActiveCfg = Release|Any CPU
		{BF5456D4-B276-459B-98D4-853FCEF99ADE}.Release|Any CPU.Build.0 = Release|Any CPU
		{BF5456D4-B276-459B-98D4-853FCEF99ADE}.Release|Mixed Platforms.ActiveCfg = Release|Any CPU
		{BF5456D4-B276-459B-98D4-853FCEF99ADE}.Release|Mixed Platforms.Build.0 = Release|Any CPU
		{BF5456D4-B276-459B-98D4-853FCEF99ADE}.Release|x86.ActiveCfg = Release|Any CPU
		{0FB2C801-BD90-400A-8D2B-817481985499}.Debug|Any CPU.ActiveCfg = Debug|Any CPU
		{0FB2C801-BD90-400A-8D2B-817481985499}.Debug|Any CPU.Build.0 = Debug|Any CPU
		{0FB2C801-BD90-400A-8D2B-817481985499}.Debug|Mixed Platforms.ActiveCfg = Debug|Any CPU
		{0FB2C801-BD90-400A-8D2B-817481985499}.Debug|Mixed Platforms.Build.0 = Debug|Any CPU
		{0FB2C801-BD90-400A-8D2B-817481985499}.Debug|x86.ActiveCfg = Debug|Any CPU
		{0FB2C801-BD90-400A-8D2B-817481985499}.Pre|Any CPU.ActiveCfg = Release|Any CPU
		{0FB2C801-BD90-400A-8D2B-817481985499}.Pre|Any CPU.Build.0 = Release|Any CPU
		{0FB2C801-BD90-400A-8D2B-817481985499}.Pre|Mixed Platforms.ActiveCfg = Release|Any CPU
		{0FB2C801-BD90-400A-8D2B-817481985499}.Pre|Mixed Platforms.Build.0 = Release|Any CPU
		{0FB2C801-BD90-400A-8D2B-817481985499}.Pre|x86.ActiveCfg = Release|Any CPU
		{0FB2C801-BD90-400A-8D2B-817481985499}.Release|Any CPU.ActiveCfg = Release|Any CPU
		{0FB2C801-BD90-400A-8D2B-817481985499}.Release|Any CPU.Build.0 = Release|Any CPU
		{0FB2C801-BD90-400A-8D2B-817481985499}.Release|Mixed Platforms.ActiveCfg = Release|Any CPU
		{0FB2C801-BD90-400A-8D2B-817481985499}.Release|Mixed Platforms.Build.0 = Release|Any CPU
		{0FB2C801-BD90-400A-8D2B-817481985499}.Release|x86.ActiveCfg = Release|Any CPU
		{C9564FD7-8C03-4EEE-9C0C-1D57CC059324}.Debug|Any CPU.ActiveCfg = Debug|Any CPU
		{C9564FD7-8C03-4EEE-9C0C-1D57CC059324}.Debug|Any CPU.Build.0 = Debug|Any CPU
		{C9564FD7-8C03-4EEE-9C0C-1D57CC059324}.Debug|Mixed Platforms.ActiveCfg = Debug|Any CPU
		{C9564FD7-8C03-4EEE-9C0C-1D57CC059324}.Debug|Mixed Platforms.Build.0 = Debug|Any CPU
		{C9564FD7-8C03-4EEE-9C0C-1D57CC059324}.Debug|x86.ActiveCfg = Debug|x86
		{C9564FD7-8C03-4EEE-9C0C-1D57CC059324}.Debug|x86.Build.0 = Debug|x86
		{C9564FD7-8C03-4EEE-9C0C-1D57CC059324}.Pre|Any CPU.ActiveCfg = Release|x86
		{C9564FD7-8C03-4EEE-9C0C-1D57CC059324}.Pre|Mixed Platforms.ActiveCfg = Release|x86
		{C9564FD7-8C03-4EEE-9C0C-1D57CC059324}.Pre|Mixed Platforms.Build.0 = Release|x86
		{C9564FD7-8C03-4EEE-9C0C-1D57CC059324}.Pre|x86.ActiveCfg = Release|x86
		{C9564FD7-8C03-4EEE-9C0C-1D57CC059324}.Pre|x86.Build.0 = Release|x86
		{C9564FD7-8C03-4EEE-9C0C-1D57CC059324}.Release|Any CPU.ActiveCfg = Release|x86
		{C9564FD7-8C03-4EEE-9C0C-1D57CC059324}.Release|Mixed Platforms.ActiveCfg = Release|x86
		{C9564FD7-8C03-4EEE-9C0C-1D57CC059324}.Release|Mixed Platforms.Build.0 = Release|x86
		{C9564FD7-8C03-4EEE-9C0C-1D57CC059324}.Release|x86.ActiveCfg = Release|x86
		{C9564FD7-8C03-4EEE-9C0C-1D57CC059324}.Release|x86.Build.0 = Release|x86
		{35331B03-1EF9-488C-964C-42DE594C98F1}.Debug|Any CPU.ActiveCfg = Debug|Any CPU
		{35331B03-1EF9-488C-964C-42DE594C98F1}.Debug|Any CPU.Build.0 = Debug|Any CPU
		{35331B03-1EF9-488C-964C-42DE594C98F1}.Debug|Mixed Platforms.ActiveCfg = Debug|Any CPU
		{35331B03-1EF9-488C-964C-42DE594C98F1}.Debug|Mixed Platforms.Build.0 = Debug|Any CPU
		{35331B03-1EF9-488C-964C-42DE594C98F1}.Debug|x86.ActiveCfg = Debug|Any CPU
		{35331B03-1EF9-488C-964C-42DE594C98F1}.Pre|Any CPU.ActiveCfg = Release|Any CPU
		{35331B03-1EF9-488C-964C-42DE594C98F1}.Pre|Any CPU.Build.0 = Release|Any CPU
		{35331B03-1EF9-488C-964C-42DE594C98F1}.Pre|Mixed Platforms.ActiveCfg = Release|Any CPU
		{35331B03-1EF9-488C-964C-42DE594C98F1}.Pre|Mixed Platforms.Build.0 = Release|Any CPU
		{35331B03-1EF9-488C-964C-42DE594C98F1}.Pre|x86.ActiveCfg = Release|Any CPU
		{35331B03-1EF9-488C-964C-42DE594C98F1}.Release|Any CPU.ActiveCfg = Release|Any CPU
		{35331B03-1EF9-488C-964C-42DE594C98F1}.Release|Any CPU.Build.0 = Release|Any CPU
		{35331B03-1EF9-488C-964C-42DE594C98F1}.Release|Mixed Platforms.ActiveCfg = Release|Any CPU
		{35331B03-1EF9-488C-964C-42DE594C98F1}.Release|Mixed Platforms.Build.0 = Release|Any CPU
		{35331B03-1EF9-488C-964C-42DE594C98F1}.Release|x86.ActiveCfg = Release|Any CPU
		{08BF5909-E6ED-4CCC-8CC5-9D07CBFCB39E}.Debug|Any CPU.ActiveCfg = Debug|Any CPU
		{08BF5909-E6ED-4CCC-8CC5-9D07CBFCB39E}.Debug|Any CPU.Build.0 = Debug|Any CPU
		{08BF5909-E6ED-4CCC-8CC5-9D07CBFCB39E}.Debug|Mixed Platforms.ActiveCfg = Debug|Any CPU
		{08BF5909-E6ED-4CCC-8CC5-9D07CBFCB39E}.Debug|Mixed Platforms.Build.0 = Debug|Any CPU
		{08BF5909-E6ED-4CCC-8CC5-9D07CBFCB39E}.Debug|x86.ActiveCfg = Debug|Any CPU
		{08BF5909-E6ED-4CCC-8CC5-9D07CBFCB39E}.Pre|Any CPU.ActiveCfg = Pre|Any CPU
		{08BF5909-E6ED-4CCC-8CC5-9D07CBFCB39E}.Pre|Any CPU.Build.0 = Pre|Any CPU
		{08BF5909-E6ED-4CCC-8CC5-9D07CBFCB39E}.Pre|Mixed Platforms.ActiveCfg = Pre|Any CPU
		{08BF5909-E6ED-4CCC-8CC5-9D07CBFCB39E}.Pre|Mixed Platforms.Build.0 = Pre|Any CPU
		{08BF5909-E6ED-4CCC-8CC5-9D07CBFCB39E}.Pre|x86.ActiveCfg = Pre|Any CPU
		{08BF5909-E6ED-4CCC-8CC5-9D07CBFCB39E}.Release|Any CPU.ActiveCfg = Release|Any CPU
		{08BF5909-E6ED-4CCC-8CC5-9D07CBFCB39E}.Release|Any CPU.Build.0 = Release|Any CPU
		{08BF5909-E6ED-4CCC-8CC5-9D07CBFCB39E}.Release|Mixed Platforms.ActiveCfg = Release|Any CPU
		{08BF5909-E6ED-4CCC-8CC5-9D07CBFCB39E}.Release|Mixed Platforms.Build.0 = Release|Any CPU
		{08BF5909-E6ED-4CCC-8CC5-9D07CBFCB39E}.Release|x86.ActiveCfg = Release|Any CPU
		{C55CA135-8975-49C6-A554-11E45164EB70}.Debug|Any CPU.ActiveCfg = Debug|Any CPU
		{C55CA135-8975-49C6-A554-11E45164EB70}.Debug|Any CPU.Build.0 = Debug|Any CPU
		{C55CA135-8975-49C6-A554-11E45164EB70}.Debug|Mixed Platforms.ActiveCfg = Debug|Any CPU
		{C55CA135-8975-49C6-A554-11E45164EB70}.Debug|Mixed Platforms.Build.0 = Debug|Any CPU
		{C55CA135-8975-49C6-A554-11E45164EB70}.Debug|x86.ActiveCfg = Debug|Any CPU
		{C55CA135-8975-49C6-A554-11E45164EB70}.Pre|Any CPU.ActiveCfg = Pre|Any CPU
		{C55CA135-8975-49C6-A554-11E45164EB70}.Pre|Any CPU.Build.0 = Pre|Any CPU
		{C55CA135-8975-49C6-A554-11E45164EB70}.Pre|Mixed Platforms.ActiveCfg = Pre|Any CPU
		{C55CA135-8975-49C6-A554-11E45164EB70}.Pre|Mixed Platforms.Build.0 = Pre|Any CPU
		{C55CA135-8975-49C6-A554-11E45164EB70}.Pre|x86.ActiveCfg = Pre|Any CPU
		{C55CA135-8975-49C6-A554-11E45164EB70}.Release|Any CPU.ActiveCfg = Release|Any CPU
		{C55CA135-8975-49C6-A554-11E45164EB70}.Release|Any CPU.Build.0 = Release|Any CPU
		{C55CA135-8975-49C6-A554-11E45164EB70}.Release|Mixed Platforms.ActiveCfg = Release|Any CPU
		{C55CA135-8975-49C6-A554-11E45164EB70}.Release|Mixed Platforms.Build.0 = Release|Any CPU
		{C55CA135-8975-49C6-A554-11E45164EB70}.Release|x86.ActiveCfg = Release|Any CPU
		{B070D29E-7A42-497E-B448-A17C6573D65D}.Debug|Any CPU.ActiveCfg = Debug|Any CPU
		{B070D29E-7A42-497E-B448-A17C6573D65D}.Debug|Any CPU.Build.0 = Debug|Any CPU
		{B070D29E-7A42-497E-B448-A17C6573D65D}.Debug|Mixed Platforms.ActiveCfg = Debug|Any CPU
		{B070D29E-7A42-497E-B448-A17C6573D65D}.Debug|Mixed Platforms.Build.0 = Debug|Any CPU
		{B070D29E-7A42-497E-B448-A17C6573D65D}.Debug|x86.ActiveCfg = Debug|Any CPU
		{B070D29E-7A42-497E-B448-A17C6573D65D}.Pre|Any CPU.ActiveCfg = Release|Any CPU
		{B070D29E-7A42-497E-B448-A17C6573D65D}.Pre|Any CPU.Build.0 = Release|Any CPU
		{B070D29E-7A42-497E-B448-A17C6573D65D}.Pre|Mixed Platforms.ActiveCfg = Release|Any CPU
		{B070D29E-7A42-497E-B448-A17C6573D65D}.Pre|Mixed Platforms.Build.0 = Release|Any CPU
		{B070D29E-7A42-497E-B448-A17C6573D65D}.Pre|x86.ActiveCfg = Release|Any CPU
		{B070D29E-7A42-497E-B448-A17C6573D65D}.Release|Any CPU.ActiveCfg = Release|Any CPU
		{B070D29E-7A42-497E-B448-A17C6573D65D}.Release|Any CPU.Build.0 = Release|Any CPU
		{B070D29E-7A42-497E-B448-A17C6573D65D}.Release|Mixed Platforms.ActiveCfg = Release|Any CPU
		{B070D29E-7A42-497E-B448-A17C6573D65D}.Release|Mixed Platforms.Build.0 = Release|Any CPU
		{B070D29E-7A42-497E-B448-A17C6573D65D}.Release|x86.ActiveCfg = Release|Any CPU
		{E5F79D13-0E92-4E5C-9251-6922741AFCAA}.Debug|Any CPU.ActiveCfg = Debug|Any CPU
		{E5F79D13-0E92-4E5C-9251-6922741AFCAA}.Debug|Any CPU.Build.0 = Debug|Any CPU
		{E5F79D13-0E92-4E5C-9251-6922741AFCAA}.Debug|Mixed Platforms.ActiveCfg = Debug|Any CPU
		{E5F79D13-0E92-4E5C-9251-6922741AFCAA}.Debug|Mixed Platforms.Build.0 = Debug|Any CPU
		{E5F79D13-0E92-4E5C-9251-6922741AFCAA}.Debug|x86.ActiveCfg = Debug|Any CPU
		{E5F79D13-0E92-4E5C-9251-6922741AFCAA}.Pre|Any CPU.ActiveCfg = Release|Any CPU
		{E5F79D13-0E92-4E5C-9251-6922741AFCAA}.Pre|Any CPU.Build.0 = Release|Any CPU
		{E5F79D13-0E92-4E5C-9251-6922741AFCAA}.Pre|Mixed Platforms.ActiveCfg = Release|Any CPU
		{E5F79D13-0E92-4E5C-9251-6922741AFCAA}.Pre|Mixed Platforms.Build.0 = Release|Any CPU
		{E5F79D13-0E92-4E5C-9251-6922741AFCAA}.Pre|x86.ActiveCfg = Release|Any CPU
		{E5F79D13-0E92-4E5C-9251-6922741AFCAA}.Release|Any CPU.ActiveCfg = Release|Any CPU
		{E5F79D13-0E92-4E5C-9251-6922741AFCAA}.Release|Any CPU.Build.0 = Release|Any CPU
		{E5F79D13-0E92-4E5C-9251-6922741AFCAA}.Release|Mixed Platforms.ActiveCfg = Release|Any CPU
		{E5F79D13-0E92-4E5C-9251-6922741AFCAA}.Release|Mixed Platforms.Build.0 = Release|Any CPU
		{E5F79D13-0E92-4E5C-9251-6922741AFCAA}.Release|x86.ActiveCfg = Release|Any CPU
		{03AB55C4-5F34-4DD3-86C9-24DCA4A4E6E3}.Debug|Any CPU.ActiveCfg = Debug|Any CPU
		{03AB55C4-5F34-4DD3-86C9-24DCA4A4E6E3}.Debug|Any CPU.Build.0 = Debug|Any CPU
		{03AB55C4-5F34-4DD3-86C9-24DCA4A4E6E3}.Debug|Mixed Platforms.ActiveCfg = Debug|Any CPU
		{03AB55C4-5F34-4DD3-86C9-24DCA4A4E6E3}.Debug|Mixed Platforms.Build.0 = Debug|Any CPU
		{03AB55C4-5F34-4DD3-86C9-24DCA4A4E6E3}.Debug|x86.ActiveCfg = Debug|Any CPU
		{03AB55C4-5F34-4DD3-86C9-24DCA4A4E6E3}.Pre|Any CPU.ActiveCfg = Release|Any CPU
		{03AB55C4-5F34-4DD3-86C9-24DCA4A4E6E3}.Pre|Any CPU.Build.0 = Release|Any CPU
		{03AB55C4-5F34-4DD3-86C9-24DCA4A4E6E3}.Pre|Mixed Platforms.ActiveCfg = Release|Any CPU
		{03AB55C4-5F34-4DD3-86C9-24DCA4A4E6E3}.Pre|Mixed Platforms.Build.0 = Release|Any CPU
		{03AB55C4-5F34-4DD3-86C9-24DCA4A4E6E3}.Pre|x86.ActiveCfg = Release|Any CPU
		{03AB55C4-5F34-4DD3-86C9-24DCA4A4E6E3}.Release|Any CPU.ActiveCfg = Release|Any CPU
		{03AB55C4-5F34-4DD3-86C9-24DCA4A4E6E3}.Release|Any CPU.Build.0 = Release|Any CPU
		{03AB55C4-5F34-4DD3-86C9-24DCA4A4E6E3}.Release|Mixed Platforms.ActiveCfg = Release|Any CPU
		{03AB55C4-5F34-4DD3-86C9-24DCA4A4E6E3}.Release|Mixed Platforms.Build.0 = Release|Any CPU
		{03AB55C4-5F34-4DD3-86C9-24DCA4A4E6E3}.Release|x86.ActiveCfg = Release|Any CPU
		{9A7FB831-362E-43D7-AD82-306B0FE43409}.Debug|Any CPU.ActiveCfg = Debug|Any CPU
		{9A7FB831-362E-43D7-AD82-306B0FE43409}.Debug|Any CPU.Build.0 = Debug|Any CPU
		{9A7FB831-362E-43D7-AD82-306B0FE43409}.Debug|Mixed Platforms.ActiveCfg = Debug|Any CPU
		{9A7FB831-362E-43D7-AD82-306B0FE43409}.Debug|Mixed Platforms.Build.0 = Debug|Any CPU
		{9A7FB831-362E-43D7-AD82-306B0FE43409}.Debug|x86.ActiveCfg = Debug|Any CPU
		{9A7FB831-362E-43D7-AD82-306B0FE43409}.Debug|x86.Build.0 = Debug|Any CPU
		{9A7FB831-362E-43D7-AD82-306B0FE43409}.Pre|Any CPU.ActiveCfg = Release|Any CPU
		{9A7FB831-362E-43D7-AD82-306B0FE43409}.Pre|Any CPU.Build.0 = Release|Any CPU
		{9A7FB831-362E-43D7-AD82-306B0FE43409}.Pre|Mixed Platforms.ActiveCfg = Release|Any CPU
		{9A7FB831-362E-43D7-AD82-306B0FE43409}.Pre|Mixed Platforms.Build.0 = Release|Any CPU
		{9A7FB831-362E-43D7-AD82-306B0FE43409}.Pre|x86.ActiveCfg = Release|Any CPU
		{9A7FB831-362E-43D7-AD82-306B0FE43409}.Pre|x86.Build.0 = Release|Any CPU
		{9A7FB831-362E-43D7-AD82-306B0FE43409}.Release|Any CPU.ActiveCfg = Release|Any CPU
		{9A7FB831-362E-43D7-AD82-306B0FE43409}.Release|Any CPU.Build.0 = Release|Any CPU
		{9A7FB831-362E-43D7-AD82-306B0FE43409}.Release|Mixed Platforms.ActiveCfg = Release|Any CPU
		{9A7FB831-362E-43D7-AD82-306B0FE43409}.Release|Mixed Platforms.Build.0 = Release|Any CPU
		{9A7FB831-362E-43D7-AD82-306B0FE43409}.Release|x86.ActiveCfg = Release|Any CPU
		{9A7FB831-362E-43D7-AD82-306B0FE43409}.Release|x86.Build.0 = Release|Any CPU
		{0E57960A-9282-4DD6-8966-41DBCD45DD97}.Debug|Any CPU.ActiveCfg = Debug|Any CPU
		{0E57960A-9282-4DD6-8966-41DBCD45DD97}.Debug|Any CPU.Build.0 = Debug|Any CPU
		{0E57960A-9282-4DD6-8966-41DBCD45DD97}.Debug|Mixed Platforms.ActiveCfg = Debug|Any CPU
		{0E57960A-9282-4DD6-8966-41DBCD45DD97}.Debug|Mixed Platforms.Build.0 = Debug|Any CPU
		{0E57960A-9282-4DD6-8966-41DBCD45DD97}.Debug|x86.ActiveCfg = Debug|Any CPU
		{0E57960A-9282-4DD6-8966-41DBCD45DD97}.Debug|x86.Build.0 = Debug|Any CPU
		{0E57960A-9282-4DD6-8966-41DBCD45DD97}.Pre|Any CPU.ActiveCfg = Release|Any CPU
		{0E57960A-9282-4DD6-8966-41DBCD45DD97}.Pre|Any CPU.Build.0 = Release|Any CPU
		{0E57960A-9282-4DD6-8966-41DBCD45DD97}.Pre|Mixed Platforms.ActiveCfg = Release|Any CPU
		{0E57960A-9282-4DD6-8966-41DBCD45DD97}.Pre|Mixed Platforms.Build.0 = Release|Any CPU
		{0E57960A-9282-4DD6-8966-41DBCD45DD97}.Pre|x86.ActiveCfg = Release|Any CPU
		{0E57960A-9282-4DD6-8966-41DBCD45DD97}.Pre|x86.Build.0 = Release|Any CPU
		{0E57960A-9282-4DD6-8966-41DBCD45DD97}.Release|Any CPU.ActiveCfg = Release|Any CPU
		{0E57960A-9282-4DD6-8966-41DBCD45DD97}.Release|Any CPU.Build.0 = Release|Any CPU
		{0E57960A-9282-4DD6-8966-41DBCD45DD97}.Release|Mixed Platforms.ActiveCfg = Release|Any CPU
		{0E57960A-9282-4DD6-8966-41DBCD45DD97}.Release|Mixed Platforms.Build.0 = Release|Any CPU
		{0E57960A-9282-4DD6-8966-41DBCD45DD97}.Release|x86.ActiveCfg = Release|Any CPU
		{0E57960A-9282-4DD6-8966-41DBCD45DD97}.Release|x86.Build.0 = Release|Any CPU
		{8C00A051-13CA-4702-B74C-FD672E843BDE}.Debug|Any CPU.ActiveCfg = Debug|Any CPU
		{8C00A051-13CA-4702-B74C-FD672E843BDE}.Debug|Any CPU.Build.0 = Debug|Any CPU
		{8C00A051-13CA-4702-B74C-FD672E843BDE}.Debug|Mixed Platforms.ActiveCfg = Debug|Any CPU
		{8C00A051-13CA-4702-B74C-FD672E843BDE}.Debug|Mixed Platforms.Build.0 = Debug|Any CPU
		{8C00A051-13CA-4702-B74C-FD672E843BDE}.Debug|x86.ActiveCfg = Debug|Any CPU
		{8C00A051-13CA-4702-B74C-FD672E843BDE}.Debug|x86.Build.0 = Debug|Any CPU
		{8C00A051-13CA-4702-B74C-FD672E843BDE}.Pre|Any CPU.ActiveCfg = Release|Any CPU
		{8C00A051-13CA-4702-B74C-FD672E843BDE}.Pre|Any CPU.Build.0 = Release|Any CPU
		{8C00A051-13CA-4702-B74C-FD672E843BDE}.Pre|Mixed Platforms.ActiveCfg = Release|Any CPU
		{8C00A051-13CA-4702-B74C-FD672E843BDE}.Pre|Mixed Platforms.Build.0 = Release|Any CPU
		{8C00A051-13CA-4702-B74C-FD672E843BDE}.Pre|x86.ActiveCfg = Release|Any CPU
		{8C00A051-13CA-4702-B74C-FD672E843BDE}.Pre|x86.Build.0 = Release|Any CPU
		{8C00A051-13CA-4702-B74C-FD672E843BDE}.Release|Any CPU.ActiveCfg = Release|Any CPU
		{8C00A051-13CA-4702-B74C-FD672E843BDE}.Release|Any CPU.Build.0 = Release|Any CPU
		{8C00A051-13CA-4702-B74C-FD672E843BDE}.Release|Mixed Platforms.ActiveCfg = Release|Any CPU
		{8C00A051-13CA-4702-B74C-FD672E843BDE}.Release|Mixed Platforms.Build.0 = Release|Any CPU
		{8C00A051-13CA-4702-B74C-FD672E843BDE}.Release|x86.ActiveCfg = Release|Any CPU
		{8C00A051-13CA-4702-B74C-FD672E843BDE}.Release|x86.Build.0 = Release|Any CPU
		{7AB7BDAC-23C6-471B-97CE-93FAD74BA5DA}.Debug|Any CPU.ActiveCfg = Debug|Any CPU
		{7AB7BDAC-23C6-471B-97CE-93FAD74BA5DA}.Debug|Any CPU.Build.0 = Debug|Any CPU
		{7AB7BDAC-23C6-471B-97CE-93FAD74BA5DA}.Debug|Mixed Platforms.ActiveCfg = Debug|Any CPU
		{7AB7BDAC-23C6-471B-97CE-93FAD74BA5DA}.Debug|Mixed Platforms.Build.0 = Debug|Any CPU
		{7AB7BDAC-23C6-471B-97CE-93FAD74BA5DA}.Debug|x86.ActiveCfg = Debug|Any CPU
		{7AB7BDAC-23C6-471B-97CE-93FAD74BA5DA}.Debug|x86.Build.0 = Debug|Any CPU
		{7AB7BDAC-23C6-471B-97CE-93FAD74BA5DA}.Pre|Any CPU.ActiveCfg = Release|Any CPU
		{7AB7BDAC-23C6-471B-97CE-93FAD74BA5DA}.Pre|Any CPU.Build.0 = Release|Any CPU
		{7AB7BDAC-23C6-471B-97CE-93FAD74BA5DA}.Pre|Mixed Platforms.ActiveCfg = Release|Any CPU
		{7AB7BDAC-23C6-471B-97CE-93FAD74BA5DA}.Pre|Mixed Platforms.Build.0 = Release|Any CPU
		{7AB7BDAC-23C6-471B-97CE-93FAD74BA5DA}.Pre|x86.ActiveCfg = Release|Any CPU
		{7AB7BDAC-23C6-471B-97CE-93FAD74BA5DA}.Pre|x86.Build.0 = Release|Any CPU
		{7AB7BDAC-23C6-471B-97CE-93FAD74BA5DA}.Release|Any CPU.ActiveCfg = Release|Any CPU
		{7AB7BDAC-23C6-471B-97CE-93FAD74BA5DA}.Release|Any CPU.Build.0 = Release|Any CPU
		{7AB7BDAC-23C6-471B-97CE-93FAD74BA5DA}.Release|Mixed Platforms.ActiveCfg = Release|Any CPU
		{7AB7BDAC-23C6-471B-97CE-93FAD74BA5DA}.Release|Mixed Platforms.Build.0 = Release|Any CPU
		{7AB7BDAC-23C6-471B-97CE-93FAD74BA5DA}.Release|x86.ActiveCfg = Release|Any CPU
		{7AB7BDAC-23C6-471B-97CE-93FAD74BA5DA}.Release|x86.Build.0 = Release|Any CPU
		{013337DD-4F8A-40C5-81F9-1785A28F872E}.Debug|Any CPU.ActiveCfg = Debug|Any CPU
		{013337DD-4F8A-40C5-81F9-1785A28F872E}.Debug|Any CPU.Build.0 = Debug|Any CPU
		{013337DD-4F8A-40C5-81F9-1785A28F872E}.Debug|Mixed Platforms.ActiveCfg = Debug|Any CPU
		{013337DD-4F8A-40C5-81F9-1785A28F872E}.Debug|Mixed Platforms.Build.0 = Debug|Any CPU
		{013337DD-4F8A-40C5-81F9-1785A28F872E}.Debug|x86.ActiveCfg = Debug|Any CPU
		{013337DD-4F8A-40C5-81F9-1785A28F872E}.Debug|x86.Build.0 = Debug|Any CPU
		{013337DD-4F8A-40C5-81F9-1785A28F872E}.Pre|Any CPU.ActiveCfg = Release|Any CPU
		{013337DD-4F8A-40C5-81F9-1785A28F872E}.Pre|Any CPU.Build.0 = Release|Any CPU
		{013337DD-4F8A-40C5-81F9-1785A28F872E}.Pre|Mixed Platforms.ActiveCfg = Release|Any CPU
		{013337DD-4F8A-40C5-81F9-1785A28F872E}.Pre|Mixed Platforms.Build.0 = Release|Any CPU
		{013337DD-4F8A-40C5-81F9-1785A28F872E}.Pre|x86.ActiveCfg = Release|Any CPU
		{013337DD-4F8A-40C5-81F9-1785A28F872E}.Pre|x86.Build.0 = Release|Any CPU
		{013337DD-4F8A-40C5-81F9-1785A28F872E}.Release|Any CPU.ActiveCfg = Release|Any CPU
		{013337DD-4F8A-40C5-81F9-1785A28F872E}.Release|Any CPU.Build.0 = Release|Any CPU
		{013337DD-4F8A-40C5-81F9-1785A28F872E}.Release|Mixed Platforms.ActiveCfg = Release|Any CPU
		{013337DD-4F8A-40C5-81F9-1785A28F872E}.Release|Mixed Platforms.Build.0 = Release|Any CPU
		{013337DD-4F8A-40C5-81F9-1785A28F872E}.Release|x86.ActiveCfg = Release|Any CPU
		{013337DD-4F8A-40C5-81F9-1785A28F872E}.Release|x86.Build.0 = Release|Any CPU
		{0ED1DDBD-0582-43D7-B734-C991620E2234}.Debug|Any CPU.ActiveCfg = Debug|Any CPU
		{0ED1DDBD-0582-43D7-B734-C991620E2234}.Debug|Any CPU.Build.0 = Debug|Any CPU
		{0ED1DDBD-0582-43D7-B734-C991620E2234}.Debug|Mixed Platforms.ActiveCfg = Debug|Any CPU
		{0ED1DDBD-0582-43D7-B734-C991620E2234}.Debug|Mixed Platforms.Build.0 = Debug|Any CPU
		{0ED1DDBD-0582-43D7-B734-C991620E2234}.Debug|x86.ActiveCfg = Debug|Any CPU
		{0ED1DDBD-0582-43D7-B734-C991620E2234}.Debug|x86.Build.0 = Debug|Any CPU
		{0ED1DDBD-0582-43D7-B734-C991620E2234}.Pre|Any CPU.ActiveCfg = Release|Any CPU
		{0ED1DDBD-0582-43D7-B734-C991620E2234}.Pre|Any CPU.Build.0 = Release|Any CPU
		{0ED1DDBD-0582-43D7-B734-C991620E2234}.Pre|Mixed Platforms.ActiveCfg = Release|Any CPU
		{0ED1DDBD-0582-43D7-B734-C991620E2234}.Pre|Mixed Platforms.Build.0 = Release|Any CPU
		{0ED1DDBD-0582-43D7-B734-C991620E2234}.Pre|x86.ActiveCfg = Release|Any CPU
		{0ED1DDBD-0582-43D7-B734-C991620E2234}.Pre|x86.Build.0 = Release|Any CPU
		{0ED1DDBD-0582-43D7-B734-C991620E2234}.Release|Any CPU.ActiveCfg = Release|Any CPU
		{0ED1DDBD-0582-43D7-B734-C991620E2234}.Release|Any CPU.Build.0 = Release|Any CPU
		{0ED1DDBD-0582-43D7-B734-C991620E2234}.Release|Mixed Platforms.ActiveCfg = Release|Any CPU
		{0ED1DDBD-0582-43D7-B734-C991620E2234}.Release|Mixed Platforms.Build.0 = Release|Any CPU
		{0ED1DDBD-0582-43D7-B734-C991620E2234}.Release|x86.ActiveCfg = Release|Any CPU
		{0ED1DDBD-0582-43D7-B734-C991620E2234}.Release|x86.Build.0 = Release|Any CPU
		{621FB143-7170-421C-8545-F0054518FC16}.Debug|Any CPU.ActiveCfg = Debug|Any CPU
		{621FB143-7170-421C-8545-F0054518FC16}.Debug|Any CPU.Build.0 = Debug|Any CPU
		{621FB143-7170-421C-8545-F0054518FC16}.Debug|Mixed Platforms.ActiveCfg = Debug|Any CPU
		{621FB143-7170-421C-8545-F0054518FC16}.Debug|Mixed Platforms.Build.0 = Debug|Any CPU
		{621FB143-7170-421C-8545-F0054518FC16}.Debug|x86.ActiveCfg = Debug|Any CPU
		{621FB143-7170-421C-8545-F0054518FC16}.Debug|x86.Build.0 = Debug|Any CPU
		{621FB143-7170-421C-8545-F0054518FC16}.Pre|Any CPU.ActiveCfg = Release|Any CPU
		{621FB143-7170-421C-8545-F0054518FC16}.Pre|Any CPU.Build.0 = Release|Any CPU
		{621FB143-7170-421C-8545-F0054518FC16}.Pre|Mixed Platforms.ActiveCfg = Release|Any CPU
		{621FB143-7170-421C-8545-F0054518FC16}.Pre|Mixed Platforms.Build.0 = Release|Any CPU
		{621FB143-7170-421C-8545-F0054518FC16}.Pre|x86.ActiveCfg = Release|Any CPU
		{621FB143-7170-421C-8545-F0054518FC16}.Pre|x86.Build.0 = Release|Any CPU
		{621FB143-7170-421C-8545-F0054518FC16}.Release|Any CPU.ActiveCfg = Release|Any CPU
		{621FB143-7170-421C-8545-F0054518FC16}.Release|Any CPU.Build.0 = Release|Any CPU
		{621FB143-7170-421C-8545-F0054518FC16}.Release|Mixed Platforms.ActiveCfg = Release|Any CPU
		{621FB143-7170-421C-8545-F0054518FC16}.Release|Mixed Platforms.Build.0 = Release|Any CPU
		{621FB143-7170-421C-8545-F0054518FC16}.Release|x86.ActiveCfg = Release|Any CPU
		{621FB143-7170-421C-8545-F0054518FC16}.Release|x86.Build.0 = Release|Any CPU
		{2F3B7720-D784-4541-BB98-39DDECFEA177}.Debug|Any CPU.ActiveCfg = Debug|Any CPU
		{2F3B7720-D784-4541-BB98-39DDECFEA177}.Debug|Any CPU.Build.0 = Debug|Any CPU
		{2F3B7720-D784-4541-BB98-39DDECFEA177}.Debug|Mixed Platforms.ActiveCfg = Debug|Any CPU
		{2F3B7720-D784-4541-BB98-39DDECFEA177}.Debug|Mixed Platforms.Build.0 = Debug|Any CPU
		{2F3B7720-D784-4541-BB98-39DDECFEA177}.Debug|x86.ActiveCfg = Debug|Any CPU
		{2F3B7720-D784-4541-BB98-39DDECFEA177}.Debug|x86.Build.0 = Debug|Any CPU
		{2F3B7720-D784-4541-BB98-39DDECFEA177}.Pre|Any CPU.ActiveCfg = Release|Any CPU
		{2F3B7720-D784-4541-BB98-39DDECFEA177}.Pre|Any CPU.Build.0 = Release|Any CPU
		{2F3B7720-D784-4541-BB98-39DDECFEA177}.Pre|Mixed Platforms.ActiveCfg = Release|Any CPU
		{2F3B7720-D784-4541-BB98-39DDECFEA177}.Pre|Mixed Platforms.Build.0 = Release|Any CPU
		{2F3B7720-D784-4541-BB98-39DDECFEA177}.Pre|x86.ActiveCfg = Release|Any CPU
		{2F3B7720-D784-4541-BB98-39DDECFEA177}.Pre|x86.Build.0 = Release|Any CPU
		{2F3B7720-D784-4541-BB98-39DDECFEA177}.Release|Any CPU.ActiveCfg = Release|Any CPU
		{2F3B7720-D784-4541-BB98-39DDECFEA177}.Release|Any CPU.Build.0 = Release|Any CPU
		{2F3B7720-D784-4541-BB98-39DDECFEA177}.Release|Mixed Platforms.ActiveCfg = Release|Any CPU
		{2F3B7720-D784-4541-BB98-39DDECFEA177}.Release|Mixed Platforms.Build.0 = Release|Any CPU
		{2F3B7720-D784-4541-BB98-39DDECFEA177}.Release|x86.ActiveCfg = Release|Any CPU
		{2F3B7720-D784-4541-BB98-39DDECFEA177}.Release|x86.Build.0 = Release|Any CPU
		{181D073B-EC7A-4A73-9EFB-49B18FE7D106}.Debug|Any CPU.ActiveCfg = Debug|Any CPU
		{181D073B-EC7A-4A73-9EFB-49B18FE7D106}.Debug|Any CPU.Build.0 = Debug|Any CPU
		{181D073B-EC7A-4A73-9EFB-49B18FE7D106}.Debug|Mixed Platforms.ActiveCfg = Debug|Any CPU
		{181D073B-EC7A-4A73-9EFB-49B18FE7D106}.Debug|Mixed Platforms.Build.0 = Debug|Any CPU
		{181D073B-EC7A-4A73-9EFB-49B18FE7D106}.Debug|x86.ActiveCfg = Debug|Any CPU
		{181D073B-EC7A-4A73-9EFB-49B18FE7D106}.Debug|x86.Build.0 = Debug|Any CPU
		{181D073B-EC7A-4A73-9EFB-49B18FE7D106}.Pre|Any CPU.ActiveCfg = Release|Any CPU
		{181D073B-EC7A-4A73-9EFB-49B18FE7D106}.Pre|Any CPU.Build.0 = Release|Any CPU
		{181D073B-EC7A-4A73-9EFB-49B18FE7D106}.Pre|Mixed Platforms.ActiveCfg = Release|Any CPU
		{181D073B-EC7A-4A73-9EFB-49B18FE7D106}.Pre|Mixed Platforms.Build.0 = Release|Any CPU
		{181D073B-EC7A-4A73-9EFB-49B18FE7D106}.Pre|x86.ActiveCfg = Release|Any CPU
		{181D073B-EC7A-4A73-9EFB-49B18FE7D106}.Pre|x86.Build.0 = Release|Any CPU
		{181D073B-EC7A-4A73-9EFB-49B18FE7D106}.Release|Any CPU.ActiveCfg = Release|Any CPU
		{181D073B-EC7A-4A73-9EFB-49B18FE7D106}.Release|Any CPU.Build.0 = Release|Any CPU
		{181D073B-EC7A-4A73-9EFB-49B18FE7D106}.Release|Mixed Platforms.ActiveCfg = Release|Any CPU
		{181D073B-EC7A-4A73-9EFB-49B18FE7D106}.Release|Mixed Platforms.Build.0 = Release|Any CPU
		{181D073B-EC7A-4A73-9EFB-49B18FE7D106}.Release|x86.ActiveCfg = Release|Any CPU
		{181D073B-EC7A-4A73-9EFB-49B18FE7D106}.Release|x86.Build.0 = Release|Any CPU
		{F070AFAF-80CD-4CF7-9E7D-5078A1DE337D}.Debug|Any CPU.ActiveCfg = Debug|Any CPU
		{F070AFAF-80CD-4CF7-9E7D-5078A1DE337D}.Debug|Any CPU.Build.0 = Debug|Any CPU
		{F070AFAF-80CD-4CF7-9E7D-5078A1DE337D}.Debug|Mixed Platforms.ActiveCfg = Debug|Any CPU
		{F070AFAF-80CD-4CF7-9E7D-5078A1DE337D}.Debug|Mixed Platforms.Build.0 = Debug|Any CPU
		{F070AFAF-80CD-4CF7-9E7D-5078A1DE337D}.Debug|x86.ActiveCfg = Debug|Any CPU
		{F070AFAF-80CD-4CF7-9E7D-5078A1DE337D}.Debug|x86.Build.0 = Debug|Any CPU
		{F070AFAF-80CD-4CF7-9E7D-5078A1DE337D}.Pre|Any CPU.ActiveCfg = Release|Any CPU
		{F070AFAF-80CD-4CF7-9E7D-5078A1DE337D}.Pre|Any CPU.Build.0 = Release|Any CPU
		{F070AFAF-80CD-4CF7-9E7D-5078A1DE337D}.Pre|Mixed Platforms.ActiveCfg = Release|Any CPU
		{F070AFAF-80CD-4CF7-9E7D-5078A1DE337D}.Pre|Mixed Platforms.Build.0 = Release|Any CPU
		{F070AFAF-80CD-4CF7-9E7D-5078A1DE337D}.Pre|x86.ActiveCfg = Release|Any CPU
		{F070AFAF-80CD-4CF7-9E7D-5078A1DE337D}.Pre|x86.Build.0 = Release|Any CPU
		{F070AFAF-80CD-4CF7-9E7D-5078A1DE337D}.Release|Any CPU.ActiveCfg = Release|Any CPU
		{F070AFAF-80CD-4CF7-9E7D-5078A1DE337D}.Release|Any CPU.Build.0 = Release|Any CPU
		{F070AFAF-80CD-4CF7-9E7D-5078A1DE337D}.Release|Mixed Platforms.ActiveCfg = Release|Any CPU
		{F070AFAF-80CD-4CF7-9E7D-5078A1DE337D}.Release|Mixed Platforms.Build.0 = Release|Any CPU
		{F070AFAF-80CD-4CF7-9E7D-5078A1DE337D}.Release|x86.ActiveCfg = Release|Any CPU
		{F070AFAF-80CD-4CF7-9E7D-5078A1DE337D}.Release|x86.Build.0 = Release|Any CPU
		{0040080F-27DB-465E-846F-3A475414E7AE}.Debug|Any CPU.ActiveCfg = Debug|Any CPU
		{0040080F-27DB-465E-846F-3A475414E7AE}.Debug|Any CPU.Build.0 = Debug|Any CPU
		{0040080F-27DB-465E-846F-3A475414E7AE}.Debug|Mixed Platforms.ActiveCfg = Debug|Any CPU
		{0040080F-27DB-465E-846F-3A475414E7AE}.Debug|Mixed Platforms.Build.0 = Debug|Any CPU
		{0040080F-27DB-465E-846F-3A475414E7AE}.Debug|x86.ActiveCfg = Debug|Any CPU
		{0040080F-27DB-465E-846F-3A475414E7AE}.Debug|x86.Build.0 = Debug|Any CPU
		{0040080F-27DB-465E-846F-3A475414E7AE}.Pre|Any CPU.ActiveCfg = Release|Any CPU
		{0040080F-27DB-465E-846F-3A475414E7AE}.Pre|Any CPU.Build.0 = Release|Any CPU
		{0040080F-27DB-465E-846F-3A475414E7AE}.Pre|Mixed Platforms.ActiveCfg = Release|Any CPU
		{0040080F-27DB-465E-846F-3A475414E7AE}.Pre|Mixed Platforms.Build.0 = Release|Any CPU
		{0040080F-27DB-465E-846F-3A475414E7AE}.Pre|x86.ActiveCfg = Release|Any CPU
		{0040080F-27DB-465E-846F-3A475414E7AE}.Pre|x86.Build.0 = Release|Any CPU
		{0040080F-27DB-465E-846F-3A475414E7AE}.Release|Any CPU.ActiveCfg = Release|Any CPU
		{0040080F-27DB-465E-846F-3A475414E7AE}.Release|Any CPU.Build.0 = Release|Any CPU
		{0040080F-27DB-465E-846F-3A475414E7AE}.Release|Mixed Platforms.ActiveCfg = Release|Any CPU
		{0040080F-27DB-465E-846F-3A475414E7AE}.Release|Mixed Platforms.Build.0 = Release|Any CPU
		{0040080F-27DB-465E-846F-3A475414E7AE}.Release|x86.ActiveCfg = Release|Any CPU
		{0040080F-27DB-465E-846F-3A475414E7AE}.Release|x86.Build.0 = Release|Any CPU
		{D7EED4AE-E296-4DA6-B49B-55FA775AEB64}.Debug|Any CPU.ActiveCfg = Debug|Any CPU
		{D7EED4AE-E296-4DA6-B49B-55FA775AEB64}.Debug|Any CPU.Build.0 = Debug|Any CPU
		{D7EED4AE-E296-4DA6-B49B-55FA775AEB64}.Debug|Mixed Platforms.ActiveCfg = Debug|Any CPU
		{D7EED4AE-E296-4DA6-B49B-55FA775AEB64}.Debug|Mixed Platforms.Build.0 = Debug|Any CPU
		{D7EED4AE-E296-4DA6-B49B-55FA775AEB64}.Debug|x86.ActiveCfg = Debug|Any CPU
		{D7EED4AE-E296-4DA6-B49B-55FA775AEB64}.Debug|x86.Build.0 = Debug|Any CPU
		{D7EED4AE-E296-4DA6-B49B-55FA775AEB64}.Pre|Any CPU.ActiveCfg = Release|Any CPU
		{D7EED4AE-E296-4DA6-B49B-55FA775AEB64}.Pre|Any CPU.Build.0 = Release|Any CPU
		{D7EED4AE-E296-4DA6-B49B-55FA775AEB64}.Pre|Mixed Platforms.ActiveCfg = Release|Any CPU
		{D7EED4AE-E296-4DA6-B49B-55FA775AEB64}.Pre|Mixed Platforms.Build.0 = Release|Any CPU
		{D7EED4AE-E296-4DA6-B49B-55FA775AEB64}.Pre|x86.ActiveCfg = Release|Any CPU
		{D7EED4AE-E296-4DA6-B49B-55FA775AEB64}.Pre|x86.Build.0 = Release|Any CPU
		{D7EED4AE-E296-4DA6-B49B-55FA775AEB64}.Release|Any CPU.ActiveCfg = Release|Any CPU
		{D7EED4AE-E296-4DA6-B49B-55FA775AEB64}.Release|Any CPU.Build.0 = Release|Any CPU
		{D7EED4AE-E296-4DA6-B49B-55FA775AEB64}.Release|Mixed Platforms.ActiveCfg = Release|Any CPU
		{D7EED4AE-E296-4DA6-B49B-55FA775AEB64}.Release|Mixed Platforms.Build.0 = Release|Any CPU
		{D7EED4AE-E296-4DA6-B49B-55FA775AEB64}.Release|x86.ActiveCfg = Release|Any CPU
		{D7EED4AE-E296-4DA6-B49B-55FA775AEB64}.Release|x86.Build.0 = Release|Any CPU
		{C5FBD076-C9E4-4FB3-B30D-D0B30394F7EA}.Debug|Any CPU.ActiveCfg = Debug|Any CPU
		{C5FBD076-C9E4-4FB3-B30D-D0B30394F7EA}.Debug|Any CPU.Build.0 = Debug|Any CPU
		{C5FBD076-C9E4-4FB3-B30D-D0B30394F7EA}.Debug|Mixed Platforms.ActiveCfg = Debug|Any CPU
		{C5FBD076-C9E4-4FB3-B30D-D0B30394F7EA}.Debug|Mixed Platforms.Build.0 = Debug|Any CPU
		{C5FBD076-C9E4-4FB3-B30D-D0B30394F7EA}.Debug|x86.ActiveCfg = Debug|Any CPU
		{C5FBD076-C9E4-4FB3-B30D-D0B30394F7EA}.Debug|x86.Build.0 = Debug|Any CPU
		{C5FBD076-C9E4-4FB3-B30D-D0B30394F7EA}.Pre|Any CPU.ActiveCfg = Release|Any CPU
		{C5FBD076-C9E4-4FB3-B30D-D0B30394F7EA}.Pre|Any CPU.Build.0 = Release|Any CPU
		{C5FBD076-C9E4-4FB3-B30D-D0B30394F7EA}.Pre|Mixed Platforms.ActiveCfg = Release|Any CPU
		{C5FBD076-C9E4-4FB3-B30D-D0B30394F7EA}.Pre|Mixed Platforms.Build.0 = Release|Any CPU
		{C5FBD076-C9E4-4FB3-B30D-D0B30394F7EA}.Pre|x86.ActiveCfg = Release|Any CPU
		{C5FBD076-C9E4-4FB3-B30D-D0B30394F7EA}.Pre|x86.Build.0 = Release|Any CPU
		{C5FBD076-C9E4-4FB3-B30D-D0B30394F7EA}.Release|Any CPU.ActiveCfg = Release|Any CPU
		{C5FBD076-C9E4-4FB3-B30D-D0B30394F7EA}.Release|Any CPU.Build.0 = Release|Any CPU
		{C5FBD076-C9E4-4FB3-B30D-D0B30394F7EA}.Release|Mixed Platforms.ActiveCfg = Release|Any CPU
		{C5FBD076-C9E4-4FB3-B30D-D0B30394F7EA}.Release|Mixed Platforms.Build.0 = Release|Any CPU
		{C5FBD076-C9E4-4FB3-B30D-D0B30394F7EA}.Release|x86.ActiveCfg = Release|Any CPU
		{C5FBD076-C9E4-4FB3-B30D-D0B30394F7EA}.Release|x86.Build.0 = Release|Any CPU
		{85A846C0-9C34-42B4-AB2C-1B2579BBF693}.Debug|Any CPU.ActiveCfg = Debug|Any CPU
		{85A846C0-9C34-42B4-AB2C-1B2579BBF693}.Debug|Any CPU.Build.0 = Debug|Any CPU
		{85A846C0-9C34-42B4-AB2C-1B2579BBF693}.Debug|Mixed Platforms.ActiveCfg = Debug|Any CPU
		{85A846C0-9C34-42B4-AB2C-1B2579BBF693}.Debug|Mixed Platforms.Build.0 = Debug|Any CPU
		{85A846C0-9C34-42B4-AB2C-1B2579BBF693}.Debug|x86.ActiveCfg = Debug|Any CPU
		{85A846C0-9C34-42B4-AB2C-1B2579BBF693}.Debug|x86.Build.0 = Debug|Any CPU
		{85A846C0-9C34-42B4-AB2C-1B2579BBF693}.Pre|Any CPU.ActiveCfg = Release|Any CPU
		{85A846C0-9C34-42B4-AB2C-1B2579BBF693}.Pre|Any CPU.Build.0 = Release|Any CPU
		{85A846C0-9C34-42B4-AB2C-1B2579BBF693}.Pre|Mixed Platforms.ActiveCfg = Release|Any CPU
		{85A846C0-9C34-42B4-AB2C-1B2579BBF693}.Pre|Mixed Platforms.Build.0 = Release|Any CPU
		{85A846C0-9C34-42B4-AB2C-1B2579BBF693}.Pre|x86.ActiveCfg = Release|Any CPU
		{85A846C0-9C34-42B4-AB2C-1B2579BBF693}.Pre|x86.Build.0 = Release|Any CPU
		{85A846C0-9C34-42B4-AB2C-1B2579BBF693}.Release|Any CPU.ActiveCfg = Release|Any CPU
		{85A846C0-9C34-42B4-AB2C-1B2579BBF693}.Release|Any CPU.Build.0 = Release|Any CPU
		{85A846C0-9C34-42B4-AB2C-1B2579BBF693}.Release|Mixed Platforms.ActiveCfg = Release|Any CPU
		{85A846C0-9C34-42B4-AB2C-1B2579BBF693}.Release|Mixed Platforms.Build.0 = Release|Any CPU
		{85A846C0-9C34-42B4-AB2C-1B2579BBF693}.Release|x86.ActiveCfg = Release|Any CPU
		{85A846C0-9C34-42B4-AB2C-1B2579BBF693}.Release|x86.Build.0 = Release|Any CPU
		{337D85D4-FBBD-4B88-AB67-E76F63617527}.Debug|Any CPU.ActiveCfg = Debug|x86
		{337D85D4-FBBD-4B88-AB67-E76F63617527}.Debug|Mixed Platforms.ActiveCfg = Debug|x86
		{337D85D4-FBBD-4B88-AB67-E76F63617527}.Debug|Mixed Platforms.Build.0 = Debug|x86
		{337D85D4-FBBD-4B88-AB67-E76F63617527}.Debug|x86.ActiveCfg = Debug|x86
		{337D85D4-FBBD-4B88-AB67-E76F63617527}.Debug|x86.Build.0 = Debug|x86
		{337D85D4-FBBD-4B88-AB67-E76F63617527}.Pre|Any CPU.ActiveCfg = Release|x86
		{337D85D4-FBBD-4B88-AB67-E76F63617527}.Pre|Any CPU.Build.0 = Release|x86
		{337D85D4-FBBD-4B88-AB67-E76F63617527}.Pre|Mixed Platforms.ActiveCfg = Release|x86
		{337D85D4-FBBD-4B88-AB67-E76F63617527}.Pre|Mixed Platforms.Build.0 = Release|x86
		{337D85D4-FBBD-4B88-AB67-E76F63617527}.Pre|x86.ActiveCfg = Release|x86
		{337D85D4-FBBD-4B88-AB67-E76F63617527}.Pre|x86.Build.0 = Release|x86
		{337D85D4-FBBD-4B88-AB67-E76F63617527}.Release|Any CPU.ActiveCfg = Release|x86
		{337D85D4-FBBD-4B88-AB67-E76F63617527}.Release|Mixed Platforms.ActiveCfg = Release|x86
		{337D85D4-FBBD-4B88-AB67-E76F63617527}.Release|Mixed Platforms.Build.0 = Release|x86
		{337D85D4-FBBD-4B88-AB67-E76F63617527}.Release|x86.ActiveCfg = Release|x86
		{337D85D4-FBBD-4B88-AB67-E76F63617527}.Release|x86.Build.0 = Release|x86
		{40F5B396-E5E4-4BB9-BBE5-945C264240D5}.Debug|Any CPU.ActiveCfg = Debug|Any CPU
		{40F5B396-E5E4-4BB9-BBE5-945C264240D5}.Debug|Any CPU.Build.0 = Debug|Any CPU
		{40F5B396-E5E4-4BB9-BBE5-945C264240D5}.Debug|Mixed Platforms.ActiveCfg = Debug|Any CPU
		{40F5B396-E5E4-4BB9-BBE5-945C264240D5}.Debug|Mixed Platforms.Build.0 = Debug|Any CPU
		{40F5B396-E5E4-4BB9-BBE5-945C264240D5}.Debug|x86.ActiveCfg = Debug|Any CPU
		{40F5B396-E5E4-4BB9-BBE5-945C264240D5}.Debug|x86.Build.0 = Debug|Any CPU
		{40F5B396-E5E4-4BB9-BBE5-945C264240D5}.Pre|Any CPU.ActiveCfg = Release|Any CPU
		{40F5B396-E5E4-4BB9-BBE5-945C264240D5}.Pre|Any CPU.Build.0 = Release|Any CPU
		{40F5B396-E5E4-4BB9-BBE5-945C264240D5}.Pre|Mixed Platforms.ActiveCfg = Release|Any CPU
		{40F5B396-E5E4-4BB9-BBE5-945C264240D5}.Pre|Mixed Platforms.Build.0 = Release|Any CPU
		{40F5B396-E5E4-4BB9-BBE5-945C264240D5}.Pre|x86.ActiveCfg = Release|Any CPU
		{40F5B396-E5E4-4BB9-BBE5-945C264240D5}.Pre|x86.Build.0 = Release|Any CPU
		{40F5B396-E5E4-4BB9-BBE5-945C264240D5}.Release|Any CPU.ActiveCfg = Release|Any CPU
		{40F5B396-E5E4-4BB9-BBE5-945C264240D5}.Release|Any CPU.Build.0 = Release|Any CPU
		{40F5B396-E5E4-4BB9-BBE5-945C264240D5}.Release|Mixed Platforms.ActiveCfg = Release|Any CPU
		{40F5B396-E5E4-4BB9-BBE5-945C264240D5}.Release|Mixed Platforms.Build.0 = Release|Any CPU
		{40F5B396-E5E4-4BB9-BBE5-945C264240D5}.Release|x86.ActiveCfg = Release|Any CPU
		{40F5B396-E5E4-4BB9-BBE5-945C264240D5}.Release|x86.Build.0 = Release|Any CPU
		{025BB1C3-7595-4017-A2BB-8FB84538CD9A}.Debug|Any CPU.ActiveCfg = Debug|Any CPU
		{025BB1C3-7595-4017-A2BB-8FB84538CD9A}.Debug|Any CPU.Build.0 = Debug|Any CPU
		{025BB1C3-7595-4017-A2BB-8FB84538CD9A}.Debug|Mixed Platforms.ActiveCfg = Debug|Any CPU
		{025BB1C3-7595-4017-A2BB-8FB84538CD9A}.Debug|Mixed Platforms.Build.0 = Debug|Any CPU
		{025BB1C3-7595-4017-A2BB-8FB84538CD9A}.Debug|x86.ActiveCfg = Debug|Any CPU
		{025BB1C3-7595-4017-A2BB-8FB84538CD9A}.Debug|x86.Build.0 = Debug|Any CPU
		{025BB1C3-7595-4017-A2BB-8FB84538CD9A}.Pre|Any CPU.ActiveCfg = Release|Any CPU
		{025BB1C3-7595-4017-A2BB-8FB84538CD9A}.Pre|Any CPU.Build.0 = Release|Any CPU
		{025BB1C3-7595-4017-A2BB-8FB84538CD9A}.Pre|Mixed Platforms.ActiveCfg = Release|Any CPU
		{025BB1C3-7595-4017-A2BB-8FB84538CD9A}.Pre|Mixed Platforms.Build.0 = Release|Any CPU
		{025BB1C3-7595-4017-A2BB-8FB84538CD9A}.Pre|x86.ActiveCfg = Release|Any CPU
		{025BB1C3-7595-4017-A2BB-8FB84538CD9A}.Pre|x86.Build.0 = Release|Any CPU
		{025BB1C3-7595-4017-A2BB-8FB84538CD9A}.Release|Any CPU.ActiveCfg = Release|Any CPU
		{025BB1C3-7595-4017-A2BB-8FB84538CD9A}.Release|Any CPU.Build.0 = Release|Any CPU
		{025BB1C3-7595-4017-A2BB-8FB84538CD9A}.Release|Mixed Platforms.ActiveCfg = Release|Any CPU
		{025BB1C3-7595-4017-A2BB-8FB84538CD9A}.Release|Mixed Platforms.Build.0 = Release|Any CPU
		{025BB1C3-7595-4017-A2BB-8FB84538CD9A}.Release|x86.ActiveCfg = Release|Any CPU
		{025BB1C3-7595-4017-A2BB-8FB84538CD9A}.Release|x86.Build.0 = Release|Any CPU
		{4D63A29A-7E2E-4D33-B2A2-DE271112DCC5}.Debug|Any CPU.ActiveCfg = Debug|Any CPU
		{4D63A29A-7E2E-4D33-B2A2-DE271112DCC5}.Debug|Any CPU.Build.0 = Debug|Any CPU
		{4D63A29A-7E2E-4D33-B2A2-DE271112DCC5}.Debug|Mixed Platforms.ActiveCfg = Debug|Any CPU
		{4D63A29A-7E2E-4D33-B2A2-DE271112DCC5}.Debug|Mixed Platforms.Build.0 = Debug|Any CPU
		{4D63A29A-7E2E-4D33-B2A2-DE271112DCC5}.Debug|x86.ActiveCfg = Debug|Any CPU
		{4D63A29A-7E2E-4D33-B2A2-DE271112DCC5}.Debug|x86.Build.0 = Debug|Any CPU
		{4D63A29A-7E2E-4D33-B2A2-DE271112DCC5}.Pre|Any CPU.ActiveCfg = Release|Any CPU
		{4D63A29A-7E2E-4D33-B2A2-DE271112DCC5}.Pre|Any CPU.Build.0 = Release|Any CPU
		{4D63A29A-7E2E-4D33-B2A2-DE271112DCC5}.Pre|Mixed Platforms.ActiveCfg = Release|Any CPU
		{4D63A29A-7E2E-4D33-B2A2-DE271112DCC5}.Pre|Mixed Platforms.Build.0 = Release|Any CPU
		{4D63A29A-7E2E-4D33-B2A2-DE271112DCC5}.Pre|x86.ActiveCfg = Release|Any CPU
		{4D63A29A-7E2E-4D33-B2A2-DE271112DCC5}.Pre|x86.Build.0 = Release|Any CPU
		{4D63A29A-7E2E-4D33-B2A2-DE271112DCC5}.Release|Any CPU.ActiveCfg = Release|Any CPU
		{4D63A29A-7E2E-4D33-B2A2-DE271112DCC5}.Release|Any CPU.Build.0 = Release|Any CPU
		{4D63A29A-7E2E-4D33-B2A2-DE271112DCC5}.Release|Mixed Platforms.ActiveCfg = Release|Any CPU
		{4D63A29A-7E2E-4D33-B2A2-DE271112DCC5}.Release|Mixed Platforms.Build.0 = Release|Any CPU
		{4D63A29A-7E2E-4D33-B2A2-DE271112DCC5}.Release|x86.ActiveCfg = Release|Any CPU
		{4D63A29A-7E2E-4D33-B2A2-DE271112DCC5}.Release|x86.Build.0 = Release|Any CPU
		{95C85086-0B12-43B6-B3F4-E730CE4FE92C}.Debug|Any CPU.ActiveCfg = Debug|Any CPU
		{95C85086-0B12-43B6-B3F4-E730CE4FE92C}.Debug|Any CPU.Build.0 = Debug|Any CPU
		{95C85086-0B12-43B6-B3F4-E730CE4FE92C}.Debug|Mixed Platforms.ActiveCfg = Debug|Any CPU
		{95C85086-0B12-43B6-B3F4-E730CE4FE92C}.Debug|Mixed Platforms.Build.0 = Debug|Any CPU
		{95C85086-0B12-43B6-B3F4-E730CE4FE92C}.Debug|x86.ActiveCfg = Debug|Any CPU
		{95C85086-0B12-43B6-B3F4-E730CE4FE92C}.Debug|x86.Build.0 = Debug|Any CPU
		{95C85086-0B12-43B6-B3F4-E730CE4FE92C}.Pre|Any CPU.ActiveCfg = Release|Any CPU
		{95C85086-0B12-43B6-B3F4-E730CE4FE92C}.Pre|Any CPU.Build.0 = Release|Any CPU
		{95C85086-0B12-43B6-B3F4-E730CE4FE92C}.Pre|Mixed Platforms.ActiveCfg = Release|Any CPU
		{95C85086-0B12-43B6-B3F4-E730CE4FE92C}.Pre|Mixed Platforms.Build.0 = Release|Any CPU
		{95C85086-0B12-43B6-B3F4-E730CE4FE92C}.Pre|x86.ActiveCfg = Release|Any CPU
		{95C85086-0B12-43B6-B3F4-E730CE4FE92C}.Pre|x86.Build.0 = Release|Any CPU
		{95C85086-0B12-43B6-B3F4-E730CE4FE92C}.Release|Any CPU.ActiveCfg = Release|Any CPU
		{95C85086-0B12-43B6-B3F4-E730CE4FE92C}.Release|Any CPU.Build.0 = Release|Any CPU
		{95C85086-0B12-43B6-B3F4-E730CE4FE92C}.Release|Mixed Platforms.ActiveCfg = Release|Any CPU
		{95C85086-0B12-43B6-B3F4-E730CE4FE92C}.Release|Mixed Platforms.Build.0 = Release|Any CPU
		{95C85086-0B12-43B6-B3F4-E730CE4FE92C}.Release|x86.ActiveCfg = Release|Any CPU
		{95C85086-0B12-43B6-B3F4-E730CE4FE92C}.Release|x86.Build.0 = Release|Any CPU
		{48BB7D94-CA82-4300-A13D-FB29CC8B3FF2}.Debug|Any CPU.ActiveCfg = Debug|Any CPU
		{48BB7D94-CA82-4300-A13D-FB29CC8B3FF2}.Debug|Any CPU.Build.0 = Debug|Any CPU
		{48BB7D94-CA82-4300-A13D-FB29CC8B3FF2}.Debug|Mixed Platforms.ActiveCfg = Debug|Any CPU
		{48BB7D94-CA82-4300-A13D-FB29CC8B3FF2}.Debug|Mixed Platforms.Build.0 = Debug|Any CPU
		{48BB7D94-CA82-4300-A13D-FB29CC8B3FF2}.Debug|x86.ActiveCfg = Debug|Any CPU
		{48BB7D94-CA82-4300-A13D-FB29CC8B3FF2}.Debug|x86.Build.0 = Debug|Any CPU
		{48BB7D94-CA82-4300-A13D-FB29CC8B3FF2}.Pre|Any CPU.ActiveCfg = Release|Any CPU
		{48BB7D94-CA82-4300-A13D-FB29CC8B3FF2}.Pre|Any CPU.Build.0 = Release|Any CPU
		{48BB7D94-CA82-4300-A13D-FB29CC8B3FF2}.Pre|Mixed Platforms.ActiveCfg = Release|Any CPU
		{48BB7D94-CA82-4300-A13D-FB29CC8B3FF2}.Pre|Mixed Platforms.Build.0 = Release|Any CPU
		{48BB7D94-CA82-4300-A13D-FB29CC8B3FF2}.Pre|x86.ActiveCfg = Release|Any CPU
		{48BB7D94-CA82-4300-A13D-FB29CC8B3FF2}.Pre|x86.Build.0 = Release|Any CPU
		{48BB7D94-CA82-4300-A13D-FB29CC8B3FF2}.Release|Any CPU.ActiveCfg = Release|Any CPU
		{48BB7D94-CA82-4300-A13D-FB29CC8B3FF2}.Release|Any CPU.Build.0 = Release|Any CPU
		{48BB7D94-CA82-4300-A13D-FB29CC8B3FF2}.Release|Mixed Platforms.ActiveCfg = Release|Any CPU
		{48BB7D94-CA82-4300-A13D-FB29CC8B3FF2}.Release|Mixed Platforms.Build.0 = Release|Any CPU
		{48BB7D94-CA82-4300-A13D-FB29CC8B3FF2}.Release|x86.ActiveCfg = Release|Any CPU
		{48BB7D94-CA82-4300-A13D-FB29CC8B3FF2}.Release|x86.Build.0 = Release|Any CPU
	EndGlobalSection
	GlobalSection(SolutionProperties) = preSolution
		HideSolutionNode = FALSE
	EndGlobalSection
	GlobalSection(NestedProjects) = preSolution
		{8B442E2A-A04D-4F30-9DB9-BEEA855C8BAD} = {4A3572ED-6BC7-4283-BDB5-0CDFC8BA1DA2}
		{CC135585-A8F5-45EB-A180-8D510921542A} = {4A3572ED-6BC7-4283-BDB5-0CDFC8BA1DA2}
		{10F01D46-6598-48A1-9C3D-5DB36436B047} = {CC135585-A8F5-45EB-A180-8D510921542A}
		{75F1104B-6A07-4C65-B605-DA361E0409E1} = {580FE726-B445-4C10-B515-1E5895D245CE}
		{25EAD5F5-4710-4E1F-B9C4-31A78DCA445A} = {4A3572ED-6BC7-4283-BDB5-0CDFC8BA1DA2}
		{72883EE2-E1E2-4945-A093-20F23366CA2B} = {4A3572ED-6BC7-4283-BDB5-0CDFC8BA1DA2}
		{580FE726-B445-4C10-B515-1E5895D245CE} = {4A3572ED-6BC7-4283-BDB5-0CDFC8BA1DA2}
		{604EAF0F-A7A8-4108-92E7-A005A76F2D32} = {4A3572ED-6BC7-4283-BDB5-0CDFC8BA1DA2}
		{BF5456D4-B276-459B-98D4-853FCEF99ADE} = {25EAD5F5-4710-4E1F-B9C4-31A78DCA445A}
		{0FB2C801-BD90-400A-8D2B-817481985499} = {604EAF0F-A7A8-4108-92E7-A005A76F2D32}
		{C9564FD7-8C03-4EEE-9C0C-1D57CC059324} = {604EAF0F-A7A8-4108-92E7-A005A76F2D32}
		{35331B03-1EF9-488C-964C-42DE594C98F1} = {72883EE2-E1E2-4945-A093-20F23366CA2B}
		{08BF5909-E6ED-4CCC-8CC5-9D07CBFCB39E} = {10F01D46-6598-48A1-9C3D-5DB36436B047}
		{C55CA135-8975-49C6-A554-11E45164EB70} = {10F01D46-6598-48A1-9C3D-5DB36436B047}
		{B070D29E-7A42-497E-B448-A17C6573D65D} = {8B442E2A-A04D-4F30-9DB9-BEEA855C8BAD}
		{E5F79D13-0E92-4E5C-9251-6922741AFCAA} = {604EAF0F-A7A8-4108-92E7-A005A76F2D32}
		{03AB55C4-5F34-4DD3-86C9-24DCA4A4E6E3} = {53C6755D-B20E-4604-B425-543E48352DC6}
		{9A7FB831-362E-43D7-AD82-306B0FE43409} = {10F01D46-6598-48A1-9C3D-5DB36436B047}
		{0E57960A-9282-4DD6-8966-41DBCD45DD97} = {10F01D46-6598-48A1-9C3D-5DB36436B047}
		{8C00A051-13CA-4702-B74C-FD672E843BDE} = {604EAF0F-A7A8-4108-92E7-A005A76F2D32}
		{7AB7BDAC-23C6-471B-97CE-93FAD74BA5DA} = {604EAF0F-A7A8-4108-92E7-A005A76F2D32}
		{013337DD-4F8A-40C5-81F9-1785A28F872E} = {604EAF0F-A7A8-4108-92E7-A005A76F2D32}
		{DAB6EF87-0FDE-4895-9042-40C56EF70CC6} = {F364222D-0450-4A68-AF33-E8694B891A72}
		{3BABA1A3-8CE8-4AFD-8AC4-4319716A56E2} = {DAB6EF87-0FDE-4895-9042-40C56EF70CC6}
		{0ED1DDBD-0582-43D7-B734-C991620E2234} = {3BABA1A3-8CE8-4AFD-8AC4-4319716A56E2}
		{621FB143-7170-421C-8545-F0054518FC16} = {3BABA1A3-8CE8-4AFD-8AC4-4319716A56E2}
		{3A4EB418-472A-4082-A82D-69AAB722FAD8} = {DAB6EF87-0FDE-4895-9042-40C56EF70CC6}
		{2F3B7720-D784-4541-BB98-39DDECFEA177} = {3A4EB418-472A-4082-A82D-69AAB722FAD8}
		{181D073B-EC7A-4A73-9EFB-49B18FE7D106} = {3A4EB418-472A-4082-A82D-69AAB722FAD8}
		{99114341-7370-403B-981E-79ED37ADC9FB} = {DAB6EF87-0FDE-4895-9042-40C56EF70CC6}
		{F070AFAF-80CD-4CF7-9E7D-5078A1DE337D} = {99114341-7370-403B-981E-79ED37ADC9FB}
		{0040080F-27DB-465E-846F-3A475414E7AE} = {99114341-7370-403B-981E-79ED37ADC9FB}
		{D7EED4AE-E296-4DA6-B49B-55FA775AEB64} = {99114341-7370-403B-981E-79ED37ADC9FB}
		{C5FBD076-C9E4-4FB3-B30D-D0B30394F7EA} = {99114341-7370-403B-981E-79ED37ADC9FB}
		{85A846C0-9C34-42B4-AB2C-1B2579BBF693} = {99114341-7370-403B-981E-79ED37ADC9FB}
		{039180AA-FC61-4C48-ADF4-17EEFE5C4DA8} = {DAB6EF87-0FDE-4895-9042-40C56EF70CC6}
		{E79BBE07-8DBF-46BB-AFC3-24DF97A19716} = {039180AA-FC61-4C48-ADF4-17EEFE5C4DA8}
		{337D85D4-FBBD-4B88-AB67-E76F63617527} = {E79BBE07-8DBF-46BB-AFC3-24DF97A19716}
		{40F5B396-E5E4-4BB9-BBE5-945C264240D5} = {E79BBE07-8DBF-46BB-AFC3-24DF97A19716}
		{89F9C01E-7524-475D-92A5-455BE0616962} = {DAB6EF87-0FDE-4895-9042-40C56EF70CC6}
		{025BB1C3-7595-4017-A2BB-8FB84538CD9A} = {89F9C01E-7524-475D-92A5-455BE0616962}
		{4D63A29A-7E2E-4D33-B2A2-DE271112DCC5} = {89F9C01E-7524-475D-92A5-455BE0616962}
		{95C85086-0B12-43B6-B3F4-E730CE4FE92C} = {89F9C01E-7524-475D-92A5-455BE0616962}
		{48BB7D94-CA82-4300-A13D-FB29CC8B3FF2} = {89F9C01E-7524-475D-92A5-455BE0616962}
	EndGlobalSection
	GlobalSection(ExtensibilityGlobals) = postSolution
		RESX_ConfirmAddLanguageFile = True
		RESX_AutoCreateNewLanguageFiles = True
	EndGlobalSection
	GlobalSection(TestCaseManagementSettings) = postSolution
		CategoryFile = Atento.vsmdi
	EndGlobalSection
EndGlobal
