
Microsoft Visual Studio Solution File, Format Version 12.00
# Visual Studio 14
VisualStudioVersion = 14.0.25420.1
MinimumVisualStudioVersion = 10.0.40219.1
Project("{2150E333-8FDC-42A3-9474-1A3956D46DE8}") = ".nuget", ".nuget", "{D95F6CB4-0027-4889-BD00-B0AE971F2DF0}"
	ProjectSection(SolutionItems) = preProject
		.nuget\NuGet.Config = .nuget\NuGet.Config
		.nuget\NuGet.exe = .nuget\NuGet.exe
		.nuget\NuGet.targets = .nuget\NuGet.targets
	EndProjectSection
EndProject
Project("{2150E333-8FDC-42A3-9474-1A3956D46DE8}") = "Framework", "Framework", "{4A3572ED-6BC7-4283-BDB5-0CDFC8BA1DA2}"
EndProject
Project("{2150E333-8FDC-42A3-9474-1A3956D46DE8}") = "Doc", "Doc", "{B530E4C9-AAE2-4CD7-9B6F-758FF210DADF}"
	ProjectSection(SolutionItems) = preProject
		..\..\documentacion base de projectos\08 Customize the Code Analysis Dictionary .txt = ..\..\documentacion base de projectos\08 Customize the Code Analysis Dictionary .txt
		..\03-GeneratedProjects\Atento.Suite.Shared.Application.WcfService\GlobalSuppressions.cs = ..\03-GeneratedProjects\Atento.Suite.Shared.Application.WcfService\GlobalSuppressions.cs
	EndProjectSection
EndProject
Project("{2150E333-8FDC-42A3-9474-1A3956D46DE8}") = "05. Testing", "05. Testing", "{8B442E2A-A04D-4F30-9DB9-BEEA855C8BAD}"
EndProject
Project("{2150E333-8FDC-42A3-9474-1A3956D46DE8}") = "01. FrontEnd", "01. FrontEnd", "{CC135585-A8F5-45EB-A180-8D510921542A}"
EndProject
Project("{2150E333-8FDC-42A3-9474-1A3956D46DE8}") = "WPF", "WPF", "{10F01D46-6598-48A1-9C3D-5DB36436B047}"
EndProject
Project("{2150E333-8FDC-42A3-9474-1A3956D46DE8}") = "01. Security", "01. Security", "{75F1104B-6A07-4C65-B605-DA361E0409E1}"
EndProject
Project("{2150E333-8FDC-42A3-9474-1A3956D46DE8}") = "03. Domain", "03. Domain", "{25EAD5F5-4710-4E1F-B9C4-31A78DCA445A}"
EndProject
Project("{2150E333-8FDC-42A3-9474-1A3956D46DE8}") = "02. Application", "02. Application", "{72883EE2-E1E2-4945-A093-20F23366CA2B}"
EndProject
Project("{2150E333-8FDC-42A3-9474-1A3956D46DE8}") = "Vertical Layers", "Vertical Layers", "{580FE726-B445-4C10-B515-1E5895D245CE}"
EndProject
Project("{2150E333-8FDC-42A3-9474-1A3956D46DE8}") = "04. Infrastructure", "04. Infrastructure", "{604EAF0F-A7A8-4108-92E7-A005A76F2D32}"
EndProject
Project("{2150E333-8FDC-42A3-9474-1A3956D46DE8}") = "ModelDriver", "ModelDriver", "{53C6755D-B20E-4604-B425-543E48352DC6}"
EndProject
Project("{2150E333-8FDC-42A3-9474-1A3956D46DE8}") = "Solution Items", "Solution Items", "{B9ECD59B-2EDE-4259-9582-39E403FED02F}"
	ProjectSection(SolutionItems) = preProject
		CustomDictionary.xml = CustomDictionary.xml
		Local.testsettings = Local.testsettings
		TraceAndTestImpact.testsettings = TraceAndTestImpact.testsettings
	EndProjectSection
EndProject
Project("{FAE04EC0-301F-11D3-BF4B-00C04F79EFBC}") = "Inflexion2", "..\01-Projects\Inflexion2\Inflexion2.csproj", "{BF5456D4-B276-459B-98D4-853FCEF99ADE}"
EndProject
Project("{FAE04EC0-301F-11D3-BF4B-00C04F79EFBC}") = "Inflexion2.EF", "..\01-Projects\Inflexion2.EF\Inflexion2.EF.csproj", "{0FB2C801-BD90-400A-8D2B-817481985499}"
EndProject
Project("{FAE04EC0-301F-11D3-BF4B-00C04F79EFBC}") = "Inflexion2.NHibernate", "..\01-Projects\Inflexion2.NHibernate\Inflexion2.NHibernate.csproj", "{C9564FD7-8C03-4EEE-9C0C-1D57CC059324}"
EndProject
Project("{FAE04EC0-301F-11D3-BF4B-00C04F79EFBC}") = "Inflexion2.Application", "..\01-Projects\Inflexion2.Application\Inflexion2.Application.csproj", "{35331B03-1EF9-488C-964C-42DE594C98F1}"
EndProject
Project("{FAE04EC0-301F-11D3-BF4B-00C04F79EFBC}") = "Inflexion2.Framework.Testing", "..\03-Testing\Inflexion2.Framework.Testing\Inflexion2.Framework.Testing.csproj", "{B070D29E-7A42-497E-B448-A17C6573D65D}"
EndProject
Project("{FAE04EC0-301F-11D3-BF4B-00C04F79EFBC}") = "Inflexion2.Resources", "..\01-Projects\Inflexion2.Resources\Inflexion2.Resources.csproj", "{E5F79D13-0E92-4E5C-9251-6922741AFCAA}"
EndProject
Project("{FAE04EC0-301F-11D3-BF4B-00C04F79EFBC}") = "ModelDriver", "..\04-T4\ModelDriver\ModelDriver.csproj", "{03AB55C4-5F34-4DD3-86C9-24DCA4A4E6E3}"
EndProject
Project("{FAE04EC0-301F-11D3-BF4B-00C04F79EFBC}") = "Inflexion2.Logging", "..\01-Projects\Inflexion2.Logging\Inflexion2.Logging.csproj", "{8C00A051-13CA-4702-B74C-FD672E843BDE}"
EndProject
Project("{FAE04EC0-301F-11D3-BF4B-00C04F79EFBC}") = "Inflexion2.Logging.Log4Net", "..\01-Projects\Inflexion2.Logging.Log4Net\Inflexion2.Logging.Log4Net.csproj", "{7AB7BDAC-23C6-471B-97CE-93FAD74BA5DA}"
EndProject
Project("{FAE04EC0-301F-11D3-BF4B-00C04F79EFBC}") = "Inflexion2.Logging.NLog", "..\01-Projects\Inflexion2.Logging.NLog\Inflexion2.Logging.NLog.csproj", "{013337DD-4F8A-40C5-81F9-1785A28F872E}"
EndProject
Project("{2150E333-8FDC-42A3-9474-1A3956D46DE8}") = "Model", "Model", "{F364222D-0450-4A68-AF33-E8694B891A72}"
EndProject
Project("{2150E333-8FDC-42A3-9474-1A3956D46DE8}") = "Common", "Common", "{39085FDF-CA18-4461-93C6-1353EA3D2659}"
EndProject
Project("{2150E333-8FDC-42A3-9474-1A3956D46DE8}") = "03. Domain", "03. Domain", "{8EDCC196-200A-4927-91AC-92FE54B65440}"
EndProject
Project("{FAE04EC0-301F-11D3-BF4B-00C04F79EFBC}") = "Needel.Common.Domain.Data", "..\03-GeneratedProjects\Needel.Common.Domain.Data\Needel.Common.Domain.Data.csproj", "{6E3DC684-8C28-41C6-B471-498417EE0FFA}"
EndProject
Project("{FAE04EC0-301F-11D3-BF4B-00C04F79EFBC}") = "Needel.Common.Domain", "..\03-GeneratedProjects\Needel.Common.Domain\Needel.Common.Domain.csproj", "{796F9291-10A0-4EC3-9E42-942F3F65A0DD}"
EndProject
Project("{2150E333-8FDC-42A3-9474-1A3956D46DE8}") = "04. Infrastructure", "04. Infrastructure", "{5A6EEF97-7FB6-4B36-A8B1-22683B856F41}"
EndProject
Project("{FAE04EC0-301F-11D3-BF4B-00C04F79EFBC}") = "Needel.Common.Infrastructure.Resources", "..\03-GeneratedProjects\Needel.Common.Infrastructure.Resources\Needel.Common.Infrastructure.Resources.csproj", "{0EF0F63E-04E0-4616-B40D-B59AAA646F75}"
EndProject
Project("{FAE04EC0-301F-11D3-BF4B-00C04F79EFBC}") = "Needel.Common.Infrastructure", "..\03-GeneratedProjects\Needel.Common.Infrastructure\Needel.Common.Infrastructure.csproj", "{E14955B7-3011-4374-A083-72D1AE233FCC}"
EndProject
Project("{2150E333-8FDC-42A3-9474-1A3956D46DE8}") = "02. Application", "02. Application", "{FE7F7304-E0C6-4F10-A077-8828A1B96565}"
EndProject
Project("{FAE04EC0-301F-11D3-BF4B-00C04F79EFBC}") = "Needel.Common.Application.Dtos", "..\03-GeneratedProjects\Needel.Common.Application.Dtos\Needel.Common.Application.Dtos.csproj", "{B10EDB2C-57AE-4846-BDD2-A589E1E0797C}"
EndProject
Project("{FAE04EC0-301F-11D3-BF4B-00C04F79EFBC}") = "Needel.Common.Application", "..\03-GeneratedProjects\Needel.Common.Application\Needel.Common.Application.csproj", "{48C76203-FBD8-4090-84D3-9F40C711C7B9}"
EndProject
Project("{2150E333-8FDC-42A3-9474-1A3956D46DE8}") = "01. FrontEnd", "01. FrontEnd", "{EFC3CAB6-641D-4520-BDBA-3D21782832EC}"
EndProject
Project("{2150E333-8FDC-42A3-9474-1A3956D46DE8}") = "05. Testing", "05. Testing", "{0CE24059-D91E-4479-9503-30EB2C958C95}"
EndProject
Project("{FAE04EC0-301F-11D3-BF4B-00C04F79EFBC}") = "Needel.Common.Test.DomainLayer", "..\03-GeneratedProjects\Needel.Common.Test.DomainLayer\Needel.Common.Test.DomainLayer.csproj", "{25DEEE5B-C5ED-4EEF-B455-0F94CE20C4F7}"
EndProject
Project("{FAE04EC0-301F-11D3-BF4B-00C04F79EFBC}") = "Needel.Common.Test.InfrastructureLayer", "..\03-GeneratedProjects\Needel.Common.Test.InfrastructureLayer\Needel.Common.Test.InfrastructureLayer.csproj", "{9F1DAC9A-37CA-4725-A46D-5D377DD6F843}"
EndProject
Project("{FAE04EC0-301F-11D3-BF4B-00C04F79EFBC}") = "Needel.Common.Test.ApplicationLayer", "..\03-GeneratedProjects\Needel.Common.Test.ApplicationLayer\Needel.Common.Test.ApplicationLayer.csproj", "{24B9AAE2-7417-4318-B4A7-F5FA8A7E8C74}"
EndProject
Project("{FAE04EC0-301F-11D3-BF4B-00C04F79EFBC}") = "Needel.Common.Test.UXwpfLayer", "..\03-GeneratedProjects\Needel.Common.Test.UXwpfLayer\Needel.Common.Test.UXwpfLayer.csproj", "{D68C6ADC-C2F6-4F7F-B26A-002E0C65CF19}"
EndProject
Project("{2150E333-8FDC-42A3-9474-1A3956D46DE8}") = "Web", "Web", "{8E13C768-0245-41EA-99C0-859BE5713CAD}"
EndProject
Project("{2150E333-8FDC-42A3-9474-1A3956D46DE8}") = "Angular", "Angular", "{5B128869-9201-4F70-9B7F-8FC20DCC0D8A}"
EndProject
Project("{FAE04EC0-301F-11D3-BF4B-00C04F79EFBC}") = "RestBackEnd", "..\03-GeneratedProjects\RestBackEnd\RestBackEnd.csproj", "{9ACF682A-0F37-457D-AFD4-44CEF2C86F65}"
EndProject
Global
	GlobalSection(SolutionConfigurationPlatforms) = preSolution
		Debug|Any CPU = Debug|Any CPU
		Debug|Mixed Platforms = Debug|Mixed Platforms
		Debug|x86 = Debug|x86
		Pre|Any CPU = Pre|Any CPU
		Pre|Mixed Platforms = Pre|Mixed Platforms
		Pre|x86 = Pre|x86
		Release|Any CPU = Release|Any CPU
		Release|Mixed Platforms = Release|Mixed Platforms
		Release|x86 = Release|x86
	EndGlobalSection
	GlobalSection(ProjectConfigurationPlatforms) = postSolution
		{BF5456D4-B276-459B-98D4-853FCEF99ADE}.Debug|Any CPU.ActiveCfg = Debug|Any CPU
		{BF5456D4-B276-459B-98D4-853FCEF99ADE}.Debug|Any CPU.Build.0 = Debug|Any CPU
		{BF5456D4-B276-459B-98D4-853FCEF99ADE}.Debug|Mixed Platforms.ActiveCfg = Debug|Any CPU
		{BF5456D4-B276-459B-98D4-853FCEF99ADE}.Debug|Mixed Platforms.Build.0 = Debug|Any CPU
		{BF5456D4-B276-459B-98D4-853FCEF99ADE}.Debug|x86.ActiveCfg = Debug|Any CPU
		{BF5456D4-B276-459B-98D4-853FCEF99ADE}.Pre|Any CPU.ActiveCfg = Release|Any CPU
		{BF5456D4-B276-459B-98D4-853FCEF99ADE}.Pre|Any CPU.Build.0 = Release|Any CPU
		{BF5456D4-B276-459B-98D4-853FCEF99ADE}.Pre|Mixed Platforms.ActiveCfg = Release|Any CPU
		{BF5456D4-B276-459B-98D4-853FCEF99ADE}.Pre|Mixed Platforms.Build.0 = Release|Any CPU
		{BF5456D4-B276-459B-98D4-853FCEF99ADE}.Pre|x86.ActiveCfg = Release|Any CPU
		{BF5456D4-B276-459B-98D4-853FCEF99ADE}.Release|Any CPU.ActiveCfg = Release|Any CPU
		{BF5456D4-B276-459B-98D4-853FCEF99ADE}.Release|Any CPU.Build.0 = Release|Any CPU
		{BF5456D4-B276-459B-98D4-853FCEF99ADE}.Release|Mixed Platforms.ActiveCfg = Release|Any CPU
		{BF5456D4-B276-459B-98D4-853FCEF99ADE}.Release|Mixed Platforms.Build.0 = Release|Any CPU
		{BF5456D4-B276-459B-98D4-853FCEF99ADE}.Release|x86.ActiveCfg = Release|Any CPU
		{0FB2C801-BD90-400A-8D2B-817481985499}.Debug|Any CPU.ActiveCfg = Debug|Any CPU
		{0FB2C801-BD90-400A-8D2B-817481985499}.Debug|Any CPU.Build.0 = Debug|Any CPU
		{0FB2C801-BD90-400A-8D2B-817481985499}.Debug|Mixed Platforms.ActiveCfg = Debug|Any CPU
		{0FB2C801-BD90-400A-8D2B-817481985499}.Debug|Mixed Platforms.Build.0 = Debug|Any CPU
		{0FB2C801-BD90-400A-8D2B-817481985499}.Debug|x86.ActiveCfg = Debug|Any CPU
		{0FB2C801-BD90-400A-8D2B-817481985499}.Pre|Any CPU.ActiveCfg = Release|Any CPU
		{0FB2C801-BD90-400A-8D2B-817481985499}.Pre|Any CPU.Build.0 = Release|Any CPU
		{0FB2C801-BD90-400A-8D2B-817481985499}.Pre|Mixed Platforms.ActiveCfg = Release|Any CPU
		{0FB2C801-BD90-400A-8D2B-817481985499}.Pre|Mixed Platforms.Build.0 = Release|Any CPU
		{0FB2C801-BD90-400A-8D2B-817481985499}.Pre|x86.ActiveCfg = Release|Any CPU
		{0FB2C801-BD90-400A-8D2B-817481985499}.Release|Any CPU.ActiveCfg = Release|Any CPU
		{0FB2C801-BD90-400A-8D2B-817481985499}.Release|Any CPU.Build.0 = Release|Any CPU
		{0FB2C801-BD90-400A-8D2B-817481985499}.Release|Mixed Platforms.ActiveCfg = Release|Any CPU
		{0FB2C801-BD90-400A-8D2B-817481985499}.Release|Mixed Platforms.Build.0 = Release|Any CPU
		{0FB2C801-BD90-400A-8D2B-817481985499}.Release|x86.ActiveCfg = Release|Any CPU
		{C9564FD7-8C03-4EEE-9C0C-1D57CC059324}.Debug|Any CPU.ActiveCfg = Debug|Any CPU
		{C9564FD7-8C03-4EEE-9C0C-1D57CC059324}.Debug|Any CPU.Build.0 = Debug|Any CPU
		{C9564FD7-8C03-4EEE-9C0C-1D57CC059324}.Debug|Mixed Platforms.ActiveCfg = Debug|Any CPU
		{C9564FD7-8C03-4EEE-9C0C-1D57CC059324}.Debug|Mixed Platforms.Build.0 = Debug|Any CPU
		{C9564FD7-8C03-4EEE-9C0C-1D57CC059324}.Debug|x86.ActiveCfg = Debug|x86
		{C9564FD7-8C03-4EEE-9C0C-1D57CC059324}.Debug|x86.Build.0 = Debug|x86
		{C9564FD7-8C03-4EEE-9C0C-1D57CC059324}.Pre|Any CPU.ActiveCfg = Release|x86
		{C9564FD7-8C03-4EEE-9C0C-1D57CC059324}.Pre|Mixed Platforms.ActiveCfg = Release|x86
		{C9564FD7-8C03-4EEE-9C0C-1D57CC059324}.Pre|Mixed Platforms.Build.0 = Release|x86
		{C9564FD7-8C03-4EEE-9C0C-1D57CC059324}.Pre|x86.ActiveCfg = Release|x86
		{C9564FD7-8C03-4EEE-9C0C-1D57CC059324}.Pre|x86.Build.0 = Release|x86
		{C9564FD7-8C03-4EEE-9C0C-1D57CC059324}.Release|Any CPU.ActiveCfg = Release|x86
		{C9564FD7-8C03-4EEE-9C0C-1D57CC059324}.Release|Mixed Platforms.ActiveCfg = Release|x86
		{C9564FD7-8C03-4EEE-9C0C-1D57CC059324}.Release|Mixed Platforms.Build.0 = Release|x86
		{C9564FD7-8C03-4EEE-9C0C-1D57CC059324}.Release|x86.ActiveCfg = Release|x86
		{C9564FD7-8C03-4EEE-9C0C-1D57CC059324}.Release|x86.Build.0 = Release|x86
		{35331B03-1EF9-488C-964C-42DE594C98F1}.Debug|Any CPU.ActiveCfg = Debug|Any CPU
		{35331B03-1EF9-488C-964C-42DE594C98F1}.Debug|Any CPU.Build.0 = Debug|Any CPU
		{35331B03-1EF9-488C-964C-42DE594C98F1}.Debug|Mixed Platforms.ActiveCfg = Debug|Any CPU
		{35331B03-1EF9-488C-964C-42DE594C98F1}.Debug|Mixed Platforms.Build.0 = Debug|Any CPU
		{35331B03-1EF9-488C-964C-42DE594C98F1}.Debug|x86.ActiveCfg = Debug|Any CPU
		{35331B03-1EF9-488C-964C-42DE594C98F1}.Pre|Any CPU.ActiveCfg = Release|Any CPU
		{35331B03-1EF9-488C-964C-42DE594C98F1}.Pre|Any CPU.Build.0 = Release|Any CPU
		{35331B03-1EF9-488C-964C-42DE594C98F1}.Pre|Mixed Platforms.ActiveCfg = Release|Any CPU
		{35331B03-1EF9-488C-964C-42DE594C98F1}.Pre|Mixed Platforms.Build.0 = Release|Any CPU
		{35331B03-1EF9-488C-964C-42DE594C98F1}.Pre|x86.ActiveCfg = Release|Any CPU
		{35331B03-1EF9-488C-964C-42DE594C98F1}.Release|Any CPU.ActiveCfg = Release|Any CPU
		{35331B03-1EF9-488C-964C-42DE594C98F1}.Release|Any CPU.Build.0 = Release|Any CPU
		{35331B03-1EF9-488C-964C-42DE594C98F1}.Release|Mixed Platforms.ActiveCfg = Release|Any CPU
		{35331B03-1EF9-488C-964C-42DE594C98F1}.Release|Mixed Platforms.Build.0 = Release|Any CPU
		{35331B03-1EF9-488C-964C-42DE594C98F1}.Release|x86.ActiveCfg = Release|Any CPU
		{B070D29E-7A42-497E-B448-A17C6573D65D}.Debug|Any CPU.ActiveCfg = Debug|Any CPU
		{B070D29E-7A42-497E-B448-A17C6573D65D}.Debug|Any CPU.Build.0 = Debug|Any CPU
		{B070D29E-7A42-497E-B448-A17C6573D65D}.Debug|Mixed Platforms.ActiveCfg = Debug|Any CPU
		{B070D29E-7A42-497E-B448-A17C6573D65D}.Debug|Mixed Platforms.Build.0 = Debug|Any CPU
		{B070D29E-7A42-497E-B448-A17C6573D65D}.Debug|x86.ActiveCfg = Debug|Any CPU
		{B070D29E-7A42-497E-B448-A17C6573D65D}.Pre|Any CPU.ActiveCfg = Release|Any CPU
		{B070D29E-7A42-497E-B448-A17C6573D65D}.Pre|Any CPU.Build.0 = Release|Any CPU
		{B070D29E-7A42-497E-B448-A17C6573D65D}.Pre|Mixed Platforms.ActiveCfg = Release|Any CPU
		{B070D29E-7A42-497E-B448-A17C6573D65D}.Pre|Mixed Platforms.Build.0 = Release|Any CPU
		{B070D29E-7A42-497E-B448-A17C6573D65D}.Pre|x86.ActiveCfg = Release|Any CPU
		{B070D29E-7A42-497E-B448-A17C6573D65D}.Release|Any CPU.ActiveCfg = Release|Any CPU
		{B070D29E-7A42-497E-B448-A17C6573D65D}.Release|Any CPU.Build.0 = Release|Any CPU
		{B070D29E-7A42-497E-B448-A17C6573D65D}.Release|Mixed Platforms.ActiveCfg = Release|Any CPU
		{B070D29E-7A42-497E-B448-A17C6573D65D}.Release|Mixed Platforms.Build.0 = Release|Any CPU
		{B070D29E-7A42-497E-B448-A17C6573D65D}.Release|x86.ActiveCfg = Release|Any CPU
		{E5F79D13-0E92-4E5C-9251-6922741AFCAA}.Debug|Any CPU.ActiveCfg = Debug|Any CPU
		{E5F79D13-0E92-4E5C-9251-6922741AFCAA}.Debug|Any CPU.Build.0 = Debug|Any CPU
		{E5F79D13-0E92-4E5C-9251-6922741AFCAA}.Debug|Mixed Platforms.ActiveCfg = Debug|Any CPU
		{E5F79D13-0E92-4E5C-9251-6922741AFCAA}.Debug|Mixed Platforms.Build.0 = Debug|Any CPU
		{E5F79D13-0E92-4E5C-9251-6922741AFCAA}.Debug|x86.ActiveCfg = Debug|Any CPU
		{E5F79D13-0E92-4E5C-9251-6922741AFCAA}.Pre|Any CPU.ActiveCfg = Release|Any CPU
		{E5F79D13-0E92-4E5C-9251-6922741AFCAA}.Pre|Any CPU.Build.0 = Release|Any CPU
		{E5F79D13-0E92-4E5C-9251-6922741AFCAA}.Pre|Mixed Platforms.ActiveCfg = Release|Any CPU
		{E5F79D13-0E92-4E5C-9251-6922741AFCAA}.Pre|Mixed Platforms.Build.0 = Release|Any CPU
		{E5F79D13-0E92-4E5C-9251-6922741AFCAA}.Pre|x86.ActiveCfg = Release|Any CPU
		{E5F79D13-0E92-4E5C-9251-6922741AFCAA}.Release|Any CPU.ActiveCfg = Release|Any CPU
		{E5F79D13-0E92-4E5C-9251-6922741AFCAA}.Release|Any CPU.Build.0 = Release|Any CPU
		{E5F79D13-0E92-4E5C-9251-6922741AFCAA}.Release|Mixed Platforms.ActiveCfg = Release|Any CPU
		{E5F79D13-0E92-4E5C-9251-6922741AFCAA}.Release|Mixed Platforms.Build.0 = Release|Any CPU
		{E5F79D13-0E92-4E5C-9251-6922741AFCAA}.Release|x86.ActiveCfg = Release|Any CPU
		{03AB55C4-5F34-4DD3-86C9-24DCA4A4E6E3}.Debug|Any CPU.ActiveCfg = Debug|Any CPU
		{03AB55C4-5F34-4DD3-86C9-24DCA4A4E6E3}.Debug|Any CPU.Build.0 = Debug|Any CPU
		{03AB55C4-5F34-4DD3-86C9-24DCA4A4E6E3}.Debug|Mixed Platforms.ActiveCfg = Debug|Any CPU
		{03AB55C4-5F34-4DD3-86C9-24DCA4A4E6E3}.Debug|Mixed Platforms.Build.0 = Debug|Any CPU
		{03AB55C4-5F34-4DD3-86C9-24DCA4A4E6E3}.Debug|x86.ActiveCfg = Debug|Any CPU
		{03AB55C4-5F34-4DD3-86C9-24DCA4A4E6E3}.Pre|Any CPU.ActiveCfg = Release|Any CPU
		{03AB55C4-5F34-4DD3-86C9-24DCA4A4E6E3}.Pre|Any CPU.Build.0 = Release|Any CPU
		{03AB55C4-5F34-4DD3-86C9-24DCA4A4E6E3}.Pre|Mixed Platforms.ActiveCfg = Release|Any CPU
		{03AB55C4-5F34-4DD3-86C9-24DCA4A4E6E3}.Pre|Mixed Platforms.Build.0 = Release|Any CPU
		{03AB55C4-5F34-4DD3-86C9-24DCA4A4E6E3}.Pre|x86.ActiveCfg = Release|Any CPU
		{03AB55C4-5F34-4DD3-86C9-24DCA4A4E6E3}.Release|Any CPU.ActiveCfg = Release|Any CPU
		{03AB55C4-5F34-4DD3-86C9-24DCA4A4E6E3}.Release|Any CPU.Build.0 = Release|Any CPU
		{03AB55C4-5F34-4DD3-86C9-24DCA4A4E6E3}.Release|Mixed Platforms.ActiveCfg = Release|Any CPU
		{03AB55C4-5F34-4DD3-86C9-24DCA4A4E6E3}.Release|Mixed Platforms.Build.0 = Release|Any CPU
		{03AB55C4-5F34-4DD3-86C9-24DCA4A4E6E3}.Release|x86.ActiveCfg = Release|Any CPU
		{8C00A051-13CA-4702-B74C-FD672E843BDE}.Debug|Any CPU.ActiveCfg = Debug|Any CPU
		{8C00A051-13CA-4702-B74C-FD672E843BDE}.Debug|Any CPU.Build.0 = Debug|Any CPU
		{8C00A051-13CA-4702-B74C-FD672E843BDE}.Debug|Mixed Platforms.ActiveCfg = Debug|Any CPU
		{8C00A051-13CA-4702-B74C-FD672E843BDE}.Debug|Mixed Platforms.Build.0 = Debug|Any CPU
		{8C00A051-13CA-4702-B74C-FD672E843BDE}.Debug|x86.ActiveCfg = Debug|Any CPU
		{8C00A051-13CA-4702-B74C-FD672E843BDE}.Debug|x86.Build.0 = Debug|Any CPU
		{8C00A051-13CA-4702-B74C-FD672E843BDE}.Pre|Any CPU.ActiveCfg = Release|Any CPU
		{8C00A051-13CA-4702-B74C-FD672E843BDE}.Pre|Any CPU.Build.0 = Release|Any CPU
		{8C00A051-13CA-4702-B74C-FD672E843BDE}.Pre|Mixed Platforms.ActiveCfg = Release|Any CPU
		{8C00A051-13CA-4702-B74C-FD672E843BDE}.Pre|Mixed Platforms.Build.0 = Release|Any CPU
		{8C00A051-13CA-4702-B74C-FD672E843BDE}.Pre|x86.ActiveCfg = Release|Any CPU
		{8C00A051-13CA-4702-B74C-FD672E843BDE}.Pre|x86.Build.0 = Release|Any CPU
		{8C00A051-13CA-4702-B74C-FD672E843BDE}.Release|Any CPU.ActiveCfg = Release|Any CPU
		{8C00A051-13CA-4702-B74C-FD672E843BDE}.Release|Any CPU.Build.0 = Release|Any CPU
		{8C00A051-13CA-4702-B74C-FD672E843BDE}.Release|Mixed Platforms.ActiveCfg = Release|Any CPU
		{8C00A051-13CA-4702-B74C-FD672E843BDE}.Release|Mixed Platforms.Build.0 = Release|Any CPU
		{8C00A051-13CA-4702-B74C-FD672E843BDE}.Release|x86.ActiveCfg = Release|Any CPU
		{8C00A051-13CA-4702-B74C-FD672E843BDE}.Release|x86.Build.0 = Release|Any CPU
		{7AB7BDAC-23C6-471B-97CE-93FAD74BA5DA}.Debug|Any CPU.ActiveCfg = Debug|Any CPU
		{7AB7BDAC-23C6-471B-97CE-93FAD74BA5DA}.Debug|Any CPU.Build.0 = Debug|Any CPU
		{7AB7BDAC-23C6-471B-97CE-93FAD74BA5DA}.Debug|Mixed Platforms.ActiveCfg = Debug|Any CPU
		{7AB7BDAC-23C6-471B-97CE-93FAD74BA5DA}.Debug|Mixed Platforms.Build.0 = Debug|Any CPU
		{7AB7BDAC-23C6-471B-97CE-93FAD74BA5DA}.Debug|x86.ActiveCfg = Debug|Any CPU
		{7AB7BDAC-23C6-471B-97CE-93FAD74BA5DA}.Debug|x86.Build.0 = Debug|Any CPU
		{7AB7BDAC-23C6-471B-97CE-93FAD74BA5DA}.Pre|Any CPU.ActiveCfg = Release|Any CPU
		{7AB7BDAC-23C6-471B-97CE-93FAD74BA5DA}.Pre|Any CPU.Build.0 = Release|Any CPU
		{7AB7BDAC-23C6-471B-97CE-93FAD74BA5DA}.Pre|Mixed Platforms.ActiveCfg = Release|Any CPU
		{7AB7BDAC-23C6-471B-97CE-93FAD74BA5DA}.Pre|Mixed Platforms.Build.0 = Release|Any CPU
		{7AB7BDAC-23C6-471B-97CE-93FAD74BA5DA}.Pre|x86.ActiveCfg = Release|Any CPU
		{7AB7BDAC-23C6-471B-97CE-93FAD74BA5DA}.Pre|x86.Build.0 = Release|Any CPU
		{7AB7BDAC-23C6-471B-97CE-93FAD74BA5DA}.Release|Any CPU.ActiveCfg = Release|Any CPU
		{7AB7BDAC-23C6-471B-97CE-93FAD74BA5DA}.Release|Any CPU.Build.0 = Release|Any CPU
		{7AB7BDAC-23C6-471B-97CE-93FAD74BA5DA}.Release|Mixed Platforms.ActiveCfg = Release|Any CPU
		{7AB7BDAC-23C6-471B-97CE-93FAD74BA5DA}.Release|Mixed Platforms.Build.0 = Release|Any CPU
		{7AB7BDAC-23C6-471B-97CE-93FAD74BA5DA}.Release|x86.ActiveCfg = Release|Any CPU
		{7AB7BDAC-23C6-471B-97CE-93FAD74BA5DA}.Release|x86.Build.0 = Release|Any CPU
		{013337DD-4F8A-40C5-81F9-1785A28F872E}.Debug|Any CPU.ActiveCfg = Debug|Any CPU
		{013337DD-4F8A-40C5-81F9-1785A28F872E}.Debug|Any CPU.Build.0 = Debug|Any CPU
		{013337DD-4F8A-40C5-81F9-1785A28F872E}.Debug|Mixed Platforms.ActiveCfg = Debug|Any CPU
		{013337DD-4F8A-40C5-81F9-1785A28F872E}.Debug|Mixed Platforms.Build.0 = Debug|Any CPU
		{013337DD-4F8A-40C5-81F9-1785A28F872E}.Debug|x86.ActiveCfg = Debug|Any CPU
		{013337DD-4F8A-40C5-81F9-1785A28F872E}.Debug|x86.Build.0 = Debug|Any CPU
		{013337DD-4F8A-40C5-81F9-1785A28F872E}.Pre|Any CPU.ActiveCfg = Release|Any CPU
		{013337DD-4F8A-40C5-81F9-1785A28F872E}.Pre|Any CPU.Build.0 = Release|Any CPU
		{013337DD-4F8A-40C5-81F9-1785A28F872E}.Pre|Mixed Platforms.ActiveCfg = Release|Any CPU
		{013337DD-4F8A-40C5-81F9-1785A28F872E}.Pre|Mixed Platforms.Build.0 = Release|Any CPU
		{013337DD-4F8A-40C5-81F9-1785A28F872E}.Pre|x86.ActiveCfg = Release|Any CPU
		{013337DD-4F8A-40C5-81F9-1785A28F872E}.Pre|x86.Build.0 = Release|Any CPU
		{013337DD-4F8A-40C5-81F9-1785A28F872E}.Release|Any CPU.ActiveCfg = Release|Any CPU
		{013337DD-4F8A-40C5-81F9-1785A28F872E}.Release|Any CPU.Build.0 = Release|Any CPU
		{013337DD-4F8A-40C5-81F9-1785A28F872E}.Release|Mixed Platforms.ActiveCfg = Release|Any CPU
		{013337DD-4F8A-40C5-81F9-1785A28F872E}.Release|Mixed Platforms.Build.0 = Release|Any CPU
		{013337DD-4F8A-40C5-81F9-1785A28F872E}.Release|x86.ActiveCfg = Release|Any CPU
		{013337DD-4F8A-40C5-81F9-1785A28F872E}.Release|x86.Build.0 = Release|Any CPU
		{6E3DC684-8C28-41C6-B471-498417EE0FFA}.Debug|Any CPU.ActiveCfg = Debug|Any CPU
		{6E3DC684-8C28-41C6-B471-498417EE0FFA}.Debug|Any CPU.Build.0 = Debug|Any CPU
		{6E3DC684-8C28-41C6-B471-498417EE0FFA}.Debug|Mixed Platforms.ActiveCfg = Debug|Any CPU
		{6E3DC684-8C28-41C6-B471-498417EE0FFA}.Debug|Mixed Platforms.Build.0 = Debug|Any CPU
		{6E3DC684-8C28-41C6-B471-498417EE0FFA}.Debug|x86.ActiveCfg = Debug|Any CPU
		{6E3DC684-8C28-41C6-B471-498417EE0FFA}.Debug|x86.Build.0 = Debug|Any CPU
		{6E3DC684-8C28-41C6-B471-498417EE0FFA}.Pre|Any CPU.ActiveCfg = Release|Any CPU
		{6E3DC684-8C28-41C6-B471-498417EE0FFA}.Pre|Any CPU.Build.0 = Release|Any CPU
		{6E3DC684-8C28-41C6-B471-498417EE0FFA}.Pre|Mixed Platforms.ActiveCfg = Release|Any CPU
		{6E3DC684-8C28-41C6-B471-498417EE0FFA}.Pre|Mixed Platforms.Build.0 = Release|Any CPU
		{6E3DC684-8C28-41C6-B471-498417EE0FFA}.Pre|x86.ActiveCfg = Release|Any CPU
		{6E3DC684-8C28-41C6-B471-498417EE0FFA}.Pre|x86.Build.0 = Release|Any CPU
		{6E3DC684-8C28-41C6-B471-498417EE0FFA}.Release|Any CPU.ActiveCfg = Release|Any CPU
		{6E3DC684-8C28-41C6-B471-498417EE0FFA}.Release|Any CPU.Build.0 = Release|Any CPU
		{6E3DC684-8C28-41C6-B471-498417EE0FFA}.Release|Mixed Platforms.ActiveCfg = Release|Any CPU
		{6E3DC684-8C28-41C6-B471-498417EE0FFA}.Release|Mixed Platforms.Build.0 = Release|Any CPU
		{6E3DC684-8C28-41C6-B471-498417EE0FFA}.Release|x86.ActiveCfg = Release|Any CPU
		{6E3DC684-8C28-41C6-B471-498417EE0FFA}.Release|x86.Build.0 = Release|Any CPU
		{796F9291-10A0-4EC3-9E42-942F3F65A0DD}.Debug|Any CPU.ActiveCfg = Debug|Any CPU
		{796F9291-10A0-4EC3-9E42-942F3F65A0DD}.Debug|Any CPU.Build.0 = Debug|Any CPU
		{796F9291-10A0-4EC3-9E42-942F3F65A0DD}.Debug|Mixed Platforms.ActiveCfg = Debug|Any CPU
		{796F9291-10A0-4EC3-9E42-942F3F65A0DD}.Debug|Mixed Platforms.Build.0 = Debug|Any CPU
		{796F9291-10A0-4EC3-9E42-942F3F65A0DD}.Debug|x86.ActiveCfg = Debug|Any CPU
		{796F9291-10A0-4EC3-9E42-942F3F65A0DD}.Debug|x86.Build.0 = Debug|Any CPU
		{796F9291-10A0-4EC3-9E42-942F3F65A0DD}.Pre|Any CPU.ActiveCfg = Release|Any CPU
		{796F9291-10A0-4EC3-9E42-942F3F65A0DD}.Pre|Any CPU.Build.0 = Release|Any CPU
		{796F9291-10A0-4EC3-9E42-942F3F65A0DD}.Pre|Mixed Platforms.ActiveCfg = Release|Any CPU
		{796F9291-10A0-4EC3-9E42-942F3F65A0DD}.Pre|Mixed Platforms.Build.0 = Release|Any CPU
		{796F9291-10A0-4EC3-9E42-942F3F65A0DD}.Pre|x86.ActiveCfg = Release|Any CPU
		{796F9291-10A0-4EC3-9E42-942F3F65A0DD}.Pre|x86.Build.0 = Release|Any CPU
		{796F9291-10A0-4EC3-9E42-942F3F65A0DD}.Release|Any CPU.ActiveCfg = Release|Any CPU
		{796F9291-10A0-4EC3-9E42-942F3F65A0DD}.Release|Any CPU.Build.0 = Release|Any CPU
		{796F9291-10A0-4EC3-9E42-942F3F65A0DD}.Release|Mixed Platforms.ActiveCfg = Release|Any CPU
		{796F9291-10A0-4EC3-9E42-942F3F65A0DD}.Release|Mixed Platforms.Build.0 = Release|Any CPU
		{796F9291-10A0-4EC3-9E42-942F3F65A0DD}.Release|x86.ActiveCfg = Release|Any CPU
		{796F9291-10A0-4EC3-9E42-942F3F65A0DD}.Release|x86.Build.0 = Release|Any CPU
		{0EF0F63E-04E0-4616-B40D-B59AAA646F75}.Debug|Any CPU.ActiveCfg = Debug|Any CPU
		{0EF0F63E-04E0-4616-B40D-B59AAA646F75}.Debug|Any CPU.Build.0 = Debug|Any CPU
		{0EF0F63E-04E0-4616-B40D-B59AAA646F75}.Debug|Mixed Platforms.ActiveCfg = Debug|Any CPU
		{0EF0F63E-04E0-4616-B40D-B59AAA646F75}.Debug|Mixed Platforms.Build.0 = Debug|Any CPU
		{0EF0F63E-04E0-4616-B40D-B59AAA646F75}.Debug|x86.ActiveCfg = Debug|Any CPU
		{0EF0F63E-04E0-4616-B40D-B59AAA646F75}.Debug|x86.Build.0 = Debug|Any CPU
		{0EF0F63E-04E0-4616-B40D-B59AAA646F75}.Pre|Any CPU.ActiveCfg = Release|Any CPU
		{0EF0F63E-04E0-4616-B40D-B59AAA646F75}.Pre|Any CPU.Build.0 = Release|Any CPU
		{0EF0F63E-04E0-4616-B40D-B59AAA646F75}.Pre|Mixed Platforms.ActiveCfg = Release|Any CPU
		{0EF0F63E-04E0-4616-B40D-B59AAA646F75}.Pre|Mixed Platforms.Build.0 = Release|Any CPU
		{0EF0F63E-04E0-4616-B40D-B59AAA646F75}.Pre|x86.ActiveCfg = Release|Any CPU
		{0EF0F63E-04E0-4616-B40D-B59AAA646F75}.Pre|x86.Build.0 = Release|Any CPU
		{0EF0F63E-04E0-4616-B40D-B59AAA646F75}.Release|Any CPU.ActiveCfg = Release|Any CPU
		{0EF0F63E-04E0-4616-B40D-B59AAA646F75}.Release|Any CPU.Build.0 = Release|Any CPU
		{0EF0F63E-04E0-4616-B40D-B59AAA646F75}.Release|Mixed Platforms.ActiveCfg = Release|Any CPU
		{0EF0F63E-04E0-4616-B40D-B59AAA646F75}.Release|Mixed Platforms.Build.0 = Release|Any CPU
		{0EF0F63E-04E0-4616-B40D-B59AAA646F75}.Release|x86.ActiveCfg = Release|Any CPU
		{0EF0F63E-04E0-4616-B40D-B59AAA646F75}.Release|x86.Build.0 = Release|Any CPU
		{E14955B7-3011-4374-A083-72D1AE233FCC}.Debug|Any CPU.ActiveCfg = Debug|Any CPU
		{E14955B7-3011-4374-A083-72D1AE233FCC}.Debug|Any CPU.Build.0 = Debug|Any CPU
		{E14955B7-3011-4374-A083-72D1AE233FCC}.Debug|Mixed Platforms.ActiveCfg = Debug|Any CPU
		{E14955B7-3011-4374-A083-72D1AE233FCC}.Debug|Mixed Platforms.Build.0 = Debug|Any CPU
		{E14955B7-3011-4374-A083-72D1AE233FCC}.Debug|x86.ActiveCfg = Debug|Any CPU
		{E14955B7-3011-4374-A083-72D1AE233FCC}.Debug|x86.Build.0 = Debug|Any CPU
		{E14955B7-3011-4374-A083-72D1AE233FCC}.Pre|Any CPU.ActiveCfg = Release|Any CPU
		{E14955B7-3011-4374-A083-72D1AE233FCC}.Pre|Any CPU.Build.0 = Release|Any CPU
		{E14955B7-3011-4374-A083-72D1AE233FCC}.Pre|Mixed Platforms.ActiveCfg = Release|Any CPU
		{E14955B7-3011-4374-A083-72D1AE233FCC}.Pre|Mixed Platforms.Build.0 = Release|Any CPU
		{E14955B7-3011-4374-A083-72D1AE233FCC}.Pre|x86.ActiveCfg = Release|Any CPU
		{E14955B7-3011-4374-A083-72D1AE233FCC}.Pre|x86.Build.0 = Release|Any CPU
		{E14955B7-3011-4374-A083-72D1AE233FCC}.Release|Any CPU.ActiveCfg = Release|Any CPU
		{E14955B7-3011-4374-A083-72D1AE233FCC}.Release|Any CPU.Build.0 = Release|Any CPU
		{E14955B7-3011-4374-A083-72D1AE233FCC}.Release|Mixed Platforms.ActiveCfg = Release|Any CPU
		{E14955B7-3011-4374-A083-72D1AE233FCC}.Release|Mixed Platforms.Build.0 = Release|Any CPU
		{E14955B7-3011-4374-A083-72D1AE233FCC}.Release|x86.ActiveCfg = Release|Any CPU
		{E14955B7-3011-4374-A083-72D1AE233FCC}.Release|x86.Build.0 = Release|Any CPU
		{B10EDB2C-57AE-4846-BDD2-A589E1E0797C}.Debug|Any CPU.ActiveCfg = Debug|Any CPU
		{B10EDB2C-57AE-4846-BDD2-A589E1E0797C}.Debug|Any CPU.Build.0 = Debug|Any CPU
		{B10EDB2C-57AE-4846-BDD2-A589E1E0797C}.Debug|Mixed Platforms.ActiveCfg = Debug|Any CPU
		{B10EDB2C-57AE-4846-BDD2-A589E1E0797C}.Debug|Mixed Platforms.Build.0 = Debug|Any CPU
		{B10EDB2C-57AE-4846-BDD2-A589E1E0797C}.Debug|x86.ActiveCfg = Debug|Any CPU
		{B10EDB2C-57AE-4846-BDD2-A589E1E0797C}.Debug|x86.Build.0 = Debug|Any CPU
		{B10EDB2C-57AE-4846-BDD2-A589E1E0797C}.Pre|Any CPU.ActiveCfg = Release|Any CPU
		{B10EDB2C-57AE-4846-BDD2-A589E1E0797C}.Pre|Any CPU.Build.0 = Release|Any CPU
		{B10EDB2C-57AE-4846-BDD2-A589E1E0797C}.Pre|Mixed Platforms.ActiveCfg = Release|Any CPU
		{B10EDB2C-57AE-4846-BDD2-A589E1E0797C}.Pre|Mixed Platforms.Build.0 = Release|Any CPU
		{B10EDB2C-57AE-4846-BDD2-A589E1E0797C}.Pre|x86.ActiveCfg = Release|Any CPU
		{B10EDB2C-57AE-4846-BDD2-A589E1E0797C}.Pre|x86.Build.0 = Release|Any CPU
		{B10EDB2C-57AE-4846-BDD2-A589E1E0797C}.Release|Any CPU.ActiveCfg = Release|Any CPU
		{B10EDB2C-57AE-4846-BDD2-A589E1E0797C}.Release|Any CPU.Build.0 = Release|Any CPU
		{B10EDB2C-57AE-4846-BDD2-A589E1E0797C}.Release|Mixed Platforms.ActiveCfg = Release|Any CPU
		{B10EDB2C-57AE-4846-BDD2-A589E1E0797C}.Release|Mixed Platforms.Build.0 = Release|Any CPU
		{B10EDB2C-57AE-4846-BDD2-A589E1E0797C}.Release|x86.ActiveCfg = Release|Any CPU
		{B10EDB2C-57AE-4846-BDD2-A589E1E0797C}.Release|x86.Build.0 = Release|Any CPU
		{48C76203-FBD8-4090-84D3-9F40C711C7B9}.Debug|Any CPU.ActiveCfg = Debug|Any CPU
		{48C76203-FBD8-4090-84D3-9F40C711C7B9}.Debug|Any CPU.Build.0 = Debug|Any CPU
		{48C76203-FBD8-4090-84D3-9F40C711C7B9}.Debug|Mixed Platforms.ActiveCfg = Debug|Any CPU
		{48C76203-FBD8-4090-84D3-9F40C711C7B9}.Debug|Mixed Platforms.Build.0 = Debug|Any CPU
		{48C76203-FBD8-4090-84D3-9F40C711C7B9}.Debug|x86.ActiveCfg = Debug|Any CPU
		{48C76203-FBD8-4090-84D3-9F40C711C7B9}.Debug|x86.Build.0 = Debug|Any CPU
		{48C76203-FBD8-4090-84D3-9F40C711C7B9}.Pre|Any CPU.ActiveCfg = Release|Any CPU
		{48C76203-FBD8-4090-84D3-9F40C711C7B9}.Pre|Any CPU.Build.0 = Release|Any CPU
		{48C76203-FBD8-4090-84D3-9F40C711C7B9}.Pre|Mixed Platforms.ActiveCfg = Release|Any CPU
		{48C76203-FBD8-4090-84D3-9F40C711C7B9}.Pre|Mixed Platforms.Build.0 = Release|Any CPU
		{48C76203-FBD8-4090-84D3-9F40C711C7B9}.Pre|x86.ActiveCfg = Release|Any CPU
		{48C76203-FBD8-4090-84D3-9F40C711C7B9}.Pre|x86.Build.0 = Release|Any CPU
		{48C76203-FBD8-4090-84D3-9F40C711C7B9}.Release|Any CPU.ActiveCfg = Release|Any CPU
		{48C76203-FBD8-4090-84D3-9F40C711C7B9}.Release|Any CPU.Build.0 = Release|Any CPU
		{48C76203-FBD8-4090-84D3-9F40C711C7B9}.Release|Mixed Platforms.ActiveCfg = Release|Any CPU
		{48C76203-FBD8-4090-84D3-9F40C711C7B9}.Release|Mixed Platforms.Build.0 = Release|Any CPU
		{48C76203-FBD8-4090-84D3-9F40C711C7B9}.Release|x86.ActiveCfg = Release|Any CPU
		{48C76203-FBD8-4090-84D3-9F40C711C7B9}.Release|x86.Build.0 = Release|Any CPU
		{25DEEE5B-C5ED-4EEF-B455-0F94CE20C4F7}.Debug|Any CPU.ActiveCfg = Debug|Any CPU
		{25DEEE5B-C5ED-4EEF-B455-0F94CE20C4F7}.Debug|Any CPU.Build.0 = Debug|Any CPU
		{25DEEE5B-C5ED-4EEF-B455-0F94CE20C4F7}.Debug|Mixed Platforms.ActiveCfg = Debug|Any CPU
		{25DEEE5B-C5ED-4EEF-B455-0F94CE20C4F7}.Debug|Mixed Platforms.Build.0 = Debug|Any CPU
		{25DEEE5B-C5ED-4EEF-B455-0F94CE20C4F7}.Debug|x86.ActiveCfg = Debug|Any CPU
		{25DEEE5B-C5ED-4EEF-B455-0F94CE20C4F7}.Debug|x86.Build.0 = Debug|Any CPU
		{25DEEE5B-C5ED-4EEF-B455-0F94CE20C4F7}.Pre|Any CPU.ActiveCfg = Release|Any CPU
		{25DEEE5B-C5ED-4EEF-B455-0F94CE20C4F7}.Pre|Any CPU.Build.0 = Release|Any CPU
		{25DEEE5B-C5ED-4EEF-B455-0F94CE20C4F7}.Pre|Mixed Platforms.ActiveCfg = Release|Any CPU
		{25DEEE5B-C5ED-4EEF-B455-0F94CE20C4F7}.Pre|Mixed Platforms.Build.0 = Release|Any CPU
		{25DEEE5B-C5ED-4EEF-B455-0F94CE20C4F7}.Pre|x86.ActiveCfg = Release|Any CPU
		{25DEEE5B-C5ED-4EEF-B455-0F94CE20C4F7}.Pre|x86.Build.0 = Release|Any CPU
		{25DEEE5B-C5ED-4EEF-B455-0F94CE20C4F7}.Release|Any CPU.ActiveCfg = Release|Any CPU
		{25DEEE5B-C5ED-4EEF-B455-0F94CE20C4F7}.Release|Any CPU.Build.0 = Release|Any CPU
		{25DEEE5B-C5ED-4EEF-B455-0F94CE20C4F7}.Release|Mixed Platforms.ActiveCfg = Release|Any CPU
		{25DEEE5B-C5ED-4EEF-B455-0F94CE20C4F7}.Release|Mixed Platforms.Build.0 = Release|Any CPU
		{25DEEE5B-C5ED-4EEF-B455-0F94CE20C4F7}.Release|x86.ActiveCfg = Release|Any CPU
		{25DEEE5B-C5ED-4EEF-B455-0F94CE20C4F7}.Release|x86.Build.0 = Release|Any CPU
		{9F1DAC9A-37CA-4725-A46D-5D377DD6F843}.Debug|Any CPU.ActiveCfg = Debug|Any CPU
		{9F1DAC9A-37CA-4725-A46D-5D377DD6F843}.Debug|Any CPU.Build.0 = Debug|Any CPU
		{9F1DAC9A-37CA-4725-A46D-5D377DD6F843}.Debug|Mixed Platforms.ActiveCfg = Debug|Any CPU
		{9F1DAC9A-37CA-4725-A46D-5D377DD6F843}.Debug|Mixed Platforms.Build.0 = Debug|Any CPU
		{9F1DAC9A-37CA-4725-A46D-5D377DD6F843}.Debug|x86.ActiveCfg = Debug|Any CPU
		{9F1DAC9A-37CA-4725-A46D-5D377DD6F843}.Debug|x86.Build.0 = Debug|Any CPU
		{9F1DAC9A-37CA-4725-A46D-5D377DD6F843}.Pre|Any CPU.ActiveCfg = Release|Any CPU
		{9F1DAC9A-37CA-4725-A46D-5D377DD6F843}.Pre|Any CPU.Build.0 = Release|Any CPU
		{9F1DAC9A-37CA-4725-A46D-5D377DD6F843}.Pre|Mixed Platforms.ActiveCfg = Release|Any CPU
		{9F1DAC9A-37CA-4725-A46D-5D377DD6F843}.Pre|Mixed Platforms.Build.0 = Release|Any CPU
		{9F1DAC9A-37CA-4725-A46D-5D377DD6F843}.Pre|x86.ActiveCfg = Release|Any CPU
		{9F1DAC9A-37CA-4725-A46D-5D377DD6F843}.Pre|x86.Build.0 = Release|Any CPU
		{9F1DAC9A-37CA-4725-A46D-5D377DD6F843}.Release|Any CPU.ActiveCfg = Release|Any CPU
		{9F1DAC9A-37CA-4725-A46D-5D377DD6F843}.Release|Any CPU.Build.0 = Release|Any CPU
		{9F1DAC9A-37CA-4725-A46D-5D377DD6F843}.Release|Mixed Platforms.ActiveCfg = Release|Any CPU
		{9F1DAC9A-37CA-4725-A46D-5D377DD6F843}.Release|Mixed Platforms.Build.0 = Release|Any CPU
		{9F1DAC9A-37CA-4725-A46D-5D377DD6F843}.Release|x86.ActiveCfg = Release|Any CPU
		{9F1DAC9A-37CA-4725-A46D-5D377DD6F843}.Release|x86.Build.0 = Release|Any CPU
		{24B9AAE2-7417-4318-B4A7-F5FA8A7E8C74}.Debug|Any CPU.ActiveCfg = Debug|Any CPU
		{24B9AAE2-7417-4318-B4A7-F5FA8A7E8C74}.Debug|Any CPU.Build.0 = Debug|Any CPU
		{24B9AAE2-7417-4318-B4A7-F5FA8A7E8C74}.Debug|Mixed Platforms.ActiveCfg = Debug|Any CPU
		{24B9AAE2-7417-4318-B4A7-F5FA8A7E8C74}.Debug|Mixed Platforms.Build.0 = Debug|Any CPU
		{24B9AAE2-7417-4318-B4A7-F5FA8A7E8C74}.Debug|x86.ActiveCfg = Debug|Any CPU
		{24B9AAE2-7417-4318-B4A7-F5FA8A7E8C74}.Debug|x86.Build.0 = Debug|Any CPU
		{24B9AAE2-7417-4318-B4A7-F5FA8A7E8C74}.Pre|Any CPU.ActiveCfg = Release|Any CPU
		{24B9AAE2-7417-4318-B4A7-F5FA8A7E8C74}.Pre|Any CPU.Build.0 = Release|Any CPU
		{24B9AAE2-7417-4318-B4A7-F5FA8A7E8C74}.Pre|Mixed Platforms.ActiveCfg = Release|Any CPU
		{24B9AAE2-7417-4318-B4A7-F5FA8A7E8C74}.Pre|Mixed Platforms.Build.0 = Release|Any CPU
		{24B9AAE2-7417-4318-B4A7-F5FA8A7E8C74}.Pre|x86.ActiveCfg = Release|Any CPU
		{24B9AAE2-7417-4318-B4A7-F5FA8A7E8C74}.Pre|x86.Build.0 = Release|Any CPU
		{24B9AAE2-7417-4318-B4A7-F5FA8A7E8C74}.Release|Any CPU.ActiveCfg = Release|Any CPU
		{24B9AAE2-7417-4318-B4A7-F5FA8A7E8C74}.Release|Any CPU.Build.0 = Release|Any CPU
		{24B9AAE2-7417-4318-B4A7-F5FA8A7E8C74}.Release|Mixed Platforms.ActiveCfg = Release|Any CPU
		{24B9AAE2-7417-4318-B4A7-F5FA8A7E8C74}.Release|Mixed Platforms.Build.0 = Release|Any CPU
		{24B9AAE2-7417-4318-B4A7-F5FA8A7E8C74}.Release|x86.ActiveCfg = Release|Any CPU
		{24B9AAE2-7417-4318-B4A7-F5FA8A7E8C74}.Release|x86.Build.0 = Release|Any CPU
		{D68C6ADC-C2F6-4F7F-B26A-002E0C65CF19}.Debug|Any CPU.ActiveCfg = Debug|Any CPU
		{D68C6ADC-C2F6-4F7F-B26A-002E0C65CF19}.Debug|Any CPU.Build.0 = Debug|Any CPU
		{D68C6ADC-C2F6-4F7F-B26A-002E0C65CF19}.Debug|Mixed Platforms.ActiveCfg = Debug|Any CPU
		{D68C6ADC-C2F6-4F7F-B26A-002E0C65CF19}.Debug|Mixed Platforms.Build.0 = Debug|Any CPU
		{D68C6ADC-C2F6-4F7F-B26A-002E0C65CF19}.Debug|x86.ActiveCfg = Debug|Any CPU
		{D68C6ADC-C2F6-4F7F-B26A-002E0C65CF19}.Debug|x86.Build.0 = Debug|Any CPU
		{D68C6ADC-C2F6-4F7F-B26A-002E0C65CF19}.Pre|Any CPU.ActiveCfg = Release|Any CPU
		{D68C6ADC-C2F6-4F7F-B26A-002E0C65CF19}.Pre|Any CPU.Build.0 = Release|Any CPU
		{D68C6ADC-C2F6-4F7F-B26A-002E0C65CF19}.Pre|Mixed Platforms.ActiveCfg = Release|Any CPU
		{D68C6ADC-C2F6-4F7F-B26A-002E0C65CF19}.Pre|Mixed Platforms.Build.0 = Release|Any CPU
		{D68C6ADC-C2F6-4F7F-B26A-002E0C65CF19}.Pre|x86.ActiveCfg = Release|Any CPU
		{D68C6ADC-C2F6-4F7F-B26A-002E0C65CF19}.Pre|x86.Build.0 = Release|Any CPU
		{D68C6ADC-C2F6-4F7F-B26A-002E0C65CF19}.Release|Any CPU.ActiveCfg = Release|Any CPU
		{D68C6ADC-C2F6-4F7F-B26A-002E0C65CF19}.Release|Any CPU.Build.0 = Release|Any CPU
		{D68C6ADC-C2F6-4F7F-B26A-002E0C65CF19}.Release|Mixed Platforms.ActiveCfg = Release|Any CPU
		{D68C6ADC-C2F6-4F7F-B26A-002E0C65CF19}.Release|Mixed Platforms.Build.0 = Release|Any CPU
		{D68C6ADC-C2F6-4F7F-B26A-002E0C65CF19}.Release|x86.ActiveCfg = Release|Any CPU
		{D68C6ADC-C2F6-4F7F-B26A-002E0C65CF19}.Release|x86.Build.0 = Release|Any CPU
		{9ACF682A-0F37-457D-AFD4-44CEF2C86F65}.Debug|Any CPU.ActiveCfg = Debug|Any CPU
		{9ACF682A-0F37-457D-AFD4-44CEF2C86F65}.Debug|Any CPU.Build.0 = Debug|Any CPU
		{9ACF682A-0F37-457D-AFD4-44CEF2C86F65}.Debug|Mixed Platforms.ActiveCfg = Debug|Any CPU
		{9ACF682A-0F37-457D-AFD4-44CEF2C86F65}.Debug|Mixed Platforms.Build.0 = Debug|Any CPU
		{9ACF682A-0F37-457D-AFD4-44CEF2C86F65}.Debug|x86.ActiveCfg = Debug|Any CPU
		{9ACF682A-0F37-457D-AFD4-44CEF2C86F65}.Debug|x86.Build.0 = Debug|Any CPU
		{9ACF682A-0F37-457D-AFD4-44CEF2C86F65}.Pre|Any CPU.ActiveCfg = Release|Any CPU
		{9ACF682A-0F37-457D-AFD4-44CEF2C86F65}.Pre|Any CPU.Build.0 = Release|Any CPU
		{9ACF682A-0F37-457D-AFD4-44CEF2C86F65}.Pre|Mixed Platforms.ActiveCfg = Release|Any CPU
		{9ACF682A-0F37-457D-AFD4-44CEF2C86F65}.Pre|Mixed Platforms.Build.0 = Release|Any CPU
		{9ACF682A-0F37-457D-AFD4-44CEF2C86F65}.Pre|x86.ActiveCfg = Release|Any CPU
		{9ACF682A-0F37-457D-AFD4-44CEF2C86F65}.Pre|x86.Build.0 = Release|Any CPU
		{9ACF682A-0F37-457D-AFD4-44CEF2C86F65}.Release|Any CPU.ActiveCfg = Release|Any CPU
		{9ACF682A-0F37-457D-AFD4-44CEF2C86F65}.Release|Any CPU.Build.0 = Release|Any CPU
		{9ACF682A-0F37-457D-AFD4-44CEF2C86F65}.Release|Mixed Platforms.ActiveCfg = Release|Any CPU
		{9ACF682A-0F37-457D-AFD4-44CEF2C86F65}.Release|Mixed Platforms.Build.0 = Release|Any CPU
		{9ACF682A-0F37-457D-AFD4-44CEF2C86F65}.Release|x86.ActiveCfg = Release|Any CPU
		{9ACF682A-0F37-457D-AFD4-44CEF2C86F65}.Release|x86.Build.0 = Release|Any CPU
	EndGlobalSection
	GlobalSection(SolutionProperties) = preSolution
		HideSolutionNode = FALSE
	EndGlobalSection
	GlobalSection(NestedProjects) = preSolution
		{8B442E2A-A04D-4F30-9DB9-BEEA855C8BAD} = {4A3572ED-6BC7-4283-BDB5-0CDFC8BA1DA2}
		{CC135585-A8F5-45EB-A180-8D510921542A} = {4A3572ED-6BC7-4283-BDB5-0CDFC8BA1DA2}
		{10F01D46-6598-48A1-9C3D-5DB36436B047} = {CC135585-A8F5-45EB-A180-8D510921542A}
		{75F1104B-6A07-4C65-B605-DA361E0409E1} = {580FE726-B445-4C10-B515-1E5895D245CE}
		{25EAD5F5-4710-4E1F-B9C4-31A78DCA445A} = {4A3572ED-6BC7-4283-BDB5-0CDFC8BA1DA2}
		{72883EE2-E1E2-4945-A093-20F23366CA2B} = {4A3572ED-6BC7-4283-BDB5-0CDFC8BA1DA2}
		{580FE726-B445-4C10-B515-1E5895D245CE} = {4A3572ED-6BC7-4283-BDB5-0CDFC8BA1DA2}
		{604EAF0F-A7A8-4108-92E7-A005A76F2D32} = {4A3572ED-6BC7-4283-BDB5-0CDFC8BA1DA2}
		{BF5456D4-B276-459B-98D4-853FCEF99ADE} = {25EAD5F5-4710-4E1F-B9C4-31A78DCA445A}
		{0FB2C801-BD90-400A-8D2B-817481985499} = {604EAF0F-A7A8-4108-92E7-A005A76F2D32}
		{C9564FD7-8C03-4EEE-9C0C-1D57CC059324} = {604EAF0F-A7A8-4108-92E7-A005A76F2D32}
		{35331B03-1EF9-488C-964C-42DE594C98F1} = {72883EE2-E1E2-4945-A093-20F23366CA2B}
		{B070D29E-7A42-497E-B448-A17C6573D65D} = {8B442E2A-A04D-4F30-9DB9-BEEA855C8BAD}
		{E5F79D13-0E92-4E5C-9251-6922741AFCAA} = {604EAF0F-A7A8-4108-92E7-A005A76F2D32}
		{03AB55C4-5F34-4DD3-86C9-24DCA4A4E6E3} = {53C6755D-B20E-4604-B425-543E48352DC6}
		{8C00A051-13CA-4702-B74C-FD672E843BDE} = {604EAF0F-A7A8-4108-92E7-A005A76F2D32}
		{7AB7BDAC-23C6-471B-97CE-93FAD74BA5DA} = {604EAF0F-A7A8-4108-92E7-A005A76F2D32}
		{013337DD-4F8A-40C5-81F9-1785A28F872E} = {604EAF0F-A7A8-4108-92E7-A005A76F2D32}
		{39085FDF-CA18-4461-93C6-1353EA3D2659} = {F364222D-0450-4A68-AF33-E8694B891A72}
		{8EDCC196-200A-4927-91AC-92FE54B65440} = {39085FDF-CA18-4461-93C6-1353EA3D2659}
		{6E3DC684-8C28-41C6-B471-498417EE0FFA} = {8EDCC196-200A-4927-91AC-92FE54B65440}
		{796F9291-10A0-4EC3-9E42-942F3F65A0DD} = {8EDCC196-200A-4927-91AC-92FE54B65440}
		{5A6EEF97-7FB6-4B36-A8B1-22683B856F41} = {39085FDF-CA18-4461-93C6-1353EA3D2659}
		{0EF0F63E-04E0-4616-B40D-B59AAA646F75} = {5A6EEF97-7FB6-4B36-A8B1-22683B856F41}
		{E14955B7-3011-4374-A083-72D1AE233FCC} = {5A6EEF97-7FB6-4B36-A8B1-22683B856F41}
		{FE7F7304-E0C6-4F10-A077-8828A1B96565} = {39085FDF-CA18-4461-93C6-1353EA3D2659}
		{B10EDB2C-57AE-4846-BDD2-A589E1E0797C} = {FE7F7304-E0C6-4F10-A077-8828A1B96565}
		{48C76203-FBD8-4090-84D3-9F40C711C7B9} = {FE7F7304-E0C6-4F10-A077-8828A1B96565}
		{EFC3CAB6-641D-4520-BDBA-3D21782832EC} = {39085FDF-CA18-4461-93C6-1353EA3D2659}
		{0CE24059-D91E-4479-9503-30EB2C958C95} = {39085FDF-CA18-4461-93C6-1353EA3D2659}
		{25DEEE5B-C5ED-4EEF-B455-0F94CE20C4F7} = {0CE24059-D91E-4479-9503-30EB2C958C95}
		{9F1DAC9A-37CA-4725-A46D-5D377DD6F843} = {0CE24059-D91E-4479-9503-30EB2C958C95}
		{24B9AAE2-7417-4318-B4A7-F5FA8A7E8C74} = {0CE24059-D91E-4479-9503-30EB2C958C95}
		{D68C6ADC-C2F6-4F7F-B26A-002E0C65CF19} = {0CE24059-D91E-4479-9503-30EB2C958C95}
		{8E13C768-0245-41EA-99C0-859BE5713CAD} = {EFC3CAB6-641D-4520-BDBA-3D21782832EC}
		{5B128869-9201-4F70-9B7F-8FC20DCC0D8A} = {8E13C768-0245-41EA-99C0-859BE5713CAD}
		{9ACF682A-0F37-457D-AFD4-44CEF2C86F65} = {FE7F7304-E0C6-4F10-A077-8828A1B96565}
	EndGlobalSection
	GlobalSection(ExtensibilityGlobals) = postSolution
		RESX_AutoCreateNewLanguageFiles = True
		RESX_ConfirmAddLanguageFile = True
	EndGlobalSection
	GlobalSection(TestCaseManagementSettings) = postSolution
		CategoryFile = Atento.vsmdi
	EndGlobalSection
EndGlobal
